
Microsoft Visual Studio Solution File, Format Version 12.00
# Visual Studio Version 17
VisualStudioVersion = 17.5.002.0
MinimumVisualStudioVersion = 10.0.40219.1
Project("{2150E333-8FDC-42A3-9474-1A3956D46DE8}") = "csharp-arrays_lists_dictionaries", "csharp-arrays_lists_dictionaries", "{709F0043-86F7-4B92-AF8F-3EF1776BBDE1}"
EndProject
Project("{9A19103F-16F7-4668-BE54-9A1E7A4F7556}") = "0-print_array", "csharp-arrays_lists_dictionaries\0-print_array\0-print_array.csproj", "{DEB43595-08AB-4EFE-AC1F-A2C87FDD9727}"
EndProject
Project("{9A19103F-16F7-4668-BE54-9A1E7A4F7556}") = "1-element_at", "csharp-arrays_lists_dictionaries\1-element_at\1-element_at.csproj", "{5A339679-8E83-433C-ABBD-99B48B987BFD}"
EndProject
Project("{9A19103F-16F7-4668-BE54-9A1E7A4F7556}") = "10-delete_key_value", "csharp-arrays_lists_dictionaries\10-delete_key_value\10-delete_key_value.csproj", "{F8EE9E21-C66D-4CC6-B1AD-F3AFC51750AB}"
EndProject
Project("{9A19103F-16F7-4668-BE54-9A1E7A4F7556}") = "11-multiply_by_2", "csharp-arrays_lists_dictionaries\11-multiply_by_2\11-multiply_by_2.csproj", "{BA0D7FF9-7028-4BBA-B33E-CFAD7C236A15}"
EndProject
Project("{9A19103F-16F7-4668-BE54-9A1E7A4F7556}") = "12-print_sorted_dictionary", "csharp-arrays_lists_dictionaries\12-print_sorted_dictionary\12-print_sorted_dictionary.csproj", "{08EB284E-BCCC-4752-A190-2AA048545BCB}"
EndProject
Project("{9A19103F-16F7-4668-BE54-9A1E7A4F7556}") = "13-best_score", "csharp-arrays_lists_dictionaries\13-best_score\13-best_score.csproj", "{C796479F-4763-46A1-B0F0-445B9BEB6944}"
EndProject
Project("{9A19103F-16F7-4668-BE54-9A1E7A4F7556}") = "14-rectangular_array", "csharp-arrays_lists_dictionaries\14-rectangular_array\14-rectangular_array.csproj", "{EEB07AA1-0F3D-44D2-9AB6-92550F38CCB0}"
EndProject
Project("{9A19103F-16F7-4668-BE54-9A1E7A4F7556}") = "15-square_matrix", "csharp-arrays_lists_dictionaries\15-square_matrix\15-square_matrix.csproj", "{21A4416B-8BCD-42F3-9A4A-10C0BDB1BCBE}"
EndProject
Project("{9A19103F-16F7-4668-BE54-9A1E7A4F7556}") = "2-replace_element", "csharp-arrays_lists_dictionaries\2-replace_element\2-replace_element.csproj", "{02095ACA-46B6-4324-AB35-24CFCB0F4ED8}"
EndProject
Project("{9A19103F-16F7-4668-BE54-9A1E7A4F7556}") = "3-print_array_reverse", "csharp-arrays_lists_dictionaries\3-print_array_reverse\3-print_array_reverse.csproj", "{B7400AAD-04D0-4D88-B97B-902A02C091DA}"
EndProject
Project("{9A19103F-16F7-4668-BE54-9A1E7A4F7556}") = "4-print_list", "csharp-arrays_lists_dictionaries\4-print_list\4-print_list.csproj", "{92A30982-8CA3-4990-A2AD-DD7703E06512}"
EndProject
Project("{9A19103F-16F7-4668-BE54-9A1E7A4F7556}") = "5-max_integer", "csharp-arrays_lists_dictionaries\5-max_integer\5-max_integer.csproj", "{118CE8B5-425F-4737-98C8-099B36BAB480}"
EndProject
Project("{9A19103F-16F7-4668-BE54-9A1E7A4F7556}") = "6-divisible_by_2", "csharp-arrays_lists_dictionaries\6-divisible_by_2\6-divisible_by_2.csproj", "{7B3B5045-120F-420B-9098-249998DE1C39}"
EndProject
Project("{9A19103F-16F7-4668-BE54-9A1E7A4F7556}") = "7-delete_at", "csharp-arrays_lists_dictionaries\7-delete_at\7-delete_at.csproj", "{BDC62659-343B-494B-8D96-0774CFE7E1DA}"
EndProject
Project("{9A19103F-16F7-4668-BE54-9A1E7A4F7556}") = "8-number_keys", "csharp-arrays_lists_dictionaries\8-number_keys\8-number_keys.csproj", "{3AB43063-9900-489A-88DF-CAA42D0B4569}"
EndProject
Project("{9A19103F-16F7-4668-BE54-9A1E7A4F7556}") = "9-add_key_value", "csharp-arrays_lists_dictionaries\9-add_key_value\9-add_key_value.csproj", "{9444AA3B-A17F-4EFE-8370-787B81CD9C32}"
EndProject
Project("{2150E333-8FDC-42A3-9474-1A3956D46DE8}") = "csharp-classes", "csharp-classes", "{48C8DB4B-CE9E-4687-B9D4-372FC0DA359D}"
EndProject
Project("{9A19103F-16F7-4668-BE54-9A1E7A4F7556}") = "0-enemy", "csharp-classes\0-enemy\0-enemy.csproj", "{16585350-45F9-4F0C-8E22-351831DAF162}"
EndProject
Project("{9A19103F-16F7-4668-BE54-9A1E7A4F7556}") = "1-enemy", "csharp-classes\1-enemy\1-enemy.csproj", "{021B5DE3-73B6-4CA4-955D-F28CA299AF30}"
EndProject
Project("{9A19103F-16F7-4668-BE54-9A1E7A4F7556}") = "2-enemy", "csharp-classes\2-enemy\2-enemy.csproj", "{BCEDA040-213D-4927-8646-4AA7863735A1}"
EndProject
Project("{9A19103F-16F7-4668-BE54-9A1E7A4F7556}") = "3-enemy", "csharp-classes\3-enemy\3-enemy.csproj", "{3E04EBC1-10AE-4C2E-9BBA-FF78B0B14D7F}"
EndProject
Project("{9A19103F-16F7-4668-BE54-9A1E7A4F7556}") = "4-enemy", "csharp-classes\4-enemy\4-enemy.csproj", "{70E1707F-D705-411B-BE5D-6D5FFD277AF5}"
EndProject
Project("{9A19103F-16F7-4668-BE54-9A1E7A4F7556}") = "5-enemy", "csharp-classes\5-enemy\5-enemy.csproj", "{B38FAD04-21CF-4FD6-BA6D-C8B99A310C7D}"
EndProject
Project("{2150E333-8FDC-42A3-9474-1A3956D46DE8}") = "csharp-exceptions", "csharp-exceptions", "{294A3D89-58B5-4F84-B413-782866D7F033}"
EndProject
Project("{9A19103F-16F7-4668-BE54-9A1E7A4F7556}") = "0-safe_list_print", "csharp-exceptions\0-safe_list_print\0-safe_list_print.csproj", "{FCDADE5A-F1D3-4D71-AEBA-23AF28AD836F}"
EndProject
Project("{9A19103F-16F7-4668-BE54-9A1E7A4F7556}") = "1-divide_print", "csharp-exceptions\1-divide_print\1-divide_print.csproj", "{FB529EBF-8387-41DB-B7EF-BB954ED2BD43}"
EndProject
Project("{9A19103F-16F7-4668-BE54-9A1E7A4F7556}") = "2-divide_lists", "csharp-exceptions\2-divide_lists\2-divide_lists.csproj", "{5AC365DE-72BC-40B9-97B7-BEA3E102D208}"
EndProject
Project("{9A19103F-16F7-4668-BE54-9A1E7A4F7556}") = "3-throw_exception", "csharp-exceptions\3-throw_exception\3-throw_exception.csproj", "{AC7A7067-05CB-4402-B2C7-7AE7AD296A8F}"
EndProject
Project("{9A19103F-16F7-4668-BE54-9A1E7A4F7556}") = "4-throw_exception_msg", "csharp-exceptions\4-throw_exception_msg\4-throw_exception_msg.csproj", "{47E52810-ED5A-4546-A3D4-B033061BE3BB}"
EndProject
Project("{2150E333-8FDC-42A3-9474-1A3956D46DE8}") = "csharp-hashset_stack_queue_linkedlist", "csharp-hashset_stack_queue_linkedlist", "{44A5FF7B-C413-466A-B768-62EFC2491F58}"
EndProject
Project("{9A19103F-16F7-4668-BE54-9A1E7A4F7556}") = "0-unique_add", "csharp-hashset_stack_queue_linkedlist\0-unique_add\0-unique_add.csproj", "{33F8B945-9D17-43DB-A5A7-23E854BE13F0}"
EndProject
Project("{9A19103F-16F7-4668-BE54-9A1E7A4F7556}") = "1-common_elements", "csharp-hashset_stack_queue_linkedlist\1-common_elements\1-common_elements.csproj", "{F1147576-C978-45AE-9671-358FA2B450C2}"
EndProject
Project("{9A19103F-16F7-4668-BE54-9A1E7A4F7556}") = "10-linkedlist_get_node", "csharp-hashset_stack_queue_linkedlist\10-linkedlist_get_node\10-linkedlist_get_node.csproj", "{5DF20D31-19AD-4EE5-9062-AC51C3C9F862}"
EndProject
Project("{9A19103F-16F7-4668-BE54-9A1E7A4F7556}") = "11-linkedlist_sum", "csharp-hashset_stack_queue_linkedlist\11-linkedlist_sum\11-linkedlist_sum.csproj", "{3A43D1BB-C740-4BD7-9E47-99A8B6393F45}"
EndProject
Project("{9A19103F-16F7-4668-BE54-9A1E7A4F7556}") = "12-linkedlist_insert", "csharp-hashset_stack_queue_linkedlist\12-linkedlist_insert\12-linkedlist_insert.csproj", "{20D83323-C741-46A1-9CC4-3B10FDF26CA6}"
EndProject
Project("{9A19103F-16F7-4668-BE54-9A1E7A4F7556}") = "13-linkedlist_delete", "csharp-hashset_stack_queue_linkedlist\13-linkedlist_delete\13-linkedlist_delete.csproj", "{C239100A-33D9-41D1-B024-1781CBCF2657}"
EndProject
Project("{9A19103F-16F7-4668-BE54-9A1E7A4F7556}") = "2-different_elements", "csharp-hashset_stack_queue_linkedlist\2-different_elements\2-different_elements.csproj", "{96783FF6-8319-476E-9C4D-79E63767CA19}"
EndProject
Project("{9A19103F-16F7-4668-BE54-9A1E7A4F7556}") = "3-stack_push_pop", "csharp-hashset_stack_queue_linkedlist\3-stack_push_pop\3-stack_push_pop.csproj", "{D52F2A06-B053-4DEC-ADB8-D226B4D24F33}"
EndProject
Project("{9A19103F-16F7-4668-BE54-9A1E7A4F7556}") = "4-queue_enqueue_dequeue", "csharp-hashset_stack_queue_linkedlist\4-queue_enqueue_dequeue\4-queue_enqueue_dequeue.csproj", "{9F277B33-0328-4A14-A405-6FA2A4F1B15B}"
EndProject
Project("{9A19103F-16F7-4668-BE54-9A1E7A4F7556}") = "5-print_linkedlist", "csharp-hashset_stack_queue_linkedlist\5-print_linkedlist\5-print_linkedlist.csproj", "{015B037D-CFC7-4AB5-B278-E0C515A6B1E5}"
EndProject
Project("{9A19103F-16F7-4668-BE54-9A1E7A4F7556}") = "6-linkedlist_length", "csharp-hashset_stack_queue_linkedlist\6-linkedlist_length\6-linkedlist_length.csproj", "{101DDBDC-1689-4436-A91B-60DD31901ED9}"
EndProject
Project("{9A19103F-16F7-4668-BE54-9A1E7A4F7556}") = "7-linkedlist_add", "csharp-hashset_stack_queue_linkedlist\7-linkedlist_add\7-linkedlist_add.csproj", "{05DD3084-6BB5-4007-AB24-9CBBE2B318B2}"
EndProject
Project("{9A19103F-16F7-4668-BE54-9A1E7A4F7556}") = "8-linkedlist_find", "csharp-hashset_stack_queue_linkedlist\8-linkedlist_find\8-linkedlist_find.csproj", "{207081BE-F064-4A5E-9396-3C1357CF13E1}"
EndProject
Project("{9A19103F-16F7-4668-BE54-9A1E7A4F7556}") = "9-linkedlist_pop", "csharp-hashset_stack_queue_linkedlist\9-linkedlist_pop\9-linkedlist_pop.csproj", "{E462A12A-C1DD-4437-A1BA-27F9F99225AB}"
EndProject
Project("{2150E333-8FDC-42A3-9474-1A3956D46DE8}") = "csharp-hello_world", "csharp-hello_world", "{B37459B2-DDC9-48B6-8EBF-2D0AB4D3D8ED}"
EndProject
Project("{9A19103F-16F7-4668-BE54-9A1E7A4F7556}") = "10-copy_cut_paste", "csharp-hello_world\10-copy_cut_paste\10-copy_cut_paste.csproj", "{649E1378-EC8C-431F-B3FD-467307CA148A}"
EndProject
Project("{9A19103F-16F7-4668-BE54-9A1E7A4F7556}") = "100-hello_error", "csharp-hello_world\100-hello_error\100-hello_error.csproj", "{6C9719F1-8929-4239-91CA-909D9A95DB3D}"
EndProject
Project("{9A19103F-16F7-4668-BE54-9A1E7A4F7556}") = "11-concat_edges", "csharp-hello_world\11-concat_edges\11-concat_edges.csproj", "{7D52DC76-B6EA-4583-9A82-02AFE3E7635D}"
EndProject
Project("{9A19103F-16F7-4668-BE54-9A1E7A4F7556}") = "3-writeline", "csharp-hello_world\3-writeline\3-writeline.csproj", "{D0ED0A72-B4DC-4885-8976-1467F62CDA4B}"
EndProject
Project("{9A19103F-16F7-4668-BE54-9A1E7A4F7556}") = "4-print_integer", "csharp-hello_world\4-print_integer\4-print_integer.csproj", "{6A6E2BD1-26F5-4CD2-8091-AAFFFF2FFAB1}"
EndProject
Project("{9A19103F-16F7-4668-BE54-9A1E7A4F7556}") = "5-print_float", "csharp-hello_world\5-print_float\5-print_float.csproj", "{B93D1427-4985-43E6-B573-D6BFD3C74220}"
EndProject
Project("{9A19103F-16F7-4668-BE54-9A1E7A4F7556}") = "6-print_string", "csharp-hello_world\6-print_string\6-print_string.csproj", "{22DDAAE2-B55D-4903-93D7-FEFF37584AD0}"
EndProject
Project("{9A19103F-16F7-4668-BE54-9A1E7A4F7556}") = "7-concat", "csharp-hello_world\7-concat\7-concat.csproj", "{0ECFFED8-EFD4-4F9C-A505-6204EE5A1711}"
EndProject
Project("{9A19103F-16F7-4668-BE54-9A1E7A4F7556}") = "8-print_variables", "csharp-hello_world\8-print_variables\8-print_variables.csproj", "{9D86D9EC-26D5-4256-89DF-E9F81BEACE02}"
EndProject
Project("{9A19103F-16F7-4668-BE54-9A1E7A4F7556}") = "9-print_specifiers", "csharp-hello_world\9-print_specifiers\9-print_specifiers.csproj", "{BB1A2F67-9EF4-4179-941E-0E1B31D55A23}"
EndProject
Project("{2150E333-8FDC-42A3-9474-1A3956D46DE8}") = "csharp-ifelse_loops_methods", "csharp-ifelse_loops_methods", "{925CAC49-72CB-4B4C-AD47-6A9215EAB1BE}"
EndProject
Project("{9A19103F-16F7-4668-BE54-9A1E7A4F7556}") = "0-positive_or_negative", "csharp-ifelse_loops_methods\0-positive_or_negative\0-positive_or_negative.csproj", "{25BBA155-73F6-4FAF-A1CA-D8F4C0639DCE}"
EndProject
Project("{9A19103F-16F7-4668-BE54-9A1E7A4F7556}") = "1-last_digit", "csharp-ifelse_loops_methods\1-last_digit\1-last_digit.csproj", "{8C7F9B82-3C38-4090-8E79-204916D88D79}"
EndProject
Project("{9A19103F-16F7-4668-BE54-9A1E7A4F7556}") = "10-print_line", "csharp-ifelse_loops_methods\10-print_line\10-print_line.csproj", "{623E8BAA-4815-4DC5-8532-CBC0C4615293}"
EndProject
Project("{9A19103F-16F7-4668-BE54-9A1E7A4F7556}") = "11-print_diagonal", "csharp-ifelse_loops_methods\11-print_diagonal\11-print_diagonal.csproj", "{6CE12FE8-2720-460A-969B-F9DA21E51665}"
EndProject
Project("{9A19103F-16F7-4668-BE54-9A1E7A4F7556}") = "12-fizzbuzz", "csharp-ifelse_loops_methods\12-fizzbuzz\12-fizzbuzz.csproj", "{CAE7EB91-8E08-487A-B588-0AE5F75CE05C}"
EndProject
Project("{9A19103F-16F7-4668-BE54-9A1E7A4F7556}") = "2-print_alphabet", "csharp-ifelse_loops_methods\2-print_alphabet\2-print_alphabet.csproj", "{3C04E386-F9C3-45AE-86BD-7464D3E93E53}"
EndProject
Project("{9A19103F-16F7-4668-BE54-9A1E7A4F7556}") = "3-print_alphabt", "csharp-ifelse_loops_methods\3-print_alphabt\3-print_alphabt.csproj", "{CF7CDE39-6972-46DA-8C10-ED9BD0A5C900}"
EndProject
Project("{9A19103F-16F7-4668-BE54-9A1E7A4F7556}") = "4-print_hexa", "csharp-ifelse_loops_methods\4-print_hexa\4-print_hexa.csproj", "{82E17A33-BCD8-43EF-AB45-5FC336E7876A}"
EndProject
Project("{9A19103F-16F7-4668-BE54-9A1E7A4F7556}") = "5-print_comb", "csharp-ifelse_loops_methods\5-print_comb\5-print_comb.csproj", "{5AC9F79F-590A-4E1B-B647-EC6136BABAB1}"
EndProject
Project("{9A19103F-16F7-4668-BE54-9A1E7A4F7556}") = "6-print_comb2", "csharp-ifelse_loops_methods\6-print_comb2\6-print_comb2.csproj", "{F9B77E4B-F718-4E42-894A-916A08C6CF51}"
EndProject
Project("{9A19103F-16F7-4668-BE54-9A1E7A4F7556}") = "7-islower", "csharp-ifelse_loops_methods\7-islower\7-islower.csproj", "{3C791D25-E740-467A-A920-4A2B5A5E3938}"
EndProject
Project("{9A19103F-16F7-4668-BE54-9A1E7A4F7556}") = "8-print_last_digit", "csharp-ifelse_loops_methods\8-print_last_digit\8-print_last_digit.csproj", "{9CC009BF-DE8D-437B-B382-6FAE051470CE}"
EndProject
Project("{9A19103F-16F7-4668-BE54-9A1E7A4F7556}") = "9-add", "csharp-ifelse_loops_methods\9-add\9-add.csproj", "{A20E7E19-CDEE-4EEB-97A3-958C0AD91091}"
EndProject
Project("{2150E333-8FDC-42A3-9474-1A3956D46DE8}") = "csharp-inheritance", "csharp-inheritance", "{415683B4-9AC5-4464-904E-A9D45A854691}"
EndProject
Project("{9A19103F-16F7-4668-BE54-9A1E7A4F7556}") = "0-is", "csharp-inheritance\0-is\0-is.csproj", "{9064FF0F-67C9-4D85-847F-A50989E170CC}"
EndProject
Project("{9A19103F-16F7-4668-BE54-9A1E7A4F7556}") = "1-instance", "csharp-inheritance\1-instance\1-instance.csproj", "{5D1F6671-4934-4E39-9F86-B84540303C78}"
EndProject
Project("{2150E333-8FDC-42A3-9474-1A3956D46DE8}") = "csharp-structs_enums", "csharp-structs_enums", "{DBDA7120-8F91-4D61-A465-409A26449CF7}"
EndProject
Project("{9A19103F-16F7-4668-BE54-9A1E7A4F7556}") = "0-dog", "csharp-structs_enums\0-dog\0-dog.csproj", "{9F40895F-B96B-4E79-9498-1AF79F9EDD91}"
EndProject
Project("{9A19103F-16F7-4668-BE54-9A1E7A4F7556}") = "1-dog", "csharp-structs_enums\1-dog\1-dog.csproj", "{C4EF2427-D71D-4BE9-B2B6-334CD2B0A797}"
EndProject
Project("{9A19103F-16F7-4668-BE54-9A1E7A4F7556}") = "2-dog", "csharp-structs_enums\2-dog\2-dog.csproj", "{B5CEE159-6A12-45A9-98D6-A2288677BF4C}"
EndProject
Project("{9A19103F-16F7-4668-BE54-9A1E7A4F7556}") = "3-dog", "csharp-structs_enums\3-dog\3-dog.csproj", "{553A8979-5868-4C2C-89BD-7C70E60DD131}"
EndProject
Project("{2150E333-8FDC-42A3-9474-1A3956D46DE8}") = "csharp-tdd", "csharp-tdd", "{19892CA4-F487-4E0D-B1E5-E329467F3491}"
EndProject
Project("{2150E333-8FDC-42A3-9474-1A3956D46DE8}") = "0-add", "0-add", "{295B4AAE-4368-44B1-8E64-8D5B5386B596}"
EndProject
Project("{9A19103F-16F7-4668-BE54-9A1E7A4F7556}") = "MyMath", "csharp-tdd\0-add\MyMath\MyMath.csproj", "{31ACF70C-F553-43AD-A245-7DC23797152D}"
EndProject
Project("{9A19103F-16F7-4668-BE54-9A1E7A4F7556}") = "MyMath.Tests", "csharp-tdd\0-add\MyMath.Tests\MyMath.Tests.csproj", "{DCCC78BD-77CF-4ACD-BD5D-E4887397F59E}"
EndProject
Project("{2150E333-8FDC-42A3-9474-1A3956D46DE8}") = "1-divide", "1-divide", "{478A8076-7F58-4175-9E8E-BC96DC3E6E44}"
EndProject
Project("{9A19103F-16F7-4668-BE54-9A1E7A4F7556}") = "MyMath", "csharp-tdd\1-divide\MyMath\MyMath.csproj", "{ADB0B509-0C62-49B3-BCDC-022C65F95CD6}"
EndProject
Project("{9A19103F-16F7-4668-BE54-9A1E7A4F7556}") = "MyMath.Tests", "csharp-tdd\1-divide\MyMath.Tests\MyMath.Tests.csproj", "{C83AC9BD-3224-4DBB-8FFF-FACD641907CD}"
EndProject
Project("{2150E333-8FDC-42A3-9474-1A3956D46DE8}") = "2-max_int", "2-max_int", "{FD294B69-8FF4-4E40-BDC2-D02E75440068}"
EndProject
Project("{9A19103F-16F7-4668-BE54-9A1E7A4F7556}") = "MyMath", "csharp-tdd\2-max_int\MyMath\MyMath.csproj", "{4A875244-6A42-4FA5-97AA-7702282BCE6E}"
EndProject
Project("{9A19103F-16F7-4668-BE54-9A1E7A4F7556}") = "MyMath.Tests", "csharp-tdd\2-max_int\MyMath.Tests\MyMath.Tests.csproj", "{CF75B23B-5140-4842-BBE5-91A03552CD39}"
EndProject
Project("{2150E333-8FDC-42A3-9474-1A3956D46DE8}") = "3-palindrome", "3-palindrome", "{6BA3D833-9F32-4691-A4BB-C151B94FB580}"
EndProject
Project("{9A19103F-16F7-4668-BE54-9A1E7A4F7556}") = "Text", "csharp-tdd\3-palindrome\Text\Text.csproj", "{F6A88DC0-D9DB-4341-84C9-5F66FC94CE9E}"
EndProject
Project("{9A19103F-16F7-4668-BE54-9A1E7A4F7556}") = "Text.Tests", "csharp-tdd\3-palindrome\Text.Tests\Text.Tests.csproj", "{9438FE05-ABC2-486B-AA29-CA66E346DBDF}"
EndProject
Project("{2150E333-8FDC-42A3-9474-1A3956D46DE8}") = "4-unique", "4-unique", "{04A7B98F-9230-4BC3-8ADC-25A6A6AA87AB}"
EndProject
Project("{9A19103F-16F7-4668-BE54-9A1E7A4F7556}") = "Text", "csharp-tdd\4-unique\Text\Text.csproj", "{3AF2B89C-A043-42B6-89C2-98F010096C27}"
EndProject
Project("{9A19103F-16F7-4668-BE54-9A1E7A4F7556}") = "Text.Tests", "csharp-tdd\4-unique\Text.Tests\Text.Tests.csproj", "{2EBD2AA0-2AE2-4EFB-8A91-E28F0D6DD542}"
EndProject
Project("{2150E333-8FDC-42A3-9474-1A3956D46DE8}") = "5-camelcase", "5-camelcase", "{F0D2F34A-B866-446D-AAA9-A24C7187A3C4}"
EndProject
Project("{9A19103F-16F7-4668-BE54-9A1E7A4F7556}") = "Text", "csharp-tdd\5-camelcase\Text\Text.csproj", "{B1869333-B5D1-45C4-B7DD-8F3FF4487AA9}"
EndProject
Project("{9A19103F-16F7-4668-BE54-9A1E7A4F7556}") = "Text.Tests", "csharp-tdd\5-camelcase\Text.Tests\Text.Tests.csproj", "{9AD5D1BA-DDF1-4992-B5D3-1B3561D78B5D}"
EndProject
Global
	GlobalSection(SolutionConfigurationPlatforms) = preSolution
		Debug|Any CPU = Debug|Any CPU
		Release|Any CPU = Release|Any CPU
	EndGlobalSection
	GlobalSection(ProjectConfigurationPlatforms) = postSolution
		{DEB43595-08AB-4EFE-AC1F-A2C87FDD9727}.Debug|Any CPU.ActiveCfg = Debug|Any CPU
		{DEB43595-08AB-4EFE-AC1F-A2C87FDD9727}.Debug|Any CPU.Build.0 = Debug|Any CPU
		{DEB43595-08AB-4EFE-AC1F-A2C87FDD9727}.Release|Any CPU.ActiveCfg = Release|Any CPU
		{DEB43595-08AB-4EFE-AC1F-A2C87FDD9727}.Release|Any CPU.Build.0 = Release|Any CPU
		{5A339679-8E83-433C-ABBD-99B48B987BFD}.Debug|Any CPU.ActiveCfg = Debug|Any CPU
		{5A339679-8E83-433C-ABBD-99B48B987BFD}.Debug|Any CPU.Build.0 = Debug|Any CPU
		{5A339679-8E83-433C-ABBD-99B48B987BFD}.Release|Any CPU.ActiveCfg = Release|Any CPU
		{5A339679-8E83-433C-ABBD-99B48B987BFD}.Release|Any CPU.Build.0 = Release|Any CPU
		{F8EE9E21-C66D-4CC6-B1AD-F3AFC51750AB}.Debug|Any CPU.ActiveCfg = Debug|Any CPU
		{F8EE9E21-C66D-4CC6-B1AD-F3AFC51750AB}.Debug|Any CPU.Build.0 = Debug|Any CPU
		{F8EE9E21-C66D-4CC6-B1AD-F3AFC51750AB}.Release|Any CPU.ActiveCfg = Release|Any CPU
		{F8EE9E21-C66D-4CC6-B1AD-F3AFC51750AB}.Release|Any CPU.Build.0 = Release|Any CPU
		{BA0D7FF9-7028-4BBA-B33E-CFAD7C236A15}.Debug|Any CPU.ActiveCfg = Debug|Any CPU
		{BA0D7FF9-7028-4BBA-B33E-CFAD7C236A15}.Debug|Any CPU.Build.0 = Debug|Any CPU
		{BA0D7FF9-7028-4BBA-B33E-CFAD7C236A15}.Release|Any CPU.ActiveCfg = Release|Any CPU
		{BA0D7FF9-7028-4BBA-B33E-CFAD7C236A15}.Release|Any CPU.Build.0 = Release|Any CPU
		{08EB284E-BCCC-4752-A190-2AA048545BCB}.Debug|Any CPU.ActiveCfg = Debug|Any CPU
		{08EB284E-BCCC-4752-A190-2AA048545BCB}.Debug|Any CPU.Build.0 = Debug|Any CPU
		{08EB284E-BCCC-4752-A190-2AA048545BCB}.Release|Any CPU.ActiveCfg = Release|Any CPU
		{08EB284E-BCCC-4752-A190-2AA048545BCB}.Release|Any CPU.Build.0 = Release|Any CPU
		{C796479F-4763-46A1-B0F0-445B9BEB6944}.Debug|Any CPU.ActiveCfg = Debug|Any CPU
		{C796479F-4763-46A1-B0F0-445B9BEB6944}.Debug|Any CPU.Build.0 = Debug|Any CPU
		{C796479F-4763-46A1-B0F0-445B9BEB6944}.Release|Any CPU.ActiveCfg = Release|Any CPU
		{C796479F-4763-46A1-B0F0-445B9BEB6944}.Release|Any CPU.Build.0 = Release|Any CPU
		{EEB07AA1-0F3D-44D2-9AB6-92550F38CCB0}.Debug|Any CPU.ActiveCfg = Debug|Any CPU
		{EEB07AA1-0F3D-44D2-9AB6-92550F38CCB0}.Debug|Any CPU.Build.0 = Debug|Any CPU
		{EEB07AA1-0F3D-44D2-9AB6-92550F38CCB0}.Release|Any CPU.ActiveCfg = Release|Any CPU
		{EEB07AA1-0F3D-44D2-9AB6-92550F38CCB0}.Release|Any CPU.Build.0 = Release|Any CPU
		{21A4416B-8BCD-42F3-9A4A-10C0BDB1BCBE}.Debug|Any CPU.ActiveCfg = Debug|Any CPU
		{21A4416B-8BCD-42F3-9A4A-10C0BDB1BCBE}.Debug|Any CPU.Build.0 = Debug|Any CPU
		{21A4416B-8BCD-42F3-9A4A-10C0BDB1BCBE}.Release|Any CPU.ActiveCfg = Release|Any CPU
		{21A4416B-8BCD-42F3-9A4A-10C0BDB1BCBE}.Release|Any CPU.Build.0 = Release|Any CPU
		{02095ACA-46B6-4324-AB35-24CFCB0F4ED8}.Debug|Any CPU.ActiveCfg = Debug|Any CPU
		{02095ACA-46B6-4324-AB35-24CFCB0F4ED8}.Debug|Any CPU.Build.0 = Debug|Any CPU
		{02095ACA-46B6-4324-AB35-24CFCB0F4ED8}.Release|Any CPU.ActiveCfg = Release|Any CPU
		{02095ACA-46B6-4324-AB35-24CFCB0F4ED8}.Release|Any CPU.Build.0 = Release|Any CPU
		{B7400AAD-04D0-4D88-B97B-902A02C091DA}.Debug|Any CPU.ActiveCfg = Debug|Any CPU
		{B7400AAD-04D0-4D88-B97B-902A02C091DA}.Debug|Any CPU.Build.0 = Debug|Any CPU
		{B7400AAD-04D0-4D88-B97B-902A02C091DA}.Release|Any CPU.ActiveCfg = Release|Any CPU
		{B7400AAD-04D0-4D88-B97B-902A02C091DA}.Release|Any CPU.Build.0 = Release|Any CPU
		{92A30982-8CA3-4990-A2AD-DD7703E06512}.Debug|Any CPU.ActiveCfg = Debug|Any CPU
		{92A30982-8CA3-4990-A2AD-DD7703E06512}.Debug|Any CPU.Build.0 = Debug|Any CPU
		{92A30982-8CA3-4990-A2AD-DD7703E06512}.Release|Any CPU.ActiveCfg = Release|Any CPU
		{92A30982-8CA3-4990-A2AD-DD7703E06512}.Release|Any CPU.Build.0 = Release|Any CPU
		{118CE8B5-425F-4737-98C8-099B36BAB480}.Debug|Any CPU.ActiveCfg = Debug|Any CPU
		{118CE8B5-425F-4737-98C8-099B36BAB480}.Debug|Any CPU.Build.0 = Debug|Any CPU
		{118CE8B5-425F-4737-98C8-099B36BAB480}.Release|Any CPU.ActiveCfg = Release|Any CPU
		{118CE8B5-425F-4737-98C8-099B36BAB480}.Release|Any CPU.Build.0 = Release|Any CPU
		{7B3B5045-120F-420B-9098-249998DE1C39}.Debug|Any CPU.ActiveCfg = Debug|Any CPU
		{7B3B5045-120F-420B-9098-249998DE1C39}.Debug|Any CPU.Build.0 = Debug|Any CPU
		{7B3B5045-120F-420B-9098-249998DE1C39}.Release|Any CPU.ActiveCfg = Release|Any CPU
		{7B3B5045-120F-420B-9098-249998DE1C39}.Release|Any CPU.Build.0 = Release|Any CPU
		{BDC62659-343B-494B-8D96-0774CFE7E1DA}.Debug|Any CPU.ActiveCfg = Debug|Any CPU
		{BDC62659-343B-494B-8D96-0774CFE7E1DA}.Debug|Any CPU.Build.0 = Debug|Any CPU
		{BDC62659-343B-494B-8D96-0774CFE7E1DA}.Release|Any CPU.ActiveCfg = Release|Any CPU
		{BDC62659-343B-494B-8D96-0774CFE7E1DA}.Release|Any CPU.Build.0 = Release|Any CPU
		{3AB43063-9900-489A-88DF-CAA42D0B4569}.Debug|Any CPU.ActiveCfg = Debug|Any CPU
		{3AB43063-9900-489A-88DF-CAA42D0B4569}.Debug|Any CPU.Build.0 = Debug|Any CPU
		{3AB43063-9900-489A-88DF-CAA42D0B4569}.Release|Any CPU.ActiveCfg = Release|Any CPU
		{3AB43063-9900-489A-88DF-CAA42D0B4569}.Release|Any CPU.Build.0 = Release|Any CPU
		{9444AA3B-A17F-4EFE-8370-787B81CD9C32}.Debug|Any CPU.ActiveCfg = Debug|Any CPU
		{9444AA3B-A17F-4EFE-8370-787B81CD9C32}.Debug|Any CPU.Build.0 = Debug|Any CPU
		{9444AA3B-A17F-4EFE-8370-787B81CD9C32}.Release|Any CPU.ActiveCfg = Release|Any CPU
		{9444AA3B-A17F-4EFE-8370-787B81CD9C32}.Release|Any CPU.Build.0 = Release|Any CPU
		{16585350-45F9-4F0C-8E22-351831DAF162}.Debug|Any CPU.ActiveCfg = Debug|Any CPU
		{16585350-45F9-4F0C-8E22-351831DAF162}.Debug|Any CPU.Build.0 = Debug|Any CPU
		{16585350-45F9-4F0C-8E22-351831DAF162}.Release|Any CPU.ActiveCfg = Release|Any CPU
		{16585350-45F9-4F0C-8E22-351831DAF162}.Release|Any CPU.Build.0 = Release|Any CPU
		{021B5DE3-73B6-4CA4-955D-F28CA299AF30}.Debug|Any CPU.ActiveCfg = Debug|Any CPU
		{021B5DE3-73B6-4CA4-955D-F28CA299AF30}.Debug|Any CPU.Build.0 = Debug|Any CPU
		{021B5DE3-73B6-4CA4-955D-F28CA299AF30}.Release|Any CPU.ActiveCfg = Release|Any CPU
		{021B5DE3-73B6-4CA4-955D-F28CA299AF30}.Release|Any CPU.Build.0 = Release|Any CPU
		{BCEDA040-213D-4927-8646-4AA7863735A1}.Debug|Any CPU.ActiveCfg = Debug|Any CPU
		{BCEDA040-213D-4927-8646-4AA7863735A1}.Debug|Any CPU.Build.0 = Debug|Any CPU
		{BCEDA040-213D-4927-8646-4AA7863735A1}.Release|Any CPU.ActiveCfg = Release|Any CPU
		{BCEDA040-213D-4927-8646-4AA7863735A1}.Release|Any CPU.Build.0 = Release|Any CPU
		{3E04EBC1-10AE-4C2E-9BBA-FF78B0B14D7F}.Debug|Any CPU.ActiveCfg = Debug|Any CPU
		{3E04EBC1-10AE-4C2E-9BBA-FF78B0B14D7F}.Debug|Any CPU.Build.0 = Debug|Any CPU
		{3E04EBC1-10AE-4C2E-9BBA-FF78B0B14D7F}.Release|Any CPU.ActiveCfg = Release|Any CPU
		{3E04EBC1-10AE-4C2E-9BBA-FF78B0B14D7F}.Release|Any CPU.Build.0 = Release|Any CPU
		{70E1707F-D705-411B-BE5D-6D5FFD277AF5}.Debug|Any CPU.ActiveCfg = Debug|Any CPU
		{70E1707F-D705-411B-BE5D-6D5FFD277AF5}.Debug|Any CPU.Build.0 = Debug|Any CPU
		{70E1707F-D705-411B-BE5D-6D5FFD277AF5}.Release|Any CPU.ActiveCfg = Release|Any CPU
		{70E1707F-D705-411B-BE5D-6D5FFD277AF5}.Release|Any CPU.Build.0 = Release|Any CPU
		{B38FAD04-21CF-4FD6-BA6D-C8B99A310C7D}.Debug|Any CPU.ActiveCfg = Debug|Any CPU
		{B38FAD04-21CF-4FD6-BA6D-C8B99A310C7D}.Debug|Any CPU.Build.0 = Debug|Any CPU
		{B38FAD04-21CF-4FD6-BA6D-C8B99A310C7D}.Release|Any CPU.ActiveCfg = Release|Any CPU
		{B38FAD04-21CF-4FD6-BA6D-C8B99A310C7D}.Release|Any CPU.Build.0 = Release|Any CPU
		{FCDADE5A-F1D3-4D71-AEBA-23AF28AD836F}.Debug|Any CPU.ActiveCfg = Debug|Any CPU
		{FCDADE5A-F1D3-4D71-AEBA-23AF28AD836F}.Debug|Any CPU.Build.0 = Debug|Any CPU
		{FCDADE5A-F1D3-4D71-AEBA-23AF28AD836F}.Release|Any CPU.ActiveCfg = Release|Any CPU
		{FCDADE5A-F1D3-4D71-AEBA-23AF28AD836F}.Release|Any CPU.Build.0 = Release|Any CPU
		{FB529EBF-8387-41DB-B7EF-BB954ED2BD43}.Debug|Any CPU.ActiveCfg = Debug|Any CPU
		{FB529EBF-8387-41DB-B7EF-BB954ED2BD43}.Debug|Any CPU.Build.0 = Debug|Any CPU
		{FB529EBF-8387-41DB-B7EF-BB954ED2BD43}.Release|Any CPU.ActiveCfg = Release|Any CPU
		{FB529EBF-8387-41DB-B7EF-BB954ED2BD43}.Release|Any CPU.Build.0 = Release|Any CPU
		{5AC365DE-72BC-40B9-97B7-BEA3E102D208}.Debug|Any CPU.ActiveCfg = Debug|Any CPU
		{5AC365DE-72BC-40B9-97B7-BEA3E102D208}.Debug|Any CPU.Build.0 = Debug|Any CPU
		{5AC365DE-72BC-40B9-97B7-BEA3E102D208}.Release|Any CPU.ActiveCfg = Release|Any CPU
		{5AC365DE-72BC-40B9-97B7-BEA3E102D208}.Release|Any CPU.Build.0 = Release|Any CPU
		{AC7A7067-05CB-4402-B2C7-7AE7AD296A8F}.Debug|Any CPU.ActiveCfg = Debug|Any CPU
		{AC7A7067-05CB-4402-B2C7-7AE7AD296A8F}.Debug|Any CPU.Build.0 = Debug|Any CPU
		{AC7A7067-05CB-4402-B2C7-7AE7AD296A8F}.Release|Any CPU.ActiveCfg = Release|Any CPU
		{AC7A7067-05CB-4402-B2C7-7AE7AD296A8F}.Release|Any CPU.Build.0 = Release|Any CPU
		{47E52810-ED5A-4546-A3D4-B033061BE3BB}.Debug|Any CPU.ActiveCfg = Debug|Any CPU
		{47E52810-ED5A-4546-A3D4-B033061BE3BB}.Debug|Any CPU.Build.0 = Debug|Any CPU
		{47E52810-ED5A-4546-A3D4-B033061BE3BB}.Release|Any CPU.ActiveCfg = Release|Any CPU
		{47E52810-ED5A-4546-A3D4-B033061BE3BB}.Release|Any CPU.Build.0 = Release|Any CPU
		{33F8B945-9D17-43DB-A5A7-23E854BE13F0}.Debug|Any CPU.ActiveCfg = Debug|Any CPU
		{33F8B945-9D17-43DB-A5A7-23E854BE13F0}.Debug|Any CPU.Build.0 = Debug|Any CPU
		{33F8B945-9D17-43DB-A5A7-23E854BE13F0}.Release|Any CPU.ActiveCfg = Release|Any CPU
		{33F8B945-9D17-43DB-A5A7-23E854BE13F0}.Release|Any CPU.Build.0 = Release|Any CPU
		{F1147576-C978-45AE-9671-358FA2B450C2}.Debug|Any CPU.ActiveCfg = Debug|Any CPU
		{F1147576-C978-45AE-9671-358FA2B450C2}.Debug|Any CPU.Build.0 = Debug|Any CPU
		{F1147576-C978-45AE-9671-358FA2B450C2}.Release|Any CPU.ActiveCfg = Release|Any CPU
		{F1147576-C978-45AE-9671-358FA2B450C2}.Release|Any CPU.Build.0 = Release|Any CPU
		{5DF20D31-19AD-4EE5-9062-AC51C3C9F862}.Debug|Any CPU.ActiveCfg = Debug|Any CPU
		{5DF20D31-19AD-4EE5-9062-AC51C3C9F862}.Debug|Any CPU.Build.0 = Debug|Any CPU
		{5DF20D31-19AD-4EE5-9062-AC51C3C9F862}.Release|Any CPU.ActiveCfg = Release|Any CPU
		{5DF20D31-19AD-4EE5-9062-AC51C3C9F862}.Release|Any CPU.Build.0 = Release|Any CPU
		{3A43D1BB-C740-4BD7-9E47-99A8B6393F45}.Debug|Any CPU.ActiveCfg = Debug|Any CPU
		{3A43D1BB-C740-4BD7-9E47-99A8B6393F45}.Debug|Any CPU.Build.0 = Debug|Any CPU
		{3A43D1BB-C740-4BD7-9E47-99A8B6393F45}.Release|Any CPU.ActiveCfg = Release|Any CPU
		{3A43D1BB-C740-4BD7-9E47-99A8B6393F45}.Release|Any CPU.Build.0 = Release|Any CPU
		{20D83323-C741-46A1-9CC4-3B10FDF26CA6}.Debug|Any CPU.ActiveCfg = Debug|Any CPU
		{20D83323-C741-46A1-9CC4-3B10FDF26CA6}.Debug|Any CPU.Build.0 = Debug|Any CPU
		{20D83323-C741-46A1-9CC4-3B10FDF26CA6}.Release|Any CPU.ActiveCfg = Release|Any CPU
		{20D83323-C741-46A1-9CC4-3B10FDF26CA6}.Release|Any CPU.Build.0 = Release|Any CPU
		{C239100A-33D9-41D1-B024-1781CBCF2657}.Debug|Any CPU.ActiveCfg = Debug|Any CPU
		{C239100A-33D9-41D1-B024-1781CBCF2657}.Debug|Any CPU.Build.0 = Debug|Any CPU
		{C239100A-33D9-41D1-B024-1781CBCF2657}.Release|Any CPU.ActiveCfg = Release|Any CPU
		{C239100A-33D9-41D1-B024-1781CBCF2657}.Release|Any CPU.Build.0 = Release|Any CPU
		{96783FF6-8319-476E-9C4D-79E63767CA19}.Debug|Any CPU.ActiveCfg = Debug|Any CPU
		{96783FF6-8319-476E-9C4D-79E63767CA19}.Debug|Any CPU.Build.0 = Debug|Any CPU
		{96783FF6-8319-476E-9C4D-79E63767CA19}.Release|Any CPU.ActiveCfg = Release|Any CPU
		{96783FF6-8319-476E-9C4D-79E63767CA19}.Release|Any CPU.Build.0 = Release|Any CPU
		{D52F2A06-B053-4DEC-ADB8-D226B4D24F33}.Debug|Any CPU.ActiveCfg = Debug|Any CPU
		{D52F2A06-B053-4DEC-ADB8-D226B4D24F33}.Debug|Any CPU.Build.0 = Debug|Any CPU
		{D52F2A06-B053-4DEC-ADB8-D226B4D24F33}.Release|Any CPU.ActiveCfg = Release|Any CPU
		{D52F2A06-B053-4DEC-ADB8-D226B4D24F33}.Release|Any CPU.Build.0 = Release|Any CPU
		{9F277B33-0328-4A14-A405-6FA2A4F1B15B}.Debug|Any CPU.ActiveCfg = Debug|Any CPU
		{9F277B33-0328-4A14-A405-6FA2A4F1B15B}.Debug|Any CPU.Build.0 = Debug|Any CPU
		{9F277B33-0328-4A14-A405-6FA2A4F1B15B}.Release|Any CPU.ActiveCfg = Release|Any CPU
		{9F277B33-0328-4A14-A405-6FA2A4F1B15B}.Release|Any CPU.Build.0 = Release|Any CPU
		{015B037D-CFC7-4AB5-B278-E0C515A6B1E5}.Debug|Any CPU.ActiveCfg = Debug|Any CPU
		{015B037D-CFC7-4AB5-B278-E0C515A6B1E5}.Debug|Any CPU.Build.0 = Debug|Any CPU
		{015B037D-CFC7-4AB5-B278-E0C515A6B1E5}.Release|Any CPU.ActiveCfg = Release|Any CPU
		{015B037D-CFC7-4AB5-B278-E0C515A6B1E5}.Release|Any CPU.Build.0 = Release|Any CPU
		{101DDBDC-1689-4436-A91B-60DD31901ED9}.Debug|Any CPU.ActiveCfg = Debug|Any CPU
		{101DDBDC-1689-4436-A91B-60DD31901ED9}.Debug|Any CPU.Build.0 = Debug|Any CPU
		{101DDBDC-1689-4436-A91B-60DD31901ED9}.Release|Any CPU.ActiveCfg = Release|Any CPU
		{101DDBDC-1689-4436-A91B-60DD31901ED9}.Release|Any CPU.Build.0 = Release|Any CPU
		{05DD3084-6BB5-4007-AB24-9CBBE2B318B2}.Debug|Any CPU.ActiveCfg = Debug|Any CPU
		{05DD3084-6BB5-4007-AB24-9CBBE2B318B2}.Debug|Any CPU.Build.0 = Debug|Any CPU
		{05DD3084-6BB5-4007-AB24-9CBBE2B318B2}.Release|Any CPU.ActiveCfg = Release|Any CPU
		{05DD3084-6BB5-4007-AB24-9CBBE2B318B2}.Release|Any CPU.Build.0 = Release|Any CPU
		{207081BE-F064-4A5E-9396-3C1357CF13E1}.Debug|Any CPU.ActiveCfg = Debug|Any CPU
		{207081BE-F064-4A5E-9396-3C1357CF13E1}.Debug|Any CPU.Build.0 = Debug|Any CPU
		{207081BE-F064-4A5E-9396-3C1357CF13E1}.Release|Any CPU.ActiveCfg = Release|Any CPU
		{207081BE-F064-4A5E-9396-3C1357CF13E1}.Release|Any CPU.Build.0 = Release|Any CPU
		{E462A12A-C1DD-4437-A1BA-27F9F99225AB}.Debug|Any CPU.ActiveCfg = Debug|Any CPU
		{E462A12A-C1DD-4437-A1BA-27F9F99225AB}.Debug|Any CPU.Build.0 = Debug|Any CPU
		{E462A12A-C1DD-4437-A1BA-27F9F99225AB}.Release|Any CPU.ActiveCfg = Release|Any CPU
		{E462A12A-C1DD-4437-A1BA-27F9F99225AB}.Release|Any CPU.Build.0 = Release|Any CPU
		{649E1378-EC8C-431F-B3FD-467307CA148A}.Debug|Any CPU.ActiveCfg = Debug|Any CPU
		{649E1378-EC8C-431F-B3FD-467307CA148A}.Debug|Any CPU.Build.0 = Debug|Any CPU
		{649E1378-EC8C-431F-B3FD-467307CA148A}.Release|Any CPU.ActiveCfg = Release|Any CPU
		{649E1378-EC8C-431F-B3FD-467307CA148A}.Release|Any CPU.Build.0 = Release|Any CPU
		{6C9719F1-8929-4239-91CA-909D9A95DB3D}.Debug|Any CPU.ActiveCfg = Debug|Any CPU
		{6C9719F1-8929-4239-91CA-909D9A95DB3D}.Debug|Any CPU.Build.0 = Debug|Any CPU
		{6C9719F1-8929-4239-91CA-909D9A95DB3D}.Release|Any CPU.ActiveCfg = Release|Any CPU
		{6C9719F1-8929-4239-91CA-909D9A95DB3D}.Release|Any CPU.Build.0 = Release|Any CPU
		{7D52DC76-B6EA-4583-9A82-02AFE3E7635D}.Debug|Any CPU.ActiveCfg = Debug|Any CPU
		{7D52DC76-B6EA-4583-9A82-02AFE3E7635D}.Debug|Any CPU.Build.0 = Debug|Any CPU
		{7D52DC76-B6EA-4583-9A82-02AFE3E7635D}.Release|Any CPU.ActiveCfg = Release|Any CPU
		{7D52DC76-B6EA-4583-9A82-02AFE3E7635D}.Release|Any CPU.Build.0 = Release|Any CPU
		{D0ED0A72-B4DC-4885-8976-1467F62CDA4B}.Debug|Any CPU.ActiveCfg = Debug|Any CPU
		{D0ED0A72-B4DC-4885-8976-1467F62CDA4B}.Debug|Any CPU.Build.0 = Debug|Any CPU
		{D0ED0A72-B4DC-4885-8976-1467F62CDA4B}.Release|Any CPU.ActiveCfg = Release|Any CPU
		{D0ED0A72-B4DC-4885-8976-1467F62CDA4B}.Release|Any CPU.Build.0 = Release|Any CPU
		{6A6E2BD1-26F5-4CD2-8091-AAFFFF2FFAB1}.Debug|Any CPU.ActiveCfg = Debug|Any CPU
		{6A6E2BD1-26F5-4CD2-8091-AAFFFF2FFAB1}.Debug|Any CPU.Build.0 = Debug|Any CPU
		{6A6E2BD1-26F5-4CD2-8091-AAFFFF2FFAB1}.Release|Any CPU.ActiveCfg = Release|Any CPU
		{6A6E2BD1-26F5-4CD2-8091-AAFFFF2FFAB1}.Release|Any CPU.Build.0 = Release|Any CPU
		{B93D1427-4985-43E6-B573-D6BFD3C74220}.Debug|Any CPU.ActiveCfg = Debug|Any CPU
		{B93D1427-4985-43E6-B573-D6BFD3C74220}.Debug|Any CPU.Build.0 = Debug|Any CPU
		{B93D1427-4985-43E6-B573-D6BFD3C74220}.Release|Any CPU.ActiveCfg = Release|Any CPU
		{B93D1427-4985-43E6-B573-D6BFD3C74220}.Release|Any CPU.Build.0 = Release|Any CPU
		{22DDAAE2-B55D-4903-93D7-FEFF37584AD0}.Debug|Any CPU.ActiveCfg = Debug|Any CPU
		{22DDAAE2-B55D-4903-93D7-FEFF37584AD0}.Debug|Any CPU.Build.0 = Debug|Any CPU
		{22DDAAE2-B55D-4903-93D7-FEFF37584AD0}.Release|Any CPU.ActiveCfg = Release|Any CPU
		{22DDAAE2-B55D-4903-93D7-FEFF37584AD0}.Release|Any CPU.Build.0 = Release|Any CPU
		{0ECFFED8-EFD4-4F9C-A505-6204EE5A1711}.Debug|Any CPU.ActiveCfg = Debug|Any CPU
		{0ECFFED8-EFD4-4F9C-A505-6204EE5A1711}.Debug|Any CPU.Build.0 = Debug|Any CPU
		{0ECFFED8-EFD4-4F9C-A505-6204EE5A1711}.Release|Any CPU.ActiveCfg = Release|Any CPU
		{0ECFFED8-EFD4-4F9C-A505-6204EE5A1711}.Release|Any CPU.Build.0 = Release|Any CPU
		{9D86D9EC-26D5-4256-89DF-E9F81BEACE02}.Debug|Any CPU.ActiveCfg = Debug|Any CPU
		{9D86D9EC-26D5-4256-89DF-E9F81BEACE02}.Debug|Any CPU.Build.0 = Debug|Any CPU
		{9D86D9EC-26D5-4256-89DF-E9F81BEACE02}.Release|Any CPU.ActiveCfg = Release|Any CPU
		{9D86D9EC-26D5-4256-89DF-E9F81BEACE02}.Release|Any CPU.Build.0 = Release|Any CPU
		{BB1A2F67-9EF4-4179-941E-0E1B31D55A23}.Debug|Any CPU.ActiveCfg = Debug|Any CPU
		{BB1A2F67-9EF4-4179-941E-0E1B31D55A23}.Debug|Any CPU.Build.0 = Debug|Any CPU
		{BB1A2F67-9EF4-4179-941E-0E1B31D55A23}.Release|Any CPU.ActiveCfg = Release|Any CPU
		{BB1A2F67-9EF4-4179-941E-0E1B31D55A23}.Release|Any CPU.Build.0 = Release|Any CPU
		{25BBA155-73F6-4FAF-A1CA-D8F4C0639DCE}.Debug|Any CPU.ActiveCfg = Debug|Any CPU
		{25BBA155-73F6-4FAF-A1CA-D8F4C0639DCE}.Debug|Any CPU.Build.0 = Debug|Any CPU
		{25BBA155-73F6-4FAF-A1CA-D8F4C0639DCE}.Release|Any CPU.ActiveCfg = Release|Any CPU
		{25BBA155-73F6-4FAF-A1CA-D8F4C0639DCE}.Release|Any CPU.Build.0 = Release|Any CPU
		{8C7F9B82-3C38-4090-8E79-204916D88D79}.Debug|Any CPU.ActiveCfg = Debug|Any CPU
		{8C7F9B82-3C38-4090-8E79-204916D88D79}.Debug|Any CPU.Build.0 = Debug|Any CPU
		{8C7F9B82-3C38-4090-8E79-204916D88D79}.Release|Any CPU.ActiveCfg = Release|Any CPU
		{8C7F9B82-3C38-4090-8E79-204916D88D79}.Release|Any CPU.Build.0 = Release|Any CPU
		{623E8BAA-4815-4DC5-8532-CBC0C4615293}.Debug|Any CPU.ActiveCfg = Debug|Any CPU
		{623E8BAA-4815-4DC5-8532-CBC0C4615293}.Debug|Any CPU.Build.0 = Debug|Any CPU
		{623E8BAA-4815-4DC5-8532-CBC0C4615293}.Release|Any CPU.ActiveCfg = Release|Any CPU
		{623E8BAA-4815-4DC5-8532-CBC0C4615293}.Release|Any CPU.Build.0 = Release|Any CPU
		{6CE12FE8-2720-460A-969B-F9DA21E51665}.Debug|Any CPU.ActiveCfg = Debug|Any CPU
		{6CE12FE8-2720-460A-969B-F9DA21E51665}.Debug|Any CPU.Build.0 = Debug|Any CPU
		{6CE12FE8-2720-460A-969B-F9DA21E51665}.Release|Any CPU.ActiveCfg = Release|Any CPU
		{6CE12FE8-2720-460A-969B-F9DA21E51665}.Release|Any CPU.Build.0 = Release|Any CPU
		{CAE7EB91-8E08-487A-B588-0AE5F75CE05C}.Debug|Any CPU.ActiveCfg = Debug|Any CPU
		{CAE7EB91-8E08-487A-B588-0AE5F75CE05C}.Debug|Any CPU.Build.0 = Debug|Any CPU
		{CAE7EB91-8E08-487A-B588-0AE5F75CE05C}.Release|Any CPU.ActiveCfg = Release|Any CPU
		{CAE7EB91-8E08-487A-B588-0AE5F75CE05C}.Release|Any CPU.Build.0 = Release|Any CPU
		{3C04E386-F9C3-45AE-86BD-7464D3E93E53}.Debug|Any CPU.ActiveCfg = Debug|Any CPU
		{3C04E386-F9C3-45AE-86BD-7464D3E93E53}.Debug|Any CPU.Build.0 = Debug|Any CPU
		{3C04E386-F9C3-45AE-86BD-7464D3E93E53}.Release|Any CPU.ActiveCfg = Release|Any CPU
		{3C04E386-F9C3-45AE-86BD-7464D3E93E53}.Release|Any CPU.Build.0 = Release|Any CPU
		{CF7CDE39-6972-46DA-8C10-ED9BD0A5C900}.Debug|Any CPU.ActiveCfg = Debug|Any CPU
		{CF7CDE39-6972-46DA-8C10-ED9BD0A5C900}.Debug|Any CPU.Build.0 = Debug|Any CPU
		{CF7CDE39-6972-46DA-8C10-ED9BD0A5C900}.Release|Any CPU.ActiveCfg = Release|Any CPU
		{CF7CDE39-6972-46DA-8C10-ED9BD0A5C900}.Release|Any CPU.Build.0 = Release|Any CPU
		{82E17A33-BCD8-43EF-AB45-5FC336E7876A}.Debug|Any CPU.ActiveCfg = Debug|Any CPU
		{82E17A33-BCD8-43EF-AB45-5FC336E7876A}.Debug|Any CPU.Build.0 = Debug|Any CPU
		{82E17A33-BCD8-43EF-AB45-5FC336E7876A}.Release|Any CPU.ActiveCfg = Release|Any CPU
		{82E17A33-BCD8-43EF-AB45-5FC336E7876A}.Release|Any CPU.Build.0 = Release|Any CPU
		{5AC9F79F-590A-4E1B-B647-EC6136BABAB1}.Debug|Any CPU.ActiveCfg = Debug|Any CPU
		{5AC9F79F-590A-4E1B-B647-EC6136BABAB1}.Debug|Any CPU.Build.0 = Debug|Any CPU
		{5AC9F79F-590A-4E1B-B647-EC6136BABAB1}.Release|Any CPU.ActiveCfg = Release|Any CPU
		{5AC9F79F-590A-4E1B-B647-EC6136BABAB1}.Release|Any CPU.Build.0 = Release|Any CPU
		{F9B77E4B-F718-4E42-894A-916A08C6CF51}.Debug|Any CPU.ActiveCfg = Debug|Any CPU
		{F9B77E4B-F718-4E42-894A-916A08C6CF51}.Debug|Any CPU.Build.0 = Debug|Any CPU
		{F9B77E4B-F718-4E42-894A-916A08C6CF51}.Release|Any CPU.ActiveCfg = Release|Any CPU
		{F9B77E4B-F718-4E42-894A-916A08C6CF51}.Release|Any CPU.Build.0 = Release|Any CPU
		{3C791D25-E740-467A-A920-4A2B5A5E3938}.Debug|Any CPU.ActiveCfg = Debug|Any CPU
		{3C791D25-E740-467A-A920-4A2B5A5E3938}.Debug|Any CPU.Build.0 = Debug|Any CPU
		{3C791D25-E740-467A-A920-4A2B5A5E3938}.Release|Any CPU.ActiveCfg = Release|Any CPU
		{3C791D25-E740-467A-A920-4A2B5A5E3938}.Release|Any CPU.Build.0 = Release|Any CPU
		{9CC009BF-DE8D-437B-B382-6FAE051470CE}.Debug|Any CPU.ActiveCfg = Debug|Any CPU
		{9CC009BF-DE8D-437B-B382-6FAE051470CE}.Debug|Any CPU.Build.0 = Debug|Any CPU
		{9CC009BF-DE8D-437B-B382-6FAE051470CE}.Release|Any CPU.ActiveCfg = Release|Any CPU
		{9CC009BF-DE8D-437B-B382-6FAE051470CE}.Release|Any CPU.Build.0 = Release|Any CPU
		{A20E7E19-CDEE-4EEB-97A3-958C0AD91091}.Debug|Any CPU.ActiveCfg = Debug|Any CPU
		{A20E7E19-CDEE-4EEB-97A3-958C0AD91091}.Debug|Any CPU.Build.0 = Debug|Any CPU
		{A20E7E19-CDEE-4EEB-97A3-958C0AD91091}.Release|Any CPU.ActiveCfg = Release|Any CPU
		{A20E7E19-CDEE-4EEB-97A3-958C0AD91091}.Release|Any CPU.Build.0 = Release|Any CPU
		{9064FF0F-67C9-4D85-847F-A50989E170CC}.Debug|Any CPU.ActiveCfg = Debug|Any CPU
		{9064FF0F-67C9-4D85-847F-A50989E170CC}.Debug|Any CPU.Build.0 = Debug|Any CPU
		{9064FF0F-67C9-4D85-847F-A50989E170CC}.Release|Any CPU.ActiveCfg = Release|Any CPU
		{9064FF0F-67C9-4D85-847F-A50989E170CC}.Release|Any CPU.Build.0 = Release|Any CPU
		{5D1F6671-4934-4E39-9F86-B84540303C78}.Debug|Any CPU.ActiveCfg = Debug|Any CPU
		{5D1F6671-4934-4E39-9F86-B84540303C78}.Debug|Any CPU.Build.0 = Debug|Any CPU
		{5D1F6671-4934-4E39-9F86-B84540303C78}.Release|Any CPU.ActiveCfg = Release|Any CPU
		{5D1F6671-4934-4E39-9F86-B84540303C78}.Release|Any CPU.Build.0 = Release|Any CPU
		{9F40895F-B96B-4E79-9498-1AF79F9EDD91}.Debug|Any CPU.ActiveCfg = Debug|Any CPU
		{9F40895F-B96B-4E79-9498-1AF79F9EDD91}.Debug|Any CPU.Build.0 = Debug|Any CPU
		{9F40895F-B96B-4E79-9498-1AF79F9EDD91}.Release|Any CPU.ActiveCfg = Release|Any CPU
		{9F40895F-B96B-4E79-9498-1AF79F9EDD91}.Release|Any CPU.Build.0 = Release|Any CPU
		{C4EF2427-D71D-4BE9-B2B6-334CD2B0A797}.Debug|Any CPU.ActiveCfg = Debug|Any CPU
		{C4EF2427-D71D-4BE9-B2B6-334CD2B0A797}.Debug|Any CPU.Build.0 = Debug|Any CPU
		{C4EF2427-D71D-4BE9-B2B6-334CD2B0A797}.Release|Any CPU.ActiveCfg = Release|Any CPU
		{C4EF2427-D71D-4BE9-B2B6-334CD2B0A797}.Release|Any CPU.Build.0 = Release|Any CPU
		{B5CEE159-6A12-45A9-98D6-A2288677BF4C}.Debug|Any CPU.ActiveCfg = Debug|Any CPU
		{B5CEE159-6A12-45A9-98D6-A2288677BF4C}.Debug|Any CPU.Build.0 = Debug|Any CPU
		{B5CEE159-6A12-45A9-98D6-A2288677BF4C}.Release|Any CPU.ActiveCfg = Release|Any CPU
		{B5CEE159-6A12-45A9-98D6-A2288677BF4C}.Release|Any CPU.Build.0 = Release|Any CPU
		{553A8979-5868-4C2C-89BD-7C70E60DD131}.Debug|Any CPU.ActiveCfg = Debug|Any CPU
		{553A8979-5868-4C2C-89BD-7C70E60DD131}.Debug|Any CPU.Build.0 = Debug|Any CPU
		{553A8979-5868-4C2C-89BD-7C70E60DD131}.Release|Any CPU.ActiveCfg = Release|Any CPU
		{553A8979-5868-4C2C-89BD-7C70E60DD131}.Release|Any CPU.Build.0 = Release|Any CPU
		{31ACF70C-F553-43AD-A245-7DC23797152D}.Debug|Any CPU.ActiveCfg = Debug|Any CPU
		{31ACF70C-F553-43AD-A245-7DC23797152D}.Debug|Any CPU.Build.0 = Debug|Any CPU
		{31ACF70C-F553-43AD-A245-7DC23797152D}.Release|Any CPU.ActiveCfg = Release|Any CPU
		{31ACF70C-F553-43AD-A245-7DC23797152D}.Release|Any CPU.Build.0 = Release|Any CPU
		{DCCC78BD-77CF-4ACD-BD5D-E4887397F59E}.Debug|Any CPU.ActiveCfg = Debug|Any CPU
		{DCCC78BD-77CF-4ACD-BD5D-E4887397F59E}.Debug|Any CPU.Build.0 = Debug|Any CPU
		{DCCC78BD-77CF-4ACD-BD5D-E4887397F59E}.Release|Any CPU.ActiveCfg = Release|Any CPU
		{DCCC78BD-77CF-4ACD-BD5D-E4887397F59E}.Release|Any CPU.Build.0 = Release|Any CPU
		{ADB0B509-0C62-49B3-BCDC-022C65F95CD6}.Debug|Any CPU.ActiveCfg = Debug|Any CPU
		{ADB0B509-0C62-49B3-BCDC-022C65F95CD6}.Debug|Any CPU.Build.0 = Debug|Any CPU
		{ADB0B509-0C62-49B3-BCDC-022C65F95CD6}.Release|Any CPU.ActiveCfg = Release|Any CPU
		{ADB0B509-0C62-49B3-BCDC-022C65F95CD6}.Release|Any CPU.Build.0 = Release|Any CPU
		{C83AC9BD-3224-4DBB-8FFF-FACD641907CD}.Debug|Any CPU.ActiveCfg = Debug|Any CPU
		{C83AC9BD-3224-4DBB-8FFF-FACD641907CD}.Debug|Any CPU.Build.0 = Debug|Any CPU
		{C83AC9BD-3224-4DBB-8FFF-FACD641907CD}.Release|Any CPU.ActiveCfg = Release|Any CPU
		{C83AC9BD-3224-4DBB-8FFF-FACD641907CD}.Release|Any CPU.Build.0 = Release|Any CPU
		{4A875244-6A42-4FA5-97AA-7702282BCE6E}.Debug|Any CPU.ActiveCfg = Debug|Any CPU
		{4A875244-6A42-4FA5-97AA-7702282BCE6E}.Debug|Any CPU.Build.0 = Debug|Any CPU
		{4A875244-6A42-4FA5-97AA-7702282BCE6E}.Release|Any CPU.ActiveCfg = Release|Any CPU
		{4A875244-6A42-4FA5-97AA-7702282BCE6E}.Release|Any CPU.Build.0 = Release|Any CPU
		{CF75B23B-5140-4842-BBE5-91A03552CD39}.Debug|Any CPU.ActiveCfg = Debug|Any CPU
		{CF75B23B-5140-4842-BBE5-91A03552CD39}.Debug|Any CPU.Build.0 = Debug|Any CPU
		{CF75B23B-5140-4842-BBE5-91A03552CD39}.Release|Any CPU.ActiveCfg = Release|Any CPU
		{CF75B23B-5140-4842-BBE5-91A03552CD39}.Release|Any CPU.Build.0 = Release|Any CPU
		{F6A88DC0-D9DB-4341-84C9-5F66FC94CE9E}.Debug|Any CPU.ActiveCfg = Debug|Any CPU
		{F6A88DC0-D9DB-4341-84C9-5F66FC94CE9E}.Debug|Any CPU.Build.0 = Debug|Any CPU
		{F6A88DC0-D9DB-4341-84C9-5F66FC94CE9E}.Release|Any CPU.ActiveCfg = Release|Any CPU
		{F6A88DC0-D9DB-4341-84C9-5F66FC94CE9E}.Release|Any CPU.Build.0 = Release|Any CPU
		{9438FE05-ABC2-486B-AA29-CA66E346DBDF}.Debug|Any CPU.ActiveCfg = Debug|Any CPU
		{9438FE05-ABC2-486B-AA29-CA66E346DBDF}.Debug|Any CPU.Build.0 = Debug|Any CPU
		{9438FE05-ABC2-486B-AA29-CA66E346DBDF}.Release|Any CPU.ActiveCfg = Release|Any CPU
		{9438FE05-ABC2-486B-AA29-CA66E346DBDF}.Release|Any CPU.Build.0 = Release|Any CPU
		{3AF2B89C-A043-42B6-89C2-98F010096C27}.Debug|Any CPU.ActiveCfg = Debug|Any CPU
		{3AF2B89C-A043-42B6-89C2-98F010096C27}.Debug|Any CPU.Build.0 = Debug|Any CPU
		{3AF2B89C-A043-42B6-89C2-98F010096C27}.Release|Any CPU.ActiveCfg = Release|Any CPU
		{3AF2B89C-A043-42B6-89C2-98F010096C27}.Release|Any CPU.Build.0 = Release|Any CPU
		{2EBD2AA0-2AE2-4EFB-8A91-E28F0D6DD542}.Debug|Any CPU.ActiveCfg = Debug|Any CPU
		{2EBD2AA0-2AE2-4EFB-8A91-E28F0D6DD542}.Debug|Any CPU.Build.0 = Debug|Any CPU
		{2EBD2AA0-2AE2-4EFB-8A91-E28F0D6DD542}.Release|Any CPU.ActiveCfg = Release|Any CPU
		{2EBD2AA0-2AE2-4EFB-8A91-E28F0D6DD542}.Release|Any CPU.Build.0 = Release|Any CPU
		{B1869333-B5D1-45C4-B7DD-8F3FF4487AA9}.Debug|Any CPU.ActiveCfg = Debug|Any CPU
		{B1869333-B5D1-45C4-B7DD-8F3FF4487AA9}.Debug|Any CPU.Build.0 = Debug|Any CPU
		{B1869333-B5D1-45C4-B7DD-8F3FF4487AA9}.Release|Any CPU.ActiveCfg = Release|Any CPU
		{B1869333-B5D1-45C4-B7DD-8F3FF4487AA9}.Release|Any CPU.Build.0 = Release|Any CPU
		{9AD5D1BA-DDF1-4992-B5D3-1B3561D78B5D}.Debug|Any CPU.ActiveCfg = Debug|Any CPU
		{9AD5D1BA-DDF1-4992-B5D3-1B3561D78B5D}.Debug|Any CPU.Build.0 = Debug|Any CPU
		{9AD5D1BA-DDF1-4992-B5D3-1B3561D78B5D}.Release|Any CPU.ActiveCfg = Release|Any CPU
		{9AD5D1BA-DDF1-4992-B5D3-1B3561D78B5D}.Release|Any CPU.Build.0 = Release|Any CPU
	EndGlobalSection
	GlobalSection(SolutionProperties) = preSolution
		HideSolutionNode = FALSE
	EndGlobalSection
	GlobalSection(NestedProjects) = preSolution
		{DEB43595-08AB-4EFE-AC1F-A2C87FDD9727} = {709F0043-86F7-4B92-AF8F-3EF1776BBDE1}
		{5A339679-8E83-433C-ABBD-99B48B987BFD} = {709F0043-86F7-4B92-AF8F-3EF1776BBDE1}
		{F8EE9E21-C66D-4CC6-B1AD-F3AFC51750AB} = {709F0043-86F7-4B92-AF8F-3EF1776BBDE1}
		{BA0D7FF9-7028-4BBA-B33E-CFAD7C236A15} = {709F0043-86F7-4B92-AF8F-3EF1776BBDE1}
		{08EB284E-BCCC-4752-A190-2AA048545BCB} = {709F0043-86F7-4B92-AF8F-3EF1776BBDE1}
		{C796479F-4763-46A1-B0F0-445B9BEB6944} = {709F0043-86F7-4B92-AF8F-3EF1776BBDE1}
		{EEB07AA1-0F3D-44D2-9AB6-92550F38CCB0} = {709F0043-86F7-4B92-AF8F-3EF1776BBDE1}
		{21A4416B-8BCD-42F3-9A4A-10C0BDB1BCBE} = {709F0043-86F7-4B92-AF8F-3EF1776BBDE1}
		{02095ACA-46B6-4324-AB35-24CFCB0F4ED8} = {709F0043-86F7-4B92-AF8F-3EF1776BBDE1}
		{B7400AAD-04D0-4D88-B97B-902A02C091DA} = {709F0043-86F7-4B92-AF8F-3EF1776BBDE1}
		{92A30982-8CA3-4990-A2AD-DD7703E06512} = {709F0043-86F7-4B92-AF8F-3EF1776BBDE1}
		{118CE8B5-425F-4737-98C8-099B36BAB480} = {709F0043-86F7-4B92-AF8F-3EF1776BBDE1}
		{7B3B5045-120F-420B-9098-249998DE1C39} = {709F0043-86F7-4B92-AF8F-3EF1776BBDE1}
		{BDC62659-343B-494B-8D96-0774CFE7E1DA} = {709F0043-86F7-4B92-AF8F-3EF1776BBDE1}
		{3AB43063-9900-489A-88DF-CAA42D0B4569} = {709F0043-86F7-4B92-AF8F-3EF1776BBDE1}
		{9444AA3B-A17F-4EFE-8370-787B81CD9C32} = {709F0043-86F7-4B92-AF8F-3EF1776BBDE1}
		{16585350-45F9-4F0C-8E22-351831DAF162} = {48C8DB4B-CE9E-4687-B9D4-372FC0DA359D}
		{021B5DE3-73B6-4CA4-955D-F28CA299AF30} = {48C8DB4B-CE9E-4687-B9D4-372FC0DA359D}
		{BCEDA040-213D-4927-8646-4AA7863735A1} = {48C8DB4B-CE9E-4687-B9D4-372FC0DA359D}
		{3E04EBC1-10AE-4C2E-9BBA-FF78B0B14D7F} = {48C8DB4B-CE9E-4687-B9D4-372FC0DA359D}
		{70E1707F-D705-411B-BE5D-6D5FFD277AF5} = {48C8DB4B-CE9E-4687-B9D4-372FC0DA359D}
		{B38FAD04-21CF-4FD6-BA6D-C8B99A310C7D} = {48C8DB4B-CE9E-4687-B9D4-372FC0DA359D}
		{FCDADE5A-F1D3-4D71-AEBA-23AF28AD836F} = {294A3D89-58B5-4F84-B413-782866D7F033}
		{FB529EBF-8387-41DB-B7EF-BB954ED2BD43} = {294A3D89-58B5-4F84-B413-782866D7F033}
		{5AC365DE-72BC-40B9-97B7-BEA3E102D208} = {294A3D89-58B5-4F84-B413-782866D7F033}
		{AC7A7067-05CB-4402-B2C7-7AE7AD296A8F} = {294A3D89-58B5-4F84-B413-782866D7F033}
		{47E52810-ED5A-4546-A3D4-B033061BE3BB} = {294A3D89-58B5-4F84-B413-782866D7F033}
		{33F8B945-9D17-43DB-A5A7-23E854BE13F0} = {44A5FF7B-C413-466A-B768-62EFC2491F58}
		{F1147576-C978-45AE-9671-358FA2B450C2} = {44A5FF7B-C413-466A-B768-62EFC2491F58}
		{5DF20D31-19AD-4EE5-9062-AC51C3C9F862} = {44A5FF7B-C413-466A-B768-62EFC2491F58}
		{3A43D1BB-C740-4BD7-9E47-99A8B6393F45} = {44A5FF7B-C413-466A-B768-62EFC2491F58}
		{20D83323-C741-46A1-9CC4-3B10FDF26CA6} = {44A5FF7B-C413-466A-B768-62EFC2491F58}
		{C239100A-33D9-41D1-B024-1781CBCF2657} = {44A5FF7B-C413-466A-B768-62EFC2491F58}
		{96783FF6-8319-476E-9C4D-79E63767CA19} = {44A5FF7B-C413-466A-B768-62EFC2491F58}
		{D52F2A06-B053-4DEC-ADB8-D226B4D24F33} = {44A5FF7B-C413-466A-B768-62EFC2491F58}
		{9F277B33-0328-4A14-A405-6FA2A4F1B15B} = {44A5FF7B-C413-466A-B768-62EFC2491F58}
		{015B037D-CFC7-4AB5-B278-E0C515A6B1E5} = {44A5FF7B-C413-466A-B768-62EFC2491F58}
		{101DDBDC-1689-4436-A91B-60DD31901ED9} = {44A5FF7B-C413-466A-B768-62EFC2491F58}
		{05DD3084-6BB5-4007-AB24-9CBBE2B318B2} = {44A5FF7B-C413-466A-B768-62EFC2491F58}
		{207081BE-F064-4A5E-9396-3C1357CF13E1} = {44A5FF7B-C413-466A-B768-62EFC2491F58}
		{E462A12A-C1DD-4437-A1BA-27F9F99225AB} = {44A5FF7B-C413-466A-B768-62EFC2491F58}
		{649E1378-EC8C-431F-B3FD-467307CA148A} = {B37459B2-DDC9-48B6-8EBF-2D0AB4D3D8ED}
		{6C9719F1-8929-4239-91CA-909D9A95DB3D} = {B37459B2-DDC9-48B6-8EBF-2D0AB4D3D8ED}
		{7D52DC76-B6EA-4583-9A82-02AFE3E7635D} = {B37459B2-DDC9-48B6-8EBF-2D0AB4D3D8ED}
		{D0ED0A72-B4DC-4885-8976-1467F62CDA4B} = {B37459B2-DDC9-48B6-8EBF-2D0AB4D3D8ED}
		{6A6E2BD1-26F5-4CD2-8091-AAFFFF2FFAB1} = {B37459B2-DDC9-48B6-8EBF-2D0AB4D3D8ED}
		{B93D1427-4985-43E6-B573-D6BFD3C74220} = {B37459B2-DDC9-48B6-8EBF-2D0AB4D3D8ED}
		{22DDAAE2-B55D-4903-93D7-FEFF37584AD0} = {B37459B2-DDC9-48B6-8EBF-2D0AB4D3D8ED}
		{0ECFFED8-EFD4-4F9C-A505-6204EE5A1711} = {B37459B2-DDC9-48B6-8EBF-2D0AB4D3D8ED}
		{9D86D9EC-26D5-4256-89DF-E9F81BEACE02} = {B37459B2-DDC9-48B6-8EBF-2D0AB4D3D8ED}
		{BB1A2F67-9EF4-4179-941E-0E1B31D55A23} = {B37459B2-DDC9-48B6-8EBF-2D0AB4D3D8ED}
		{25BBA155-73F6-4FAF-A1CA-D8F4C0639DCE} = {925CAC49-72CB-4B4C-AD47-6A9215EAB1BE}
		{8C7F9B82-3C38-4090-8E79-204916D88D79} = {925CAC49-72CB-4B4C-AD47-6A9215EAB1BE}
		{623E8BAA-4815-4DC5-8532-CBC0C4615293} = {925CAC49-72CB-4B4C-AD47-6A9215EAB1BE}
		{6CE12FE8-2720-460A-969B-F9DA21E51665} = {925CAC49-72CB-4B4C-AD47-6A9215EAB1BE}
		{CAE7EB91-8E08-487A-B588-0AE5F75CE05C} = {925CAC49-72CB-4B4C-AD47-6A9215EAB1BE}
		{3C04E386-F9C3-45AE-86BD-7464D3E93E53} = {925CAC49-72CB-4B4C-AD47-6A9215EAB1BE}
		{CF7CDE39-6972-46DA-8C10-ED9BD0A5C900} = {925CAC49-72CB-4B4C-AD47-6A9215EAB1BE}
		{82E17A33-BCD8-43EF-AB45-5FC336E7876A} = {925CAC49-72CB-4B4C-AD47-6A9215EAB1BE}
		{5AC9F79F-590A-4E1B-B647-EC6136BABAB1} = {925CAC49-72CB-4B4C-AD47-6A9215EAB1BE}
		{F9B77E4B-F718-4E42-894A-916A08C6CF51} = {925CAC49-72CB-4B4C-AD47-6A9215EAB1BE}
		{3C791D25-E740-467A-A920-4A2B5A5E3938} = {925CAC49-72CB-4B4C-AD47-6A9215EAB1BE}
		{9CC009BF-DE8D-437B-B382-6FAE051470CE} = {925CAC49-72CB-4B4C-AD47-6A9215EAB1BE}
		{A20E7E19-CDEE-4EEB-97A3-958C0AD91091} = {925CAC49-72CB-4B4C-AD47-6A9215EAB1BE}
		{9064FF0F-67C9-4D85-847F-A50989E170CC} = {415683B4-9AC5-4464-904E-A9D45A854691}
		{5D1F6671-4934-4E39-9F86-B84540303C78} = {415683B4-9AC5-4464-904E-A9D45A854691}
		{9F40895F-B96B-4E79-9498-1AF79F9EDD91} = {DBDA7120-8F91-4D61-A465-409A26449CF7}
		{C4EF2427-D71D-4BE9-B2B6-334CD2B0A797} = {DBDA7120-8F91-4D61-A465-409A26449CF7}
		{B5CEE159-6A12-45A9-98D6-A2288677BF4C} = {DBDA7120-8F91-4D61-A465-409A26449CF7}
		{553A8979-5868-4C2C-89BD-7C70E60DD131} = {DBDA7120-8F91-4D61-A465-409A26449CF7}
		{295B4AAE-4368-44B1-8E64-8D5B5386B596} = {19892CA4-F487-4E0D-B1E5-E329467F3491}
		{31ACF70C-F553-43AD-A245-7DC23797152D} = {295B4AAE-4368-44B1-8E64-8D5B5386B596}
		{DCCC78BD-77CF-4ACD-BD5D-E4887397F59E} = {295B4AAE-4368-44B1-8E64-8D5B5386B596}
		{478A8076-7F58-4175-9E8E-BC96DC3E6E44} = {19892CA4-F487-4E0D-B1E5-E329467F3491}
		{ADB0B509-0C62-49B3-BCDC-022C65F95CD6} = {478A8076-7F58-4175-9E8E-BC96DC3E6E44}
		{C83AC9BD-3224-4DBB-8FFF-FACD641907CD} = {478A8076-7F58-4175-9E8E-BC96DC3E6E44}
		{FD294B69-8FF4-4E40-BDC2-D02E75440068} = {19892CA4-F487-4E0D-B1E5-E329467F3491}
		{4A875244-6A42-4FA5-97AA-7702282BCE6E} = {FD294B69-8FF4-4E40-BDC2-D02E75440068}
		{CF75B23B-5140-4842-BBE5-91A03552CD39} = {FD294B69-8FF4-4E40-BDC2-D02E75440068}
		{6BA3D833-9F32-4691-A4BB-C151B94FB580} = {19892CA4-F487-4E0D-B1E5-E329467F3491}
		{F6A88DC0-D9DB-4341-84C9-5F66FC94CE9E} = {6BA3D833-9F32-4691-A4BB-C151B94FB580}
		{9438FE05-ABC2-486B-AA29-CA66E346DBDF} = {6BA3D833-9F32-4691-A4BB-C151B94FB580}
		{04A7B98F-9230-4BC3-8ADC-25A6A6AA87AB} = {19892CA4-F487-4E0D-B1E5-E329467F3491}
		{3AF2B89C-A043-42B6-89C2-98F010096C27} = {04A7B98F-9230-4BC3-8ADC-25A6A6AA87AB}
		{2EBD2AA0-2AE2-4EFB-8A91-E28F0D6DD542} = {04A7B98F-9230-4BC3-8ADC-25A6A6AA87AB}
		{F0D2F34A-B866-446D-AAA9-A24C7187A3C4} = {19892CA4-F487-4E0D-B1E5-E329467F3491}
		{B1869333-B5D1-45C4-B7DD-8F3FF4487AA9} = {F0D2F34A-B866-446D-AAA9-A24C7187A3C4}
		{9AD5D1BA-DDF1-4992-B5D3-1B3561D78B5D} = {F0D2F34A-B866-446D-AAA9-A24C7187A3C4}
	EndGlobalSection
	GlobalSection(ExtensibilityGlobals) = postSolution
		SolutionGuid = {9510AD0A-9E45-49B8-9FFD-6FB8E3CD1DDC}
	EndGlobalSection
EndGlobal
