
Microsoft Visual Studio Solution File, Format Version 12.00
# Visual Studio Version 17
VisualStudioVersion = 17.5.002.0
MinimumVisualStudioVersion = 10.0.40219.1
Project("{2150E333-8FDC-42A3-9474-1A3956D46DE8}") = "csharp-arrays_lists_dictionaries", "csharp-arrays_lists_dictionaries", "{F69B7F26-3607-4B54-91BE-0CE630E53ABF}"
EndProject
Project("{9A19103F-16F7-4668-BE54-9A1E7A4F7556}") = "0-print_array", "csharp-arrays_lists_dictionaries\0-print_array\0-print_array.csproj", "{74427FA7-08D3-4C9E-A29C-2D64EE775A1C}"
EndProject
Project("{9A19103F-16F7-4668-BE54-9A1E7A4F7556}") = "1-element_at", "csharp-arrays_lists_dictionaries\1-element_at\1-element_at.csproj", "{92DB55CD-23BE-41B7-BDE9-4CC55612CA22}"
EndProject
Project("{9A19103F-16F7-4668-BE54-9A1E7A4F7556}") = "10-delete_key_value", "csharp-arrays_lists_dictionaries\10-delete_key_value\10-delete_key_value.csproj", "{EA132F56-ABB4-40D7-9428-E159C7B84A2A}"
EndProject
Project("{9A19103F-16F7-4668-BE54-9A1E7A4F7556}") = "11-multiply_by_2", "csharp-arrays_lists_dictionaries\11-multiply_by_2\11-multiply_by_2.csproj", "{65CFFFB6-399C-45AD-9E43-4827DB7A204F}"
EndProject
Project("{9A19103F-16F7-4668-BE54-9A1E7A4F7556}") = "12-print_sorted_dictionary", "csharp-arrays_lists_dictionaries\12-print_sorted_dictionary\12-print_sorted_dictionary.csproj", "{39241DAB-C4C6-4253-923C-0E091FC4BB41}"
EndProject
Project("{9A19103F-16F7-4668-BE54-9A1E7A4F7556}") = "13-best_score", "csharp-arrays_lists_dictionaries\13-best_score\13-best_score.csproj", "{799F5166-E545-4040-9CF3-97A16C05F2C2}"
EndProject
Project("{9A19103F-16F7-4668-BE54-9A1E7A4F7556}") = "14-rectangular_array", "csharp-arrays_lists_dictionaries\14-rectangular_array\14-rectangular_array.csproj", "{DDAD9C2A-9749-4B4F-AC39-BE6998D648C3}"
EndProject
Project("{9A19103F-16F7-4668-BE54-9A1E7A4F7556}") = "15-square_matrix", "csharp-arrays_lists_dictionaries\15-square_matrix\15-square_matrix.csproj", "{05B72EF5-CA6B-47FB-86C0-6E15DC768EFB}"
EndProject
Project("{9A19103F-16F7-4668-BE54-9A1E7A4F7556}") = "2-replace_element", "csharp-arrays_lists_dictionaries\2-replace_element\2-replace_element.csproj", "{992121C5-4CEA-405B-B965-24545E38CAC5}"
EndProject
Project("{9A19103F-16F7-4668-BE54-9A1E7A4F7556}") = "3-print_array_reverse", "csharp-arrays_lists_dictionaries\3-print_array_reverse\3-print_array_reverse.csproj", "{A695E367-B243-42A0-BA6D-BB3F1B419D2C}"
EndProject
Project("{9A19103F-16F7-4668-BE54-9A1E7A4F7556}") = "4-print_list", "csharp-arrays_lists_dictionaries\4-print_list\4-print_list.csproj", "{3E43DD21-D850-43EE-8AC7-C642C6BE342E}"
EndProject
Project("{9A19103F-16F7-4668-BE54-9A1E7A4F7556}") = "5-max_integer", "csharp-arrays_lists_dictionaries\5-max_integer\5-max_integer.csproj", "{54975086-5693-4D3F-9879-4263C174C20A}"
EndProject
Project("{9A19103F-16F7-4668-BE54-9A1E7A4F7556}") = "6-divisible_by_2", "csharp-arrays_lists_dictionaries\6-divisible_by_2\6-divisible_by_2.csproj", "{9EA76AAF-0635-441C-A6BA-DF249A355514}"
EndProject
Project("{9A19103F-16F7-4668-BE54-9A1E7A4F7556}") = "7-delete_at", "csharp-arrays_lists_dictionaries\7-delete_at\7-delete_at.csproj", "{44ACAA27-D5D6-44F2-90FC-EEFC98D72DA8}"
EndProject
Project("{9A19103F-16F7-4668-BE54-9A1E7A4F7556}") = "8-number_keys", "csharp-arrays_lists_dictionaries\8-number_keys\8-number_keys.csproj", "{DF3C7EE3-0F05-4BBE-803E-C4C3846CF9BC}"
EndProject
Project("{9A19103F-16F7-4668-BE54-9A1E7A4F7556}") = "9-add_key_value", "csharp-arrays_lists_dictionaries\9-add_key_value\9-add_key_value.csproj", "{BBB68797-F3E3-4FBB-BB2D-5CDBDE2A9E13}"
EndProject
Project("{2150E333-8FDC-42A3-9474-1A3956D46DE8}") = "csharp-classes", "csharp-classes", "{9882A7A1-D03C-463F-BDF7-B8FC26496BD5}"
EndProject
Project("{9A19103F-16F7-4668-BE54-9A1E7A4F7556}") = "0-enemy", "csharp-classes\0-enemy\0-enemy.csproj", "{9CC0675E-0D93-433F-9C08-2C12924B6C97}"
EndProject
Project("{9A19103F-16F7-4668-BE54-9A1E7A4F7556}") = "1-enemy", "csharp-classes\1-enemy\1-enemy.csproj", "{0AFBE2F9-967D-4B22-B7D3-0E7CBF466D09}"
EndProject
Project("{9A19103F-16F7-4668-BE54-9A1E7A4F7556}") = "2-enemy", "csharp-classes\2-enemy\2-enemy.csproj", "{386C889F-E74D-4939-A590-2CB077B346F2}"
EndProject
Project("{9A19103F-16F7-4668-BE54-9A1E7A4F7556}") = "3-enemy", "csharp-classes\3-enemy\3-enemy.csproj", "{498323CD-B5F5-40BB-BDBE-97EE5BCEFAAA}"
EndProject
Project("{9A19103F-16F7-4668-BE54-9A1E7A4F7556}") = "4-enemy", "csharp-classes\4-enemy\4-enemy.csproj", "{34230030-58F2-443F-BD29-CDC200F35A35}"
EndProject
Project("{9A19103F-16F7-4668-BE54-9A1E7A4F7556}") = "5-enemy", "csharp-classes\5-enemy\5-enemy.csproj", "{9D37D44F-81B1-4428-B0E9-BE5E44D932EC}"
EndProject
Project("{2150E333-8FDC-42A3-9474-1A3956D46DE8}") = "csharp-exceptions", "csharp-exceptions", "{6685E710-2FE5-4DCD-990E-8A277FBC241D}"
EndProject
Project("{9A19103F-16F7-4668-BE54-9A1E7A4F7556}") = "0-safe_list_print", "csharp-exceptions\0-safe_list_print\0-safe_list_print.csproj", "{65EB3FAF-9445-4E4F-8ED6-BF810EA01A5C}"
EndProject
Project("{9A19103F-16F7-4668-BE54-9A1E7A4F7556}") = "1-divide_print", "csharp-exceptions\1-divide_print\1-divide_print.csproj", "{9AE5A765-E952-4ADB-834F-FE0BD83DB604}"
EndProject
Project("{9A19103F-16F7-4668-BE54-9A1E7A4F7556}") = "2-divide_lists", "csharp-exceptions\2-divide_lists\2-divide_lists.csproj", "{A383DA2A-1CC8-431F-840D-602EB579DA7D}"
EndProject
Project("{9A19103F-16F7-4668-BE54-9A1E7A4F7556}") = "3-throw_exception", "csharp-exceptions\3-throw_exception\3-throw_exception.csproj", "{324BE983-3834-48FD-934A-544174E92040}"
EndProject
Project("{9A19103F-16F7-4668-BE54-9A1E7A4F7556}") = "4-throw_exception_msg", "csharp-exceptions\4-throw_exception_msg\4-throw_exception_msg.csproj", "{9D795078-5B02-480B-BB44-000422A1C9B4}"
EndProject
Project("{2150E333-8FDC-42A3-9474-1A3956D46DE8}") = "csharp-hashset_stack_queue_linkedlist", "csharp-hashset_stack_queue_linkedlist", "{E7393833-A0B6-4085-BCC6-EF5B8D2BE70D}"
EndProject
Project("{9A19103F-16F7-4668-BE54-9A1E7A4F7556}") = "0-unique_add", "csharp-hashset_stack_queue_linkedlist\0-unique_add\0-unique_add.csproj", "{229CF500-9384-427A-9726-5EDA0E197D95}"
EndProject
Project("{9A19103F-16F7-4668-BE54-9A1E7A4F7556}") = "1-common_elements", "csharp-hashset_stack_queue_linkedlist\1-common_elements\1-common_elements.csproj", "{8AB26487-5580-48C6-B435-8317795CF9AB}"
EndProject
Project("{9A19103F-16F7-4668-BE54-9A1E7A4F7556}") = "10-linkedlist_get_node", "csharp-hashset_stack_queue_linkedlist\10-linkedlist_get_node\10-linkedlist_get_node.csproj", "{16860CB8-211F-42CF-81C4-8362ADB67A74}"
EndProject
Project("{9A19103F-16F7-4668-BE54-9A1E7A4F7556}") = "11-linkedlist_sum", "csharp-hashset_stack_queue_linkedlist\11-linkedlist_sum\11-linkedlist_sum.csproj", "{05741B33-C548-4B03-9A86-7115A11FDB5E}"
EndProject
Project("{9A19103F-16F7-4668-BE54-9A1E7A4F7556}") = "12-linkedlist_insert", "csharp-hashset_stack_queue_linkedlist\12-linkedlist_insert\12-linkedlist_insert.csproj", "{CE19E4D4-19F2-46E3-B89E-E6B1451BB428}"
EndProject
Project("{9A19103F-16F7-4668-BE54-9A1E7A4F7556}") = "13-linkedlist_delete", "csharp-hashset_stack_queue_linkedlist\13-linkedlist_delete\13-linkedlist_delete.csproj", "{16BA0D97-2F78-4993-A2FA-B58433E91986}"
EndProject
Project("{9A19103F-16F7-4668-BE54-9A1E7A4F7556}") = "2-different_elements", "csharp-hashset_stack_queue_linkedlist\2-different_elements\2-different_elements.csproj", "{7E8BBC9A-56DE-4EFD-A4CC-FEBA4BB6BDC8}"
EndProject
Project("{9A19103F-16F7-4668-BE54-9A1E7A4F7556}") = "3-stack_push_pop", "csharp-hashset_stack_queue_linkedlist\3-stack_push_pop\3-stack_push_pop.csproj", "{F1C90540-A758-4188-B7F5-09A7686507DB}"
EndProject
Project("{9A19103F-16F7-4668-BE54-9A1E7A4F7556}") = "4-queue_enqueue_dequeue", "csharp-hashset_stack_queue_linkedlist\4-queue_enqueue_dequeue\4-queue_enqueue_dequeue.csproj", "{6035DD07-2EFC-4AD6-BF02-CE01A5593FA5}"
EndProject
Project("{9A19103F-16F7-4668-BE54-9A1E7A4F7556}") = "5-print_linkedlist", "csharp-hashset_stack_queue_linkedlist\5-print_linkedlist\5-print_linkedlist.csproj", "{A533BCB0-535D-45EE-A5C1-CEDD559BC256}"
EndProject
Project("{9A19103F-16F7-4668-BE54-9A1E7A4F7556}") = "6-linkedlist_length", "csharp-hashset_stack_queue_linkedlist\6-linkedlist_length\6-linkedlist_length.csproj", "{A16A4A88-6F32-44FA-AA5A-179AAF7C49BA}"
EndProject
Project("{9A19103F-16F7-4668-BE54-9A1E7A4F7556}") = "7-linkedlist_add", "csharp-hashset_stack_queue_linkedlist\7-linkedlist_add\7-linkedlist_add.csproj", "{85306729-9763-45BD-84B2-A73A15BE5DC1}"
EndProject
Project("{9A19103F-16F7-4668-BE54-9A1E7A4F7556}") = "8-linkedlist_find", "csharp-hashset_stack_queue_linkedlist\8-linkedlist_find\8-linkedlist_find.csproj", "{A4DF4D12-E911-4C4F-99F4-8CD29F2FA68C}"
EndProject
Project("{9A19103F-16F7-4668-BE54-9A1E7A4F7556}") = "9-linkedlist_pop", "csharp-hashset_stack_queue_linkedlist\9-linkedlist_pop\9-linkedlist_pop.csproj", "{A5852B76-48F5-4DF4-8DE8-A5EB13DFE2BC}"
EndProject
Project("{2150E333-8FDC-42A3-9474-1A3956D46DE8}") = "csharp-hello_world", "csharp-hello_world", "{B59FB1B6-954B-4619-AF58-EAA7A9962261}"
EndProject
Project("{9A19103F-16F7-4668-BE54-9A1E7A4F7556}") = "10-copy_cut_paste", "csharp-hello_world\10-copy_cut_paste\10-copy_cut_paste.csproj", "{138F8DC9-24A6-449B-8CE2-FCC18F920193}"
EndProject
Project("{9A19103F-16F7-4668-BE54-9A1E7A4F7556}") = "100-hello_error", "csharp-hello_world\100-hello_error\100-hello_error.csproj", "{8DD7315D-332F-4649-98A8-D83BE0B9632C}"
EndProject
Project("{9A19103F-16F7-4668-BE54-9A1E7A4F7556}") = "11-concat_edges", "csharp-hello_world\11-concat_edges\11-concat_edges.csproj", "{62024076-99B0-44C6-B076-E4AEB16F3B80}"
EndProject
Project("{9A19103F-16F7-4668-BE54-9A1E7A4F7556}") = "3-writeline", "csharp-hello_world\3-writeline\3-writeline.csproj", "{5F908AE2-7CDB-4FBD-9767-EC916F82BA52}"
EndProject
Project("{9A19103F-16F7-4668-BE54-9A1E7A4F7556}") = "4-print_integer", "csharp-hello_world\4-print_integer\4-print_integer.csproj", "{2C96C2C5-DE35-4D68-8EEA-77F94F110017}"
EndProject
Project("{9A19103F-16F7-4668-BE54-9A1E7A4F7556}") = "5-print_float", "csharp-hello_world\5-print_float\5-print_float.csproj", "{51264861-61EB-4580-B6DD-8235876DC3DA}"
EndProject
Project("{9A19103F-16F7-4668-BE54-9A1E7A4F7556}") = "6-print_string", "csharp-hello_world\6-print_string\6-print_string.csproj", "{D61BA0D4-4139-4695-958B-4C886EB7F358}"
EndProject
Project("{9A19103F-16F7-4668-BE54-9A1E7A4F7556}") = "7-concat", "csharp-hello_world\7-concat\7-concat.csproj", "{AE093F4F-C2BF-442B-B3FB-F290FED755F9}"
EndProject
Project("{9A19103F-16F7-4668-BE54-9A1E7A4F7556}") = "8-print_variables", "csharp-hello_world\8-print_variables\8-print_variables.csproj", "{BE0263D9-A3D8-4F4F-8BF1-1BFEA737FFE0}"
EndProject
Project("{9A19103F-16F7-4668-BE54-9A1E7A4F7556}") = "9-print_specifiers", "csharp-hello_world\9-print_specifiers\9-print_specifiers.csproj", "{317AA5B4-7FC6-4855-84F4-1D2C33C9BA68}"
EndProject
Project("{2150E333-8FDC-42A3-9474-1A3956D46DE8}") = "csharp-ifelse_loops_methods", "csharp-ifelse_loops_methods", "{34D56BF5-710A-40ED-AF4C-4E4A0C6E3857}"
EndProject
Project("{9A19103F-16F7-4668-BE54-9A1E7A4F7556}") = "0-positive_or_negative", "csharp-ifelse_loops_methods\0-positive_or_negative\0-positive_or_negative.csproj", "{FFDBF069-0B48-4BA2-A8A7-9D880D18A16B}"
EndProject
Project("{9A19103F-16F7-4668-BE54-9A1E7A4F7556}") = "1-last_digit", "csharp-ifelse_loops_methods\1-last_digit\1-last_digit.csproj", "{D5B01DC1-1AAB-4749-987F-A5DE9DF1B8CE}"
EndProject
Project("{9A19103F-16F7-4668-BE54-9A1E7A4F7556}") = "10-print_line", "csharp-ifelse_loops_methods\10-print_line\10-print_line.csproj", "{E3770059-202C-42EE-9CCF-B0839C35DE4C}"
EndProject
Project("{9A19103F-16F7-4668-BE54-9A1E7A4F7556}") = "11-print_diagonal", "csharp-ifelse_loops_methods\11-print_diagonal\11-print_diagonal.csproj", "{D5500BCA-F201-409E-835E-BE084CA88CA1}"
EndProject
Project("{9A19103F-16F7-4668-BE54-9A1E7A4F7556}") = "12-fizzbuzz", "csharp-ifelse_loops_methods\12-fizzbuzz\12-fizzbuzz.csproj", "{6F98AF83-0F1C-4D84-B7BF-5212C2CA4DDE}"
EndProject
Project("{9A19103F-16F7-4668-BE54-9A1E7A4F7556}") = "2-print_alphabet", "csharp-ifelse_loops_methods\2-print_alphabet\2-print_alphabet.csproj", "{3DCE07BF-C79B-4BC9-9D8C-5D7D7EE65EC0}"
EndProject
Project("{9A19103F-16F7-4668-BE54-9A1E7A4F7556}") = "3-print_alphabt", "csharp-ifelse_loops_methods\3-print_alphabt\3-print_alphabt.csproj", "{5D5B10DA-5186-4DA8-B1AE-11291A65E94E}"
EndProject
Project("{9A19103F-16F7-4668-BE54-9A1E7A4F7556}") = "4-print_hexa", "csharp-ifelse_loops_methods\4-print_hexa\4-print_hexa.csproj", "{20817C85-F824-439C-B0A8-2A82F6E995BC}"
EndProject
Project("{9A19103F-16F7-4668-BE54-9A1E7A4F7556}") = "5-print_comb", "csharp-ifelse_loops_methods\5-print_comb\5-print_comb.csproj", "{D44FD154-7732-43E2-ACE3-81C1C431851D}"
EndProject
Project("{9A19103F-16F7-4668-BE54-9A1E7A4F7556}") = "6-print_comb2", "csharp-ifelse_loops_methods\6-print_comb2\6-print_comb2.csproj", "{01046695-45D2-4649-8667-81213D695112}"
EndProject
Project("{9A19103F-16F7-4668-BE54-9A1E7A4F7556}") = "7-islower", "csharp-ifelse_loops_methods\7-islower\7-islower.csproj", "{C3E52039-C3E1-4B67-BA20-7E100B0DCBDA}"
EndProject
Project("{9A19103F-16F7-4668-BE54-9A1E7A4F7556}") = "8-print_last_digit", "csharp-ifelse_loops_methods\8-print_last_digit\8-print_last_digit.csproj", "{50D262CD-6A74-4118-822B-2A1DEEAEB978}"
EndProject
Project("{9A19103F-16F7-4668-BE54-9A1E7A4F7556}") = "9-add", "csharp-ifelse_loops_methods\9-add\9-add.csproj", "{F8705C55-1CB3-40B7-BC06-47C172A3A3B5}"
EndProject
Project("{2150E333-8FDC-42A3-9474-1A3956D46DE8}") = "csharp-structs_enums", "csharp-structs_enums", "{444AB8E2-37A2-4662-B918-9139768960D6}"
EndProject
Project("{9A19103F-16F7-4668-BE54-9A1E7A4F7556}") = "0-dog", "csharp-structs_enums\0-dog\0-dog.csproj", "{C8679325-3CC7-4597-BA6C-ACF60392CFED}"
EndProject
Project("{9A19103F-16F7-4668-BE54-9A1E7A4F7556}") = "1-dog", "csharp-structs_enums\1-dog\1-dog.csproj", "{A084B2C5-9A35-4307-837B-B7DA484C47DF}"
EndProject
Project("{9A19103F-16F7-4668-BE54-9A1E7A4F7556}") = "2-dog", "csharp-structs_enums\2-dog\2-dog.csproj", "{9D3586EE-4555-4E11-B9BD-25DAF5873AA9}"
EndProject
Project("{9A19103F-16F7-4668-BE54-9A1E7A4F7556}") = "3-dog", "csharp-structs_enums\3-dog\3-dog.csproj", "{3FC18585-822C-427F-A67A-60E1D3FB2CE7}"
EndProject
Project("{2150E333-8FDC-42A3-9474-1A3956D46DE8}") = "csharp-tdd", "csharp-tdd", "{16A2C5B8-6A4B-45C3-88F6-CAC1A276876C}"
EndProject
Project("{2150E333-8FDC-42A3-9474-1A3956D46DE8}") = "0-add", "0-add", "{06D70C16-6312-442B-B47E-6AA5F625D998}"
EndProject
Project("{9A19103F-16F7-4668-BE54-9A1E7A4F7556}") = "MyMath", "csharp-tdd\0-add\MyMath\MyMath.csproj", "{E35413BB-7418-49D9-B91D-015EBE6B4D3D}"
EndProject
Project("{9A19103F-16F7-4668-BE54-9A1E7A4F7556}") = "MyMath.Tests", "csharp-tdd\0-add\MyMath.Tests\MyMath.Tests.csproj", "{63445A7C-2AB7-4718-ADC9-EC56CC7BA709}"
EndProject
Project("{2150E333-8FDC-42A3-9474-1A3956D46DE8}") = "1-divide", "1-divide", "{94FB8DD1-10CE-4D72-9954-E5A0025B0360}"
EndProject
Project("{9A19103F-16F7-4668-BE54-9A1E7A4F7556}") = "MyMath", "csharp-tdd\1-divide\MyMath\MyMath.csproj", "{2D65B8E6-8045-4431-9017-0DC14EB2AA46}"
EndProject
Project("{9A19103F-16F7-4668-BE54-9A1E7A4F7556}") = "MyMath.Tests", "csharp-tdd\1-divide\MyMath.Tests\MyMath.Tests.csproj", "{EF9DCC40-AB1E-4600-AED0-1215A793123F}"
EndProject
Project("{2150E333-8FDC-42A3-9474-1A3956D46DE8}") = "2-max_int", "2-max_int", "{4AD8E707-7A42-4F48-8483-DDB9AA339ECB}"
EndProject
Project("{9A19103F-16F7-4668-BE54-9A1E7A4F7556}") = "MyMath", "csharp-tdd\2-max_int\MyMath\MyMath.csproj", "{35DC2F2F-C166-4E26-9868-BA6ED4AD569E}"
EndProject
Project("{9A19103F-16F7-4668-BE54-9A1E7A4F7556}") = "MyMath.Tests", "csharp-tdd\2-max_int\MyMath.Tests\MyMath.Tests.csproj", "{D696915D-BD77-4760-8714-034DD6F25E9D}"
EndProject
Project("{2150E333-8FDC-42A3-9474-1A3956D46DE8}") = "3-palindrome", "3-palindrome", "{50BF0522-F015-4560-BA8A-09164A00A464}"
EndProject
Project("{9A19103F-16F7-4668-BE54-9A1E7A4F7556}") = "Text", "csharp-tdd\3-palindrome\Text\Text.csproj", "{99CF2107-BDD4-4EAE-AFD9-147E36424AA0}"
EndProject
Project("{9A19103F-16F7-4668-BE54-9A1E7A4F7556}") = "Text.Tests", "csharp-tdd\3-palindrome\Text.Tests\Text.Tests.csproj", "{36EECCEE-D2B0-449A-A956-BEDE91FDF61D}"
EndProject
Global
	GlobalSection(SolutionConfigurationPlatforms) = preSolution
		Debug|Any CPU = Debug|Any CPU
		Release|Any CPU = Release|Any CPU
	EndGlobalSection
	GlobalSection(ProjectConfigurationPlatforms) = postSolution
		{74427FA7-08D3-4C9E-A29C-2D64EE775A1C}.Debug|Any CPU.ActiveCfg = Debug|Any CPU
		{74427FA7-08D3-4C9E-A29C-2D64EE775A1C}.Debug|Any CPU.Build.0 = Debug|Any CPU
		{74427FA7-08D3-4C9E-A29C-2D64EE775A1C}.Release|Any CPU.ActiveCfg = Release|Any CPU
		{74427FA7-08D3-4C9E-A29C-2D64EE775A1C}.Release|Any CPU.Build.0 = Release|Any CPU
		{92DB55CD-23BE-41B7-BDE9-4CC55612CA22}.Debug|Any CPU.ActiveCfg = Debug|Any CPU
		{92DB55CD-23BE-41B7-BDE9-4CC55612CA22}.Debug|Any CPU.Build.0 = Debug|Any CPU
		{92DB55CD-23BE-41B7-BDE9-4CC55612CA22}.Release|Any CPU.ActiveCfg = Release|Any CPU
		{92DB55CD-23BE-41B7-BDE9-4CC55612CA22}.Release|Any CPU.Build.0 = Release|Any CPU
		{EA132F56-ABB4-40D7-9428-E159C7B84A2A}.Debug|Any CPU.ActiveCfg = Debug|Any CPU
		{EA132F56-ABB4-40D7-9428-E159C7B84A2A}.Debug|Any CPU.Build.0 = Debug|Any CPU
		{EA132F56-ABB4-40D7-9428-E159C7B84A2A}.Release|Any CPU.ActiveCfg = Release|Any CPU
		{EA132F56-ABB4-40D7-9428-E159C7B84A2A}.Release|Any CPU.Build.0 = Release|Any CPU
		{65CFFFB6-399C-45AD-9E43-4827DB7A204F}.Debug|Any CPU.ActiveCfg = Debug|Any CPU
		{65CFFFB6-399C-45AD-9E43-4827DB7A204F}.Debug|Any CPU.Build.0 = Debug|Any CPU
		{65CFFFB6-399C-45AD-9E43-4827DB7A204F}.Release|Any CPU.ActiveCfg = Release|Any CPU
		{65CFFFB6-399C-45AD-9E43-4827DB7A204F}.Release|Any CPU.Build.0 = Release|Any CPU
		{39241DAB-C4C6-4253-923C-0E091FC4BB41}.Debug|Any CPU.ActiveCfg = Debug|Any CPU
		{39241DAB-C4C6-4253-923C-0E091FC4BB41}.Debug|Any CPU.Build.0 = Debug|Any CPU
		{39241DAB-C4C6-4253-923C-0E091FC4BB41}.Release|Any CPU.ActiveCfg = Release|Any CPU
		{39241DAB-C4C6-4253-923C-0E091FC4BB41}.Release|Any CPU.Build.0 = Release|Any CPU
		{799F5166-E545-4040-9CF3-97A16C05F2C2}.Debug|Any CPU.ActiveCfg = Debug|Any CPU
		{799F5166-E545-4040-9CF3-97A16C05F2C2}.Debug|Any CPU.Build.0 = Debug|Any CPU
		{799F5166-E545-4040-9CF3-97A16C05F2C2}.Release|Any CPU.ActiveCfg = Release|Any CPU
		{799F5166-E545-4040-9CF3-97A16C05F2C2}.Release|Any CPU.Build.0 = Release|Any CPU
		{DDAD9C2A-9749-4B4F-AC39-BE6998D648C3}.Debug|Any CPU.ActiveCfg = Debug|Any CPU
		{DDAD9C2A-9749-4B4F-AC39-BE6998D648C3}.Debug|Any CPU.Build.0 = Debug|Any CPU
		{DDAD9C2A-9749-4B4F-AC39-BE6998D648C3}.Release|Any CPU.ActiveCfg = Release|Any CPU
		{DDAD9C2A-9749-4B4F-AC39-BE6998D648C3}.Release|Any CPU.Build.0 = Release|Any CPU
		{05B72EF5-CA6B-47FB-86C0-6E15DC768EFB}.Debug|Any CPU.ActiveCfg = Debug|Any CPU
		{05B72EF5-CA6B-47FB-86C0-6E15DC768EFB}.Debug|Any CPU.Build.0 = Debug|Any CPU
		{05B72EF5-CA6B-47FB-86C0-6E15DC768EFB}.Release|Any CPU.ActiveCfg = Release|Any CPU
		{05B72EF5-CA6B-47FB-86C0-6E15DC768EFB}.Release|Any CPU.Build.0 = Release|Any CPU
		{992121C5-4CEA-405B-B965-24545E38CAC5}.Debug|Any CPU.ActiveCfg = Debug|Any CPU
		{992121C5-4CEA-405B-B965-24545E38CAC5}.Debug|Any CPU.Build.0 = Debug|Any CPU
		{992121C5-4CEA-405B-B965-24545E38CAC5}.Release|Any CPU.ActiveCfg = Release|Any CPU
		{992121C5-4CEA-405B-B965-24545E38CAC5}.Release|Any CPU.Build.0 = Release|Any CPU
		{A695E367-B243-42A0-BA6D-BB3F1B419D2C}.Debug|Any CPU.ActiveCfg = Debug|Any CPU
		{A695E367-B243-42A0-BA6D-BB3F1B419D2C}.Debug|Any CPU.Build.0 = Debug|Any CPU
		{A695E367-B243-42A0-BA6D-BB3F1B419D2C}.Release|Any CPU.ActiveCfg = Release|Any CPU
		{A695E367-B243-42A0-BA6D-BB3F1B419D2C}.Release|Any CPU.Build.0 = Release|Any CPU
		{3E43DD21-D850-43EE-8AC7-C642C6BE342E}.Debug|Any CPU.ActiveCfg = Debug|Any CPU
		{3E43DD21-D850-43EE-8AC7-C642C6BE342E}.Debug|Any CPU.Build.0 = Debug|Any CPU
		{3E43DD21-D850-43EE-8AC7-C642C6BE342E}.Release|Any CPU.ActiveCfg = Release|Any CPU
		{3E43DD21-D850-43EE-8AC7-C642C6BE342E}.Release|Any CPU.Build.0 = Release|Any CPU
		{54975086-5693-4D3F-9879-4263C174C20A}.Debug|Any CPU.ActiveCfg = Debug|Any CPU
		{54975086-5693-4D3F-9879-4263C174C20A}.Debug|Any CPU.Build.0 = Debug|Any CPU
		{54975086-5693-4D3F-9879-4263C174C20A}.Release|Any CPU.ActiveCfg = Release|Any CPU
		{54975086-5693-4D3F-9879-4263C174C20A}.Release|Any CPU.Build.0 = Release|Any CPU
		{9EA76AAF-0635-441C-A6BA-DF249A355514}.Debug|Any CPU.ActiveCfg = Debug|Any CPU
		{9EA76AAF-0635-441C-A6BA-DF249A355514}.Debug|Any CPU.Build.0 = Debug|Any CPU
		{9EA76AAF-0635-441C-A6BA-DF249A355514}.Release|Any CPU.ActiveCfg = Release|Any CPU
		{9EA76AAF-0635-441C-A6BA-DF249A355514}.Release|Any CPU.Build.0 = Release|Any CPU
		{44ACAA27-D5D6-44F2-90FC-EEFC98D72DA8}.Debug|Any CPU.ActiveCfg = Debug|Any CPU
		{44ACAA27-D5D6-44F2-90FC-EEFC98D72DA8}.Debug|Any CPU.Build.0 = Debug|Any CPU
		{44ACAA27-D5D6-44F2-90FC-EEFC98D72DA8}.Release|Any CPU.ActiveCfg = Release|Any CPU
		{44ACAA27-D5D6-44F2-90FC-EEFC98D72DA8}.Release|Any CPU.Build.0 = Release|Any CPU
		{DF3C7EE3-0F05-4BBE-803E-C4C3846CF9BC}.Debug|Any CPU.ActiveCfg = Debug|Any CPU
		{DF3C7EE3-0F05-4BBE-803E-C4C3846CF9BC}.Debug|Any CPU.Build.0 = Debug|Any CPU
		{DF3C7EE3-0F05-4BBE-803E-C4C3846CF9BC}.Release|Any CPU.ActiveCfg = Release|Any CPU
		{DF3C7EE3-0F05-4BBE-803E-C4C3846CF9BC}.Release|Any CPU.Build.0 = Release|Any CPU
		{BBB68797-F3E3-4FBB-BB2D-5CDBDE2A9E13}.Debug|Any CPU.ActiveCfg = Debug|Any CPU
		{BBB68797-F3E3-4FBB-BB2D-5CDBDE2A9E13}.Debug|Any CPU.Build.0 = Debug|Any CPU
		{BBB68797-F3E3-4FBB-BB2D-5CDBDE2A9E13}.Release|Any CPU.ActiveCfg = Release|Any CPU
		{BBB68797-F3E3-4FBB-BB2D-5CDBDE2A9E13}.Release|Any CPU.Build.0 = Release|Any CPU
		{9CC0675E-0D93-433F-9C08-2C12924B6C97}.Debug|Any CPU.ActiveCfg = Debug|Any CPU
		{9CC0675E-0D93-433F-9C08-2C12924B6C97}.Debug|Any CPU.Build.0 = Debug|Any CPU
		{9CC0675E-0D93-433F-9C08-2C12924B6C97}.Release|Any CPU.ActiveCfg = Release|Any CPU
		{9CC0675E-0D93-433F-9C08-2C12924B6C97}.Release|Any CPU.Build.0 = Release|Any CPU
		{0AFBE2F9-967D-4B22-B7D3-0E7CBF466D09}.Debug|Any CPU.ActiveCfg = Debug|Any CPU
		{0AFBE2F9-967D-4B22-B7D3-0E7CBF466D09}.Debug|Any CPU.Build.0 = Debug|Any CPU
		{0AFBE2F9-967D-4B22-B7D3-0E7CBF466D09}.Release|Any CPU.ActiveCfg = Release|Any CPU
		{0AFBE2F9-967D-4B22-B7D3-0E7CBF466D09}.Release|Any CPU.Build.0 = Release|Any CPU
		{386C889F-E74D-4939-A590-2CB077B346F2}.Debug|Any CPU.ActiveCfg = Debug|Any CPU
		{386C889F-E74D-4939-A590-2CB077B346F2}.Debug|Any CPU.Build.0 = Debug|Any CPU
		{386C889F-E74D-4939-A590-2CB077B346F2}.Release|Any CPU.ActiveCfg = Release|Any CPU
		{386C889F-E74D-4939-A590-2CB077B346F2}.Release|Any CPU.Build.0 = Release|Any CPU
		{498323CD-B5F5-40BB-BDBE-97EE5BCEFAAA}.Debug|Any CPU.ActiveCfg = Debug|Any CPU
		{498323CD-B5F5-40BB-BDBE-97EE5BCEFAAA}.Debug|Any CPU.Build.0 = Debug|Any CPU
		{498323CD-B5F5-40BB-BDBE-97EE5BCEFAAA}.Release|Any CPU.ActiveCfg = Release|Any CPU
		{498323CD-B5F5-40BB-BDBE-97EE5BCEFAAA}.Release|Any CPU.Build.0 = Release|Any CPU
		{34230030-58F2-443F-BD29-CDC200F35A35}.Debug|Any CPU.ActiveCfg = Debug|Any CPU
		{34230030-58F2-443F-BD29-CDC200F35A35}.Debug|Any CPU.Build.0 = Debug|Any CPU
		{34230030-58F2-443F-BD29-CDC200F35A35}.Release|Any CPU.ActiveCfg = Release|Any CPU
		{34230030-58F2-443F-BD29-CDC200F35A35}.Release|Any CPU.Build.0 = Release|Any CPU
		{9D37D44F-81B1-4428-B0E9-BE5E44D932EC}.Debug|Any CPU.ActiveCfg = Debug|Any CPU
		{9D37D44F-81B1-4428-B0E9-BE5E44D932EC}.Debug|Any CPU.Build.0 = Debug|Any CPU
		{9D37D44F-81B1-4428-B0E9-BE5E44D932EC}.Release|Any CPU.ActiveCfg = Release|Any CPU
		{9D37D44F-81B1-4428-B0E9-BE5E44D932EC}.Release|Any CPU.Build.0 = Release|Any CPU
		{65EB3FAF-9445-4E4F-8ED6-BF810EA01A5C}.Debug|Any CPU.ActiveCfg = Debug|Any CPU
		{65EB3FAF-9445-4E4F-8ED6-BF810EA01A5C}.Debug|Any CPU.Build.0 = Debug|Any CPU
		{65EB3FAF-9445-4E4F-8ED6-BF810EA01A5C}.Release|Any CPU.ActiveCfg = Release|Any CPU
		{65EB3FAF-9445-4E4F-8ED6-BF810EA01A5C}.Release|Any CPU.Build.0 = Release|Any CPU
		{9AE5A765-E952-4ADB-834F-FE0BD83DB604}.Debug|Any CPU.ActiveCfg = Debug|Any CPU
		{9AE5A765-E952-4ADB-834F-FE0BD83DB604}.Debug|Any CPU.Build.0 = Debug|Any CPU
		{9AE5A765-E952-4ADB-834F-FE0BD83DB604}.Release|Any CPU.ActiveCfg = Release|Any CPU
		{9AE5A765-E952-4ADB-834F-FE0BD83DB604}.Release|Any CPU.Build.0 = Release|Any CPU
		{A383DA2A-1CC8-431F-840D-602EB579DA7D}.Debug|Any CPU.ActiveCfg = Debug|Any CPU
		{A383DA2A-1CC8-431F-840D-602EB579DA7D}.Debug|Any CPU.Build.0 = Debug|Any CPU
		{A383DA2A-1CC8-431F-840D-602EB579DA7D}.Release|Any CPU.ActiveCfg = Release|Any CPU
		{A383DA2A-1CC8-431F-840D-602EB579DA7D}.Release|Any CPU.Build.0 = Release|Any CPU
		{324BE983-3834-48FD-934A-544174E92040}.Debug|Any CPU.ActiveCfg = Debug|Any CPU
		{324BE983-3834-48FD-934A-544174E92040}.Debug|Any CPU.Build.0 = Debug|Any CPU
		{324BE983-3834-48FD-934A-544174E92040}.Release|Any CPU.ActiveCfg = Release|Any CPU
		{324BE983-3834-48FD-934A-544174E92040}.Release|Any CPU.Build.0 = Release|Any CPU
		{9D795078-5B02-480B-BB44-000422A1C9B4}.Debug|Any CPU.ActiveCfg = Debug|Any CPU
		{9D795078-5B02-480B-BB44-000422A1C9B4}.Debug|Any CPU.Build.0 = Debug|Any CPU
		{9D795078-5B02-480B-BB44-000422A1C9B4}.Release|Any CPU.ActiveCfg = Release|Any CPU
		{9D795078-5B02-480B-BB44-000422A1C9B4}.Release|Any CPU.Build.0 = Release|Any CPU
		{229CF500-9384-427A-9726-5EDA0E197D95}.Debug|Any CPU.ActiveCfg = Debug|Any CPU
		{229CF500-9384-427A-9726-5EDA0E197D95}.Debug|Any CPU.Build.0 = Debug|Any CPU
		{229CF500-9384-427A-9726-5EDA0E197D95}.Release|Any CPU.ActiveCfg = Release|Any CPU
		{229CF500-9384-427A-9726-5EDA0E197D95}.Release|Any CPU.Build.0 = Release|Any CPU
		{8AB26487-5580-48C6-B435-8317795CF9AB}.Debug|Any CPU.ActiveCfg = Debug|Any CPU
		{8AB26487-5580-48C6-B435-8317795CF9AB}.Debug|Any CPU.Build.0 = Debug|Any CPU
		{8AB26487-5580-48C6-B435-8317795CF9AB}.Release|Any CPU.ActiveCfg = Release|Any CPU
		{8AB26487-5580-48C6-B435-8317795CF9AB}.Release|Any CPU.Build.0 = Release|Any CPU
		{16860CB8-211F-42CF-81C4-8362ADB67A74}.Debug|Any CPU.ActiveCfg = Debug|Any CPU
		{16860CB8-211F-42CF-81C4-8362ADB67A74}.Debug|Any CPU.Build.0 = Debug|Any CPU
		{16860CB8-211F-42CF-81C4-8362ADB67A74}.Release|Any CPU.ActiveCfg = Release|Any CPU
		{16860CB8-211F-42CF-81C4-8362ADB67A74}.Release|Any CPU.Build.0 = Release|Any CPU
		{05741B33-C548-4B03-9A86-7115A11FDB5E}.Debug|Any CPU.ActiveCfg = Debug|Any CPU
		{05741B33-C548-4B03-9A86-7115A11FDB5E}.Debug|Any CPU.Build.0 = Debug|Any CPU
		{05741B33-C548-4B03-9A86-7115A11FDB5E}.Release|Any CPU.ActiveCfg = Release|Any CPU
		{05741B33-C548-4B03-9A86-7115A11FDB5E}.Release|Any CPU.Build.0 = Release|Any CPU
		{CE19E4D4-19F2-46E3-B89E-E6B1451BB428}.Debug|Any CPU.ActiveCfg = Debug|Any CPU
		{CE19E4D4-19F2-46E3-B89E-E6B1451BB428}.Debug|Any CPU.Build.0 = Debug|Any CPU
		{CE19E4D4-19F2-46E3-B89E-E6B1451BB428}.Release|Any CPU.ActiveCfg = Release|Any CPU
		{CE19E4D4-19F2-46E3-B89E-E6B1451BB428}.Release|Any CPU.Build.0 = Release|Any CPU
		{16BA0D97-2F78-4993-A2FA-B58433E91986}.Debug|Any CPU.ActiveCfg = Debug|Any CPU
		{16BA0D97-2F78-4993-A2FA-B58433E91986}.Debug|Any CPU.Build.0 = Debug|Any CPU
		{16BA0D97-2F78-4993-A2FA-B58433E91986}.Release|Any CPU.ActiveCfg = Release|Any CPU
		{16BA0D97-2F78-4993-A2FA-B58433E91986}.Release|Any CPU.Build.0 = Release|Any CPU
		{7E8BBC9A-56DE-4EFD-A4CC-FEBA4BB6BDC8}.Debug|Any CPU.ActiveCfg = Debug|Any CPU
		{7E8BBC9A-56DE-4EFD-A4CC-FEBA4BB6BDC8}.Debug|Any CPU.Build.0 = Debug|Any CPU
		{7E8BBC9A-56DE-4EFD-A4CC-FEBA4BB6BDC8}.Release|Any CPU.ActiveCfg = Release|Any CPU
		{7E8BBC9A-56DE-4EFD-A4CC-FEBA4BB6BDC8}.Release|Any CPU.Build.0 = Release|Any CPU
		{F1C90540-A758-4188-B7F5-09A7686507DB}.Debug|Any CPU.ActiveCfg = Debug|Any CPU
		{F1C90540-A758-4188-B7F5-09A7686507DB}.Debug|Any CPU.Build.0 = Debug|Any CPU
		{F1C90540-A758-4188-B7F5-09A7686507DB}.Release|Any CPU.ActiveCfg = Release|Any CPU
		{F1C90540-A758-4188-B7F5-09A7686507DB}.Release|Any CPU.Build.0 = Release|Any CPU
		{6035DD07-2EFC-4AD6-BF02-CE01A5593FA5}.Debug|Any CPU.ActiveCfg = Debug|Any CPU
		{6035DD07-2EFC-4AD6-BF02-CE01A5593FA5}.Debug|Any CPU.Build.0 = Debug|Any CPU
		{6035DD07-2EFC-4AD6-BF02-CE01A5593FA5}.Release|Any CPU.ActiveCfg = Release|Any CPU
		{6035DD07-2EFC-4AD6-BF02-CE01A5593FA5}.Release|Any CPU.Build.0 = Release|Any CPU
		{A533BCB0-535D-45EE-A5C1-CEDD559BC256}.Debug|Any CPU.ActiveCfg = Debug|Any CPU
		{A533BCB0-535D-45EE-A5C1-CEDD559BC256}.Debug|Any CPU.Build.0 = Debug|Any CPU
		{A533BCB0-535D-45EE-A5C1-CEDD559BC256}.Release|Any CPU.ActiveCfg = Release|Any CPU
		{A533BCB0-535D-45EE-A5C1-CEDD559BC256}.Release|Any CPU.Build.0 = Release|Any CPU
		{A16A4A88-6F32-44FA-AA5A-179AAF7C49BA}.Debug|Any CPU.ActiveCfg = Debug|Any CPU
		{A16A4A88-6F32-44FA-AA5A-179AAF7C49BA}.Debug|Any CPU.Build.0 = Debug|Any CPU
		{A16A4A88-6F32-44FA-AA5A-179AAF7C49BA}.Release|Any CPU.ActiveCfg = Release|Any CPU
		{A16A4A88-6F32-44FA-AA5A-179AAF7C49BA}.Release|Any CPU.Build.0 = Release|Any CPU
		{85306729-9763-45BD-84B2-A73A15BE5DC1}.Debug|Any CPU.ActiveCfg = Debug|Any CPU
		{85306729-9763-45BD-84B2-A73A15BE5DC1}.Debug|Any CPU.Build.0 = Debug|Any CPU
		{85306729-9763-45BD-84B2-A73A15BE5DC1}.Release|Any CPU.ActiveCfg = Release|Any CPU
		{85306729-9763-45BD-84B2-A73A15BE5DC1}.Release|Any CPU.Build.0 = Release|Any CPU
		{A4DF4D12-E911-4C4F-99F4-8CD29F2FA68C}.Debug|Any CPU.ActiveCfg = Debug|Any CPU
		{A4DF4D12-E911-4C4F-99F4-8CD29F2FA68C}.Debug|Any CPU.Build.0 = Debug|Any CPU
		{A4DF4D12-E911-4C4F-99F4-8CD29F2FA68C}.Release|Any CPU.ActiveCfg = Release|Any CPU
		{A4DF4D12-E911-4C4F-99F4-8CD29F2FA68C}.Release|Any CPU.Build.0 = Release|Any CPU
		{A5852B76-48F5-4DF4-8DE8-A5EB13DFE2BC}.Debug|Any CPU.ActiveCfg = Debug|Any CPU
		{A5852B76-48F5-4DF4-8DE8-A5EB13DFE2BC}.Debug|Any CPU.Build.0 = Debug|Any CPU
		{A5852B76-48F5-4DF4-8DE8-A5EB13DFE2BC}.Release|Any CPU.ActiveCfg = Release|Any CPU
		{A5852B76-48F5-4DF4-8DE8-A5EB13DFE2BC}.Release|Any CPU.Build.0 = Release|Any CPU
		{138F8DC9-24A6-449B-8CE2-FCC18F920193}.Debug|Any CPU.ActiveCfg = Debug|Any CPU
		{138F8DC9-24A6-449B-8CE2-FCC18F920193}.Debug|Any CPU.Build.0 = Debug|Any CPU
		{138F8DC9-24A6-449B-8CE2-FCC18F920193}.Release|Any CPU.ActiveCfg = Release|Any CPU
		{138F8DC9-24A6-449B-8CE2-FCC18F920193}.Release|Any CPU.Build.0 = Release|Any CPU
		{8DD7315D-332F-4649-98A8-D83BE0B9632C}.Debug|Any CPU.ActiveCfg = Debug|Any CPU
		{8DD7315D-332F-4649-98A8-D83BE0B9632C}.Debug|Any CPU.Build.0 = Debug|Any CPU
		{8DD7315D-332F-4649-98A8-D83BE0B9632C}.Release|Any CPU.ActiveCfg = Release|Any CPU
		{8DD7315D-332F-4649-98A8-D83BE0B9632C}.Release|Any CPU.Build.0 = Release|Any CPU
		{62024076-99B0-44C6-B076-E4AEB16F3B80}.Debug|Any CPU.ActiveCfg = Debug|Any CPU
		{62024076-99B0-44C6-B076-E4AEB16F3B80}.Debug|Any CPU.Build.0 = Debug|Any CPU
		{62024076-99B0-44C6-B076-E4AEB16F3B80}.Release|Any CPU.ActiveCfg = Release|Any CPU
		{62024076-99B0-44C6-B076-E4AEB16F3B80}.Release|Any CPU.Build.0 = Release|Any CPU
		{5F908AE2-7CDB-4FBD-9767-EC916F82BA52}.Debug|Any CPU.ActiveCfg = Debug|Any CPU
		{5F908AE2-7CDB-4FBD-9767-EC916F82BA52}.Debug|Any CPU.Build.0 = Debug|Any CPU
		{5F908AE2-7CDB-4FBD-9767-EC916F82BA52}.Release|Any CPU.ActiveCfg = Release|Any CPU
		{5F908AE2-7CDB-4FBD-9767-EC916F82BA52}.Release|Any CPU.Build.0 = Release|Any CPU
		{2C96C2C5-DE35-4D68-8EEA-77F94F110017}.Debug|Any CPU.ActiveCfg = Debug|Any CPU
		{2C96C2C5-DE35-4D68-8EEA-77F94F110017}.Debug|Any CPU.Build.0 = Debug|Any CPU
		{2C96C2C5-DE35-4D68-8EEA-77F94F110017}.Release|Any CPU.ActiveCfg = Release|Any CPU
		{2C96C2C5-DE35-4D68-8EEA-77F94F110017}.Release|Any CPU.Build.0 = Release|Any CPU
		{51264861-61EB-4580-B6DD-8235876DC3DA}.Debug|Any CPU.ActiveCfg = Debug|Any CPU
		{51264861-61EB-4580-B6DD-8235876DC3DA}.Debug|Any CPU.Build.0 = Debug|Any CPU
		{51264861-61EB-4580-B6DD-8235876DC3DA}.Release|Any CPU.ActiveCfg = Release|Any CPU
		{51264861-61EB-4580-B6DD-8235876DC3DA}.Release|Any CPU.Build.0 = Release|Any CPU
		{D61BA0D4-4139-4695-958B-4C886EB7F358}.Debug|Any CPU.ActiveCfg = Debug|Any CPU
		{D61BA0D4-4139-4695-958B-4C886EB7F358}.Debug|Any CPU.Build.0 = Debug|Any CPU
		{D61BA0D4-4139-4695-958B-4C886EB7F358}.Release|Any CPU.ActiveCfg = Release|Any CPU
		{D61BA0D4-4139-4695-958B-4C886EB7F358}.Release|Any CPU.Build.0 = Release|Any CPU
		{AE093F4F-C2BF-442B-B3FB-F290FED755F9}.Debug|Any CPU.ActiveCfg = Debug|Any CPU
		{AE093F4F-C2BF-442B-B3FB-F290FED755F9}.Debug|Any CPU.Build.0 = Debug|Any CPU
		{AE093F4F-C2BF-442B-B3FB-F290FED755F9}.Release|Any CPU.ActiveCfg = Release|Any CPU
		{AE093F4F-C2BF-442B-B3FB-F290FED755F9}.Release|Any CPU.Build.0 = Release|Any CPU
		{BE0263D9-A3D8-4F4F-8BF1-1BFEA737FFE0}.Debug|Any CPU.ActiveCfg = Debug|Any CPU
		{BE0263D9-A3D8-4F4F-8BF1-1BFEA737FFE0}.Debug|Any CPU.Build.0 = Debug|Any CPU
		{BE0263D9-A3D8-4F4F-8BF1-1BFEA737FFE0}.Release|Any CPU.ActiveCfg = Release|Any CPU
		{BE0263D9-A3D8-4F4F-8BF1-1BFEA737FFE0}.Release|Any CPU.Build.0 = Release|Any CPU
		{317AA5B4-7FC6-4855-84F4-1D2C33C9BA68}.Debug|Any CPU.ActiveCfg = Debug|Any CPU
		{317AA5B4-7FC6-4855-84F4-1D2C33C9BA68}.Debug|Any CPU.Build.0 = Debug|Any CPU
		{317AA5B4-7FC6-4855-84F4-1D2C33C9BA68}.Release|Any CPU.ActiveCfg = Release|Any CPU
		{317AA5B4-7FC6-4855-84F4-1D2C33C9BA68}.Release|Any CPU.Build.0 = Release|Any CPU
		{FFDBF069-0B48-4BA2-A8A7-9D880D18A16B}.Debug|Any CPU.ActiveCfg = Debug|Any CPU
		{FFDBF069-0B48-4BA2-A8A7-9D880D18A16B}.Debug|Any CPU.Build.0 = Debug|Any CPU
		{FFDBF069-0B48-4BA2-A8A7-9D880D18A16B}.Release|Any CPU.ActiveCfg = Release|Any CPU
		{FFDBF069-0B48-4BA2-A8A7-9D880D18A16B}.Release|Any CPU.Build.0 = Release|Any CPU
		{D5B01DC1-1AAB-4749-987F-A5DE9DF1B8CE}.Debug|Any CPU.ActiveCfg = Debug|Any CPU
		{D5B01DC1-1AAB-4749-987F-A5DE9DF1B8CE}.Debug|Any CPU.Build.0 = Debug|Any CPU
		{D5B01DC1-1AAB-4749-987F-A5DE9DF1B8CE}.Release|Any CPU.ActiveCfg = Release|Any CPU
		{D5B01DC1-1AAB-4749-987F-A5DE9DF1B8CE}.Release|Any CPU.Build.0 = Release|Any CPU
		{E3770059-202C-42EE-9CCF-B0839C35DE4C}.Debug|Any CPU.ActiveCfg = Debug|Any CPU
		{E3770059-202C-42EE-9CCF-B0839C35DE4C}.Debug|Any CPU.Build.0 = Debug|Any CPU
		{E3770059-202C-42EE-9CCF-B0839C35DE4C}.Release|Any CPU.ActiveCfg = Release|Any CPU
		{E3770059-202C-42EE-9CCF-B0839C35DE4C}.Release|Any CPU.Build.0 = Release|Any CPU
		{D5500BCA-F201-409E-835E-BE084CA88CA1}.Debug|Any CPU.ActiveCfg = Debug|Any CPU
		{D5500BCA-F201-409E-835E-BE084CA88CA1}.Debug|Any CPU.Build.0 = Debug|Any CPU
		{D5500BCA-F201-409E-835E-BE084CA88CA1}.Release|Any CPU.ActiveCfg = Release|Any CPU
		{D5500BCA-F201-409E-835E-BE084CA88CA1}.Release|Any CPU.Build.0 = Release|Any CPU
		{6F98AF83-0F1C-4D84-B7BF-5212C2CA4DDE}.Debug|Any CPU.ActiveCfg = Debug|Any CPU
		{6F98AF83-0F1C-4D84-B7BF-5212C2CA4DDE}.Debug|Any CPU.Build.0 = Debug|Any CPU
		{6F98AF83-0F1C-4D84-B7BF-5212C2CA4DDE}.Release|Any CPU.ActiveCfg = Release|Any CPU
		{6F98AF83-0F1C-4D84-B7BF-5212C2CA4DDE}.Release|Any CPU.Build.0 = Release|Any CPU
		{3DCE07BF-C79B-4BC9-9D8C-5D7D7EE65EC0}.Debug|Any CPU.ActiveCfg = Debug|Any CPU
		{3DCE07BF-C79B-4BC9-9D8C-5D7D7EE65EC0}.Debug|Any CPU.Build.0 = Debug|Any CPU
		{3DCE07BF-C79B-4BC9-9D8C-5D7D7EE65EC0}.Release|Any CPU.ActiveCfg = Release|Any CPU
		{3DCE07BF-C79B-4BC9-9D8C-5D7D7EE65EC0}.Release|Any CPU.Build.0 = Release|Any CPU
		{5D5B10DA-5186-4DA8-B1AE-11291A65E94E}.Debug|Any CPU.ActiveCfg = Debug|Any CPU
		{5D5B10DA-5186-4DA8-B1AE-11291A65E94E}.Debug|Any CPU.Build.0 = Debug|Any CPU
		{5D5B10DA-5186-4DA8-B1AE-11291A65E94E}.Release|Any CPU.ActiveCfg = Release|Any CPU
		{5D5B10DA-5186-4DA8-B1AE-11291A65E94E}.Release|Any CPU.Build.0 = Release|Any CPU
		{20817C85-F824-439C-B0A8-2A82F6E995BC}.Debug|Any CPU.ActiveCfg = Debug|Any CPU
		{20817C85-F824-439C-B0A8-2A82F6E995BC}.Debug|Any CPU.Build.0 = Debug|Any CPU
		{20817C85-F824-439C-B0A8-2A82F6E995BC}.Release|Any CPU.ActiveCfg = Release|Any CPU
		{20817C85-F824-439C-B0A8-2A82F6E995BC}.Release|Any CPU.Build.0 = Release|Any CPU
		{D44FD154-7732-43E2-ACE3-81C1C431851D}.Debug|Any CPU.ActiveCfg = Debug|Any CPU
		{D44FD154-7732-43E2-ACE3-81C1C431851D}.Debug|Any CPU.Build.0 = Debug|Any CPU
		{D44FD154-7732-43E2-ACE3-81C1C431851D}.Release|Any CPU.ActiveCfg = Release|Any CPU
		{D44FD154-7732-43E2-ACE3-81C1C431851D}.Release|Any CPU.Build.0 = Release|Any CPU
		{01046695-45D2-4649-8667-81213D695112}.Debug|Any CPU.ActiveCfg = Debug|Any CPU
		{01046695-45D2-4649-8667-81213D695112}.Debug|Any CPU.Build.0 = Debug|Any CPU
		{01046695-45D2-4649-8667-81213D695112}.Release|Any CPU.ActiveCfg = Release|Any CPU
		{01046695-45D2-4649-8667-81213D695112}.Release|Any CPU.Build.0 = Release|Any CPU
		{C3E52039-C3E1-4B67-BA20-7E100B0DCBDA}.Debug|Any CPU.ActiveCfg = Debug|Any CPU
		{C3E52039-C3E1-4B67-BA20-7E100B0DCBDA}.Debug|Any CPU.Build.0 = Debug|Any CPU
		{C3E52039-C3E1-4B67-BA20-7E100B0DCBDA}.Release|Any CPU.ActiveCfg = Release|Any CPU
		{C3E52039-C3E1-4B67-BA20-7E100B0DCBDA}.Release|Any CPU.Build.0 = Release|Any CPU
		{50D262CD-6A74-4118-822B-2A1DEEAEB978}.Debug|Any CPU.ActiveCfg = Debug|Any CPU
		{50D262CD-6A74-4118-822B-2A1DEEAEB978}.Debug|Any CPU.Build.0 = Debug|Any CPU
		{50D262CD-6A74-4118-822B-2A1DEEAEB978}.Release|Any CPU.ActiveCfg = Release|Any CPU
		{50D262CD-6A74-4118-822B-2A1DEEAEB978}.Release|Any CPU.Build.0 = Release|Any CPU
		{F8705C55-1CB3-40B7-BC06-47C172A3A3B5}.Debug|Any CPU.ActiveCfg = Debug|Any CPU
		{F8705C55-1CB3-40B7-BC06-47C172A3A3B5}.Debug|Any CPU.Build.0 = Debug|Any CPU
		{F8705C55-1CB3-40B7-BC06-47C172A3A3B5}.Release|Any CPU.ActiveCfg = Release|Any CPU
		{F8705C55-1CB3-40B7-BC06-47C172A3A3B5}.Release|Any CPU.Build.0 = Release|Any CPU
		{C8679325-3CC7-4597-BA6C-ACF60392CFED}.Debug|Any CPU.ActiveCfg = Debug|Any CPU
		{C8679325-3CC7-4597-BA6C-ACF60392CFED}.Debug|Any CPU.Build.0 = Debug|Any CPU
		{C8679325-3CC7-4597-BA6C-ACF60392CFED}.Release|Any CPU.ActiveCfg = Release|Any CPU
		{C8679325-3CC7-4597-BA6C-ACF60392CFED}.Release|Any CPU.Build.0 = Release|Any CPU
		{A084B2C5-9A35-4307-837B-B7DA484C47DF}.Debug|Any CPU.ActiveCfg = Debug|Any CPU
		{A084B2C5-9A35-4307-837B-B7DA484C47DF}.Debug|Any CPU.Build.0 = Debug|Any CPU
		{A084B2C5-9A35-4307-837B-B7DA484C47DF}.Release|Any CPU.ActiveCfg = Release|Any CPU
		{A084B2C5-9A35-4307-837B-B7DA484C47DF}.Release|Any CPU.Build.0 = Release|Any CPU
		{9D3586EE-4555-4E11-B9BD-25DAF5873AA9}.Debug|Any CPU.ActiveCfg = Debug|Any CPU
		{9D3586EE-4555-4E11-B9BD-25DAF5873AA9}.Debug|Any CPU.Build.0 = Debug|Any CPU
		{9D3586EE-4555-4E11-B9BD-25DAF5873AA9}.Release|Any CPU.ActiveCfg = Release|Any CPU
		{9D3586EE-4555-4E11-B9BD-25DAF5873AA9}.Release|Any CPU.Build.0 = Release|Any CPU
		{3FC18585-822C-427F-A67A-60E1D3FB2CE7}.Debug|Any CPU.ActiveCfg = Debug|Any CPU
		{3FC18585-822C-427F-A67A-60E1D3FB2CE7}.Debug|Any CPU.Build.0 = Debug|Any CPU
		{3FC18585-822C-427F-A67A-60E1D3FB2CE7}.Release|Any CPU.ActiveCfg = Release|Any CPU
		{3FC18585-822C-427F-A67A-60E1D3FB2CE7}.Release|Any CPU.Build.0 = Release|Any CPU
		{E35413BB-7418-49D9-B91D-015EBE6B4D3D}.Debug|Any CPU.ActiveCfg = Debug|Any CPU
		{E35413BB-7418-49D9-B91D-015EBE6B4D3D}.Debug|Any CPU.Build.0 = Debug|Any CPU
		{E35413BB-7418-49D9-B91D-015EBE6B4D3D}.Release|Any CPU.ActiveCfg = Release|Any CPU
		{E35413BB-7418-49D9-B91D-015EBE6B4D3D}.Release|Any CPU.Build.0 = Release|Any CPU
		{63445A7C-2AB7-4718-ADC9-EC56CC7BA709}.Debug|Any CPU.ActiveCfg = Debug|Any CPU
		{63445A7C-2AB7-4718-ADC9-EC56CC7BA709}.Debug|Any CPU.Build.0 = Debug|Any CPU
		{63445A7C-2AB7-4718-ADC9-EC56CC7BA709}.Release|Any CPU.ActiveCfg = Release|Any CPU
		{63445A7C-2AB7-4718-ADC9-EC56CC7BA709}.Release|Any CPU.Build.0 = Release|Any CPU
		{2D65B8E6-8045-4431-9017-0DC14EB2AA46}.Debug|Any CPU.ActiveCfg = Debug|Any CPU
		{2D65B8E6-8045-4431-9017-0DC14EB2AA46}.Debug|Any CPU.Build.0 = Debug|Any CPU
		{2D65B8E6-8045-4431-9017-0DC14EB2AA46}.Release|Any CPU.ActiveCfg = Release|Any CPU
		{2D65B8E6-8045-4431-9017-0DC14EB2AA46}.Release|Any CPU.Build.0 = Release|Any CPU
		{EF9DCC40-AB1E-4600-AED0-1215A793123F}.Debug|Any CPU.ActiveCfg = Debug|Any CPU
		{EF9DCC40-AB1E-4600-AED0-1215A793123F}.Debug|Any CPU.Build.0 = Debug|Any CPU
		{EF9DCC40-AB1E-4600-AED0-1215A793123F}.Release|Any CPU.ActiveCfg = Release|Any CPU
		{EF9DCC40-AB1E-4600-AED0-1215A793123F}.Release|Any CPU.Build.0 = Release|Any CPU
		{35DC2F2F-C166-4E26-9868-BA6ED4AD569E}.Debug|Any CPU.ActiveCfg = Debug|Any CPU
		{35DC2F2F-C166-4E26-9868-BA6ED4AD569E}.Debug|Any CPU.Build.0 = Debug|Any CPU
		{35DC2F2F-C166-4E26-9868-BA6ED4AD569E}.Release|Any CPU.ActiveCfg = Release|Any CPU
		{35DC2F2F-C166-4E26-9868-BA6ED4AD569E}.Release|Any CPU.Build.0 = Release|Any CPU
		{D696915D-BD77-4760-8714-034DD6F25E9D}.Debug|Any CPU.ActiveCfg = Debug|Any CPU
		{D696915D-BD77-4760-8714-034DD6F25E9D}.Debug|Any CPU.Build.0 = Debug|Any CPU
		{D696915D-BD77-4760-8714-034DD6F25E9D}.Release|Any CPU.ActiveCfg = Release|Any CPU
		{D696915D-BD77-4760-8714-034DD6F25E9D}.Release|Any CPU.Build.0 = Release|Any CPU
		{99CF2107-BDD4-4EAE-AFD9-147E36424AA0}.Debug|Any CPU.ActiveCfg = Debug|Any CPU
		{99CF2107-BDD4-4EAE-AFD9-147E36424AA0}.Debug|Any CPU.Build.0 = Debug|Any CPU
		{99CF2107-BDD4-4EAE-AFD9-147E36424AA0}.Release|Any CPU.ActiveCfg = Release|Any CPU
		{99CF2107-BDD4-4EAE-AFD9-147E36424AA0}.Release|Any CPU.Build.0 = Release|Any CPU
		{36EECCEE-D2B0-449A-A956-BEDE91FDF61D}.Debug|Any CPU.ActiveCfg = Debug|Any CPU
		{36EECCEE-D2B0-449A-A956-BEDE91FDF61D}.Debug|Any CPU.Build.0 = Debug|Any CPU
		{36EECCEE-D2B0-449A-A956-BEDE91FDF61D}.Release|Any CPU.ActiveCfg = Release|Any CPU
		{36EECCEE-D2B0-449A-A956-BEDE91FDF61D}.Release|Any CPU.Build.0 = Release|Any CPU
	EndGlobalSection
	GlobalSection(SolutionProperties) = preSolution
		HideSolutionNode = FALSE
	EndGlobalSection
	GlobalSection(NestedProjects) = preSolution
		{74427FA7-08D3-4C9E-A29C-2D64EE775A1C} = {F69B7F26-3607-4B54-91BE-0CE630E53ABF}
		{92DB55CD-23BE-41B7-BDE9-4CC55612CA22} = {F69B7F26-3607-4B54-91BE-0CE630E53ABF}
		{EA132F56-ABB4-40D7-9428-E159C7B84A2A} = {F69B7F26-3607-4B54-91BE-0CE630E53ABF}
		{65CFFFB6-399C-45AD-9E43-4827DB7A204F} = {F69B7F26-3607-4B54-91BE-0CE630E53ABF}
		{39241DAB-C4C6-4253-923C-0E091FC4BB41} = {F69B7F26-3607-4B54-91BE-0CE630E53ABF}
		{799F5166-E545-4040-9CF3-97A16C05F2C2} = {F69B7F26-3607-4B54-91BE-0CE630E53ABF}
		{DDAD9C2A-9749-4B4F-AC39-BE6998D648C3} = {F69B7F26-3607-4B54-91BE-0CE630E53ABF}
		{05B72EF5-CA6B-47FB-86C0-6E15DC768EFB} = {F69B7F26-3607-4B54-91BE-0CE630E53ABF}
		{992121C5-4CEA-405B-B965-24545E38CAC5} = {F69B7F26-3607-4B54-91BE-0CE630E53ABF}
		{A695E367-B243-42A0-BA6D-BB3F1B419D2C} = {F69B7F26-3607-4B54-91BE-0CE630E53ABF}
		{3E43DD21-D850-43EE-8AC7-C642C6BE342E} = {F69B7F26-3607-4B54-91BE-0CE630E53ABF}
		{54975086-5693-4D3F-9879-4263C174C20A} = {F69B7F26-3607-4B54-91BE-0CE630E53ABF}
		{9EA76AAF-0635-441C-A6BA-DF249A355514} = {F69B7F26-3607-4B54-91BE-0CE630E53ABF}
		{44ACAA27-D5D6-44F2-90FC-EEFC98D72DA8} = {F69B7F26-3607-4B54-91BE-0CE630E53ABF}
		{DF3C7EE3-0F05-4BBE-803E-C4C3846CF9BC} = {F69B7F26-3607-4B54-91BE-0CE630E53ABF}
		{BBB68797-F3E3-4FBB-BB2D-5CDBDE2A9E13} = {F69B7F26-3607-4B54-91BE-0CE630E53ABF}
		{9CC0675E-0D93-433F-9C08-2C12924B6C97} = {9882A7A1-D03C-463F-BDF7-B8FC26496BD5}
		{0AFBE2F9-967D-4B22-B7D3-0E7CBF466D09} = {9882A7A1-D03C-463F-BDF7-B8FC26496BD5}
		{386C889F-E74D-4939-A590-2CB077B346F2} = {9882A7A1-D03C-463F-BDF7-B8FC26496BD5}
		{498323CD-B5F5-40BB-BDBE-97EE5BCEFAAA} = {9882A7A1-D03C-463F-BDF7-B8FC26496BD5}
		{34230030-58F2-443F-BD29-CDC200F35A35} = {9882A7A1-D03C-463F-BDF7-B8FC26496BD5}
		{9D37D44F-81B1-4428-B0E9-BE5E44D932EC} = {9882A7A1-D03C-463F-BDF7-B8FC26496BD5}
		{65EB3FAF-9445-4E4F-8ED6-BF810EA01A5C} = {6685E710-2FE5-4DCD-990E-8A277FBC241D}
		{9AE5A765-E952-4ADB-834F-FE0BD83DB604} = {6685E710-2FE5-4DCD-990E-8A277FBC241D}
		{A383DA2A-1CC8-431F-840D-602EB579DA7D} = {6685E710-2FE5-4DCD-990E-8A277FBC241D}
		{324BE983-3834-48FD-934A-544174E92040} = {6685E710-2FE5-4DCD-990E-8A277FBC241D}
		{9D795078-5B02-480B-BB44-000422A1C9B4} = {6685E710-2FE5-4DCD-990E-8A277FBC241D}
		{229CF500-9384-427A-9726-5EDA0E197D95} = {E7393833-A0B6-4085-BCC6-EF5B8D2BE70D}
		{8AB26487-5580-48C6-B435-8317795CF9AB} = {E7393833-A0B6-4085-BCC6-EF5B8D2BE70D}
		{16860CB8-211F-42CF-81C4-8362ADB67A74} = {E7393833-A0B6-4085-BCC6-EF5B8D2BE70D}
		{05741B33-C548-4B03-9A86-7115A11FDB5E} = {E7393833-A0B6-4085-BCC6-EF5B8D2BE70D}
		{CE19E4D4-19F2-46E3-B89E-E6B1451BB428} = {E7393833-A0B6-4085-BCC6-EF5B8D2BE70D}
		{16BA0D97-2F78-4993-A2FA-B58433E91986} = {E7393833-A0B6-4085-BCC6-EF5B8D2BE70D}
		{7E8BBC9A-56DE-4EFD-A4CC-FEBA4BB6BDC8} = {E7393833-A0B6-4085-BCC6-EF5B8D2BE70D}
		{F1C90540-A758-4188-B7F5-09A7686507DB} = {E7393833-A0B6-4085-BCC6-EF5B8D2BE70D}
		{6035DD07-2EFC-4AD6-BF02-CE01A5593FA5} = {E7393833-A0B6-4085-BCC6-EF5B8D2BE70D}
		{A533BCB0-535D-45EE-A5C1-CEDD559BC256} = {E7393833-A0B6-4085-BCC6-EF5B8D2BE70D}
		{A16A4A88-6F32-44FA-AA5A-179AAF7C49BA} = {E7393833-A0B6-4085-BCC6-EF5B8D2BE70D}
		{85306729-9763-45BD-84B2-A73A15BE5DC1} = {E7393833-A0B6-4085-BCC6-EF5B8D2BE70D}
		{A4DF4D12-E911-4C4F-99F4-8CD29F2FA68C} = {E7393833-A0B6-4085-BCC6-EF5B8D2BE70D}
		{A5852B76-48F5-4DF4-8DE8-A5EB13DFE2BC} = {E7393833-A0B6-4085-BCC6-EF5B8D2BE70D}
		{138F8DC9-24A6-449B-8CE2-FCC18F920193} = {B59FB1B6-954B-4619-AF58-EAA7A9962261}
		{8DD7315D-332F-4649-98A8-D83BE0B9632C} = {B59FB1B6-954B-4619-AF58-EAA7A9962261}
		{62024076-99B0-44C6-B076-E4AEB16F3B80} = {B59FB1B6-954B-4619-AF58-EAA7A9962261}
		{5F908AE2-7CDB-4FBD-9767-EC916F82BA52} = {B59FB1B6-954B-4619-AF58-EAA7A9962261}
		{2C96C2C5-DE35-4D68-8EEA-77F94F110017} = {B59FB1B6-954B-4619-AF58-EAA7A9962261}
		{51264861-61EB-4580-B6DD-8235876DC3DA} = {B59FB1B6-954B-4619-AF58-EAA7A9962261}
		{D61BA0D4-4139-4695-958B-4C886EB7F358} = {B59FB1B6-954B-4619-AF58-EAA7A9962261}
		{AE093F4F-C2BF-442B-B3FB-F290FED755F9} = {B59FB1B6-954B-4619-AF58-EAA7A9962261}
		{BE0263D9-A3D8-4F4F-8BF1-1BFEA737FFE0} = {B59FB1B6-954B-4619-AF58-EAA7A9962261}
		{317AA5B4-7FC6-4855-84F4-1D2C33C9BA68} = {B59FB1B6-954B-4619-AF58-EAA7A9962261}
		{FFDBF069-0B48-4BA2-A8A7-9D880D18A16B} = {34D56BF5-710A-40ED-AF4C-4E4A0C6E3857}
		{D5B01DC1-1AAB-4749-987F-A5DE9DF1B8CE} = {34D56BF5-710A-40ED-AF4C-4E4A0C6E3857}
		{E3770059-202C-42EE-9CCF-B0839C35DE4C} = {34D56BF5-710A-40ED-AF4C-4E4A0C6E3857}
		{D5500BCA-F201-409E-835E-BE084CA88CA1} = {34D56BF5-710A-40ED-AF4C-4E4A0C6E3857}
		{6F98AF83-0F1C-4D84-B7BF-5212C2CA4DDE} = {34D56BF5-710A-40ED-AF4C-4E4A0C6E3857}
		{3DCE07BF-C79B-4BC9-9D8C-5D7D7EE65EC0} = {34D56BF5-710A-40ED-AF4C-4E4A0C6E3857}
		{5D5B10DA-5186-4DA8-B1AE-11291A65E94E} = {34D56BF5-710A-40ED-AF4C-4E4A0C6E3857}
		{20817C85-F824-439C-B0A8-2A82F6E995BC} = {34D56BF5-710A-40ED-AF4C-4E4A0C6E3857}
		{D44FD154-7732-43E2-ACE3-81C1C431851D} = {34D56BF5-710A-40ED-AF4C-4E4A0C6E3857}
		{01046695-45D2-4649-8667-81213D695112} = {34D56BF5-710A-40ED-AF4C-4E4A0C6E3857}
		{C3E52039-C3E1-4B67-BA20-7E100B0DCBDA} = {34D56BF5-710A-40ED-AF4C-4E4A0C6E3857}
		{50D262CD-6A74-4118-822B-2A1DEEAEB978} = {34D56BF5-710A-40ED-AF4C-4E4A0C6E3857}
		{F8705C55-1CB3-40B7-BC06-47C172A3A3B5} = {34D56BF5-710A-40ED-AF4C-4E4A0C6E3857}
		{C8679325-3CC7-4597-BA6C-ACF60392CFED} = {444AB8E2-37A2-4662-B918-9139768960D6}
		{A084B2C5-9A35-4307-837B-B7DA484C47DF} = {444AB8E2-37A2-4662-B918-9139768960D6}
		{9D3586EE-4555-4E11-B9BD-25DAF5873AA9} = {444AB8E2-37A2-4662-B918-9139768960D6}
		{3FC18585-822C-427F-A67A-60E1D3FB2CE7} = {444AB8E2-37A2-4662-B918-9139768960D6}
		{06D70C16-6312-442B-B47E-6AA5F625D998} = {16A2C5B8-6A4B-45C3-88F6-CAC1A276876C}
		{E35413BB-7418-49D9-B91D-015EBE6B4D3D} = {06D70C16-6312-442B-B47E-6AA5F625D998}
		{63445A7C-2AB7-4718-ADC9-EC56CC7BA709} = {06D70C16-6312-442B-B47E-6AA5F625D998}
		{94FB8DD1-10CE-4D72-9954-E5A0025B0360} = {16A2C5B8-6A4B-45C3-88F6-CAC1A276876C}
		{2D65B8E6-8045-4431-9017-0DC14EB2AA46} = {94FB8DD1-10CE-4D72-9954-E5A0025B0360}
		{EF9DCC40-AB1E-4600-AED0-1215A793123F} = {94FB8DD1-10CE-4D72-9954-E5A0025B0360}
		{4AD8E707-7A42-4F48-8483-DDB9AA339ECB} = {16A2C5B8-6A4B-45C3-88F6-CAC1A276876C}
		{35DC2F2F-C166-4E26-9868-BA6ED4AD569E} = {4AD8E707-7A42-4F48-8483-DDB9AA339ECB}
		{D696915D-BD77-4760-8714-034DD6F25E9D} = {4AD8E707-7A42-4F48-8483-DDB9AA339ECB}
		{50BF0522-F015-4560-BA8A-09164A00A464} = {16A2C5B8-6A4B-45C3-88F6-CAC1A276876C}
		{99CF2107-BDD4-4EAE-AFD9-147E36424AA0} = {50BF0522-F015-4560-BA8A-09164A00A464}
		{36EECCEE-D2B0-449A-A956-BEDE91FDF61D} = {50BF0522-F015-4560-BA8A-09164A00A464}
	EndGlobalSection
	GlobalSection(ExtensibilityGlobals) = postSolution
		SolutionGuid = {9510AD0A-9E45-49B8-9FFD-6FB8E3CD1DDC}
	EndGlobalSection
EndGlobal
