
Microsoft Visual Studio Solution File, Format Version 12.00
# Visual Studio Version 17
VisualStudioVersion = 17.5.002.0
MinimumVisualStudioVersion = 10.0.40219.1
Project("{2150E333-8FDC-42A3-9474-1A3956D46DE8}") = "csharp-arrays_lists_dictionaries", "csharp-arrays_lists_dictionaries", "{3B593360-6A4C-4ED9-90F8-82467B348566}"
EndProject
Project("{9A19103F-16F7-4668-BE54-9A1E7A4F7556}") = "0-print_array", "csharp-arrays_lists_dictionaries\0-print_array\0-print_array.csproj", "{1A1D7960-ECCE-4808-A78A-93C1F6E373F7}"
EndProject
Project("{9A19103F-16F7-4668-BE54-9A1E7A4F7556}") = "1-element_at", "csharp-arrays_lists_dictionaries\1-element_at\1-element_at.csproj", "{49A62964-D271-4D27-9CB0-21D18D9CC681}"
EndProject
Project("{9A19103F-16F7-4668-BE54-9A1E7A4F7556}") = "10-delete_key_value", "csharp-arrays_lists_dictionaries\10-delete_key_value\10-delete_key_value.csproj", "{C752A709-E999-442B-A354-E7F4B44E93FA}"
EndProject
Project("{9A19103F-16F7-4668-BE54-9A1E7A4F7556}") = "11-multiply_by_2", "csharp-arrays_lists_dictionaries\11-multiply_by_2\11-multiply_by_2.csproj", "{E215E4DD-A35F-4032-A746-F1EA453B5B5E}"
EndProject
Project("{9A19103F-16F7-4668-BE54-9A1E7A4F7556}") = "12-print_sorted_dictionary", "csharp-arrays_lists_dictionaries\12-print_sorted_dictionary\12-print_sorted_dictionary.csproj", "{9C9A3CC5-07B5-42E1-A21C-4D0FEE4EFD46}"
EndProject
Project("{9A19103F-16F7-4668-BE54-9A1E7A4F7556}") = "13-best_score", "csharp-arrays_lists_dictionaries\13-best_score\13-best_score.csproj", "{E1FC5B68-926D-4E8D-B5CD-8F15FE5E4F92}"
EndProject
Project("{9A19103F-16F7-4668-BE54-9A1E7A4F7556}") = "14-rectangular_array", "csharp-arrays_lists_dictionaries\14-rectangular_array\14-rectangular_array.csproj", "{2A957184-5EB2-4D22-A1EC-FE619835734B}"
EndProject
Project("{9A19103F-16F7-4668-BE54-9A1E7A4F7556}") = "15-square_matrix", "csharp-arrays_lists_dictionaries\15-square_matrix\15-square_matrix.csproj", "{3175CEA7-E3DB-4EB8-BCAF-F94E5C9D59F7}"
EndProject
Project("{9A19103F-16F7-4668-BE54-9A1E7A4F7556}") = "2-replace_element", "csharp-arrays_lists_dictionaries\2-replace_element\2-replace_element.csproj", "{7647DE2D-9328-4A68-BDB1-03BD60B216AA}"
EndProject
Project("{9A19103F-16F7-4668-BE54-9A1E7A4F7556}") = "3-print_array_reverse", "csharp-arrays_lists_dictionaries\3-print_array_reverse\3-print_array_reverse.csproj", "{2D4B3158-C03E-4B34-B58D-A5836949F6C6}"
EndProject
Project("{9A19103F-16F7-4668-BE54-9A1E7A4F7556}") = "4-print_list", "csharp-arrays_lists_dictionaries\4-print_list\4-print_list.csproj", "{837C8740-4826-4E94-9427-0DA0B0AFEB30}"
EndProject
Project("{9A19103F-16F7-4668-BE54-9A1E7A4F7556}") = "5-max_integer", "csharp-arrays_lists_dictionaries\5-max_integer\5-max_integer.csproj", "{390E5BE2-4F32-4C09-969A-9C749B574663}"
EndProject
Project("{9A19103F-16F7-4668-BE54-9A1E7A4F7556}") = "6-divisible_by_2", "csharp-arrays_lists_dictionaries\6-divisible_by_2\6-divisible_by_2.csproj", "{BB02D475-A879-4034-93AA-E991081DAFBA}"
EndProject
Project("{9A19103F-16F7-4668-BE54-9A1E7A4F7556}") = "7-delete_at", "csharp-arrays_lists_dictionaries\7-delete_at\7-delete_at.csproj", "{79181F04-7250-4CE6-8FFA-C810620D7657}"
EndProject
Project("{9A19103F-16F7-4668-BE54-9A1E7A4F7556}") = "8-number_keys", "csharp-arrays_lists_dictionaries\8-number_keys\8-number_keys.csproj", "{8F1DE9DC-AA5C-41DD-A97C-3C99587B0D50}"
EndProject
Project("{9A19103F-16F7-4668-BE54-9A1E7A4F7556}") = "9-add_key_value", "csharp-arrays_lists_dictionaries\9-add_key_value\9-add_key_value.csproj", "{F8948124-5BFD-4CED-8E58-C22EF9EAE88D}"
EndProject
Project("{2150E333-8FDC-42A3-9474-1A3956D46DE8}") = "csharp-classes", "csharp-classes", "{21A63273-B5DA-41AE-B95E-D39094B1257E}"
EndProject
Project("{9A19103F-16F7-4668-BE54-9A1E7A4F7556}") = "0-enemy", "csharp-classes\0-enemy\0-enemy.csproj", "{B73DCB27-9602-4413-A192-6A5CFE65F45A}"
EndProject
Project("{9A19103F-16F7-4668-BE54-9A1E7A4F7556}") = "1-enemy", "csharp-classes\1-enemy\1-enemy.csproj", "{04AB0664-73FE-442C-9A42-EDA8C6C75EFA}"
EndProject
Project("{9A19103F-16F7-4668-BE54-9A1E7A4F7556}") = "2-enemy", "csharp-classes\2-enemy\2-enemy.csproj", "{475F088B-8D70-4EDE-BBE7-833FF888FA03}"
EndProject
Project("{9A19103F-16F7-4668-BE54-9A1E7A4F7556}") = "3-enemy", "csharp-classes\3-enemy\3-enemy.csproj", "{A3312CB7-6A3E-4398-90C3-AB973FC75D0A}"
EndProject
Project("{9A19103F-16F7-4668-BE54-9A1E7A4F7556}") = "4-enemy", "csharp-classes\4-enemy\4-enemy.csproj", "{34671743-DF06-42B6-8931-D41EEC6BD453}"
EndProject
Project("{9A19103F-16F7-4668-BE54-9A1E7A4F7556}") = "5-enemy", "csharp-classes\5-enemy\5-enemy.csproj", "{81A050B5-884A-4BB7-AF06-9D9C1206865B}"
EndProject
Project("{2150E333-8FDC-42A3-9474-1A3956D46DE8}") = "csharp-exceptions", "csharp-exceptions", "{DE1D80CD-D1DE-4996-AAE8-D5719D5E5B24}"
EndProject
Project("{9A19103F-16F7-4668-BE54-9A1E7A4F7556}") = "0-safe_list_print", "csharp-exceptions\0-safe_list_print\0-safe_list_print.csproj", "{6946514B-8621-4B09-9263-50E9A7823996}"
EndProject
Project("{9A19103F-16F7-4668-BE54-9A1E7A4F7556}") = "1-divide_print", "csharp-exceptions\1-divide_print\1-divide_print.csproj", "{0B4E3F1A-69B6-4103-8224-BBEEB4ECADF6}"
EndProject
Project("{9A19103F-16F7-4668-BE54-9A1E7A4F7556}") = "2-divide_lists", "csharp-exceptions\2-divide_lists\2-divide_lists.csproj", "{8EEC8333-2280-4D9C-9AF4-E1B459114455}"
EndProject
Project("{9A19103F-16F7-4668-BE54-9A1E7A4F7556}") = "3-throw_exception", "csharp-exceptions\3-throw_exception\3-throw_exception.csproj", "{A1FDA17A-843B-456D-8304-440531CB7E07}"
EndProject
Project("{9A19103F-16F7-4668-BE54-9A1E7A4F7556}") = "4-throw_exception_msg", "csharp-exceptions\4-throw_exception_msg\4-throw_exception_msg.csproj", "{C259FA28-DF24-4407-B3B6-828A2492D357}"
EndProject
Project("{2150E333-8FDC-42A3-9474-1A3956D46DE8}") = "csharp-hashset_stack_queue_linkedlist", "csharp-hashset_stack_queue_linkedlist", "{D73EAF66-F1AF-4113-9B72-80E557E3A9B4}"
EndProject
Project("{9A19103F-16F7-4668-BE54-9A1E7A4F7556}") = "0-unique_add", "csharp-hashset_stack_queue_linkedlist\0-unique_add\0-unique_add.csproj", "{39AE2956-1B89-4D5F-A068-67B707D6A804}"
EndProject
Project("{9A19103F-16F7-4668-BE54-9A1E7A4F7556}") = "1-common_elements", "csharp-hashset_stack_queue_linkedlist\1-common_elements\1-common_elements.csproj", "{19C18842-7C49-4BC9-A2BE-71D6C9D2F8BE}"
EndProject
Project("{9A19103F-16F7-4668-BE54-9A1E7A4F7556}") = "10-linkedlist_get_node", "csharp-hashset_stack_queue_linkedlist\10-linkedlist_get_node\10-linkedlist_get_node.csproj", "{6BDF2ECC-3B67-4B03-B758-BDBF686FB987}"
EndProject
Project("{9A19103F-16F7-4668-BE54-9A1E7A4F7556}") = "11-linkedlist_sum", "csharp-hashset_stack_queue_linkedlist\11-linkedlist_sum\11-linkedlist_sum.csproj", "{B2F0CEE7-B9CC-4C62-8AC2-28D04A59A184}"
EndProject
Project("{9A19103F-16F7-4668-BE54-9A1E7A4F7556}") = "12-linkedlist_insert", "csharp-hashset_stack_queue_linkedlist\12-linkedlist_insert\12-linkedlist_insert.csproj", "{891CF8A5-BE37-4651-9986-5A3BCF400951}"
EndProject
Project("{9A19103F-16F7-4668-BE54-9A1E7A4F7556}") = "13-linkedlist_delete", "csharp-hashset_stack_queue_linkedlist\13-linkedlist_delete\13-linkedlist_delete.csproj", "{29CC486E-1863-401F-A48D-0B1351231CBF}"
EndProject
Project("{9A19103F-16F7-4668-BE54-9A1E7A4F7556}") = "2-different_elements", "csharp-hashset_stack_queue_linkedlist\2-different_elements\2-different_elements.csproj", "{566D9F01-0082-458E-B81E-ECC1AF2E34C6}"
EndProject
Project("{9A19103F-16F7-4668-BE54-9A1E7A4F7556}") = "3-stack_push_pop", "csharp-hashset_stack_queue_linkedlist\3-stack_push_pop\3-stack_push_pop.csproj", "{E7421305-2F80-48AC-AD79-28FFAF31C4F2}"
EndProject
Project("{9A19103F-16F7-4668-BE54-9A1E7A4F7556}") = "4-queue_enqueue_dequeue", "csharp-hashset_stack_queue_linkedlist\4-queue_enqueue_dequeue\4-queue_enqueue_dequeue.csproj", "{FFA32896-2C7A-40ED-87DD-6200693CB1C4}"
EndProject
Project("{9A19103F-16F7-4668-BE54-9A1E7A4F7556}") = "5-print_linkedlist", "csharp-hashset_stack_queue_linkedlist\5-print_linkedlist\5-print_linkedlist.csproj", "{FB039781-D431-403F-9C2C-3D1288403BE7}"
EndProject
Project("{9A19103F-16F7-4668-BE54-9A1E7A4F7556}") = "6-linkedlist_length", "csharp-hashset_stack_queue_linkedlist\6-linkedlist_length\6-linkedlist_length.csproj", "{8C022EBD-9E82-4CCD-B727-1E0931D747B0}"
EndProject
Project("{9A19103F-16F7-4668-BE54-9A1E7A4F7556}") = "7-linkedlist_add", "csharp-hashset_stack_queue_linkedlist\7-linkedlist_add\7-linkedlist_add.csproj", "{111B03D7-9FD2-41BE-9A8A-E3DA332B12BF}"
EndProject
Project("{9A19103F-16F7-4668-BE54-9A1E7A4F7556}") = "8-linkedlist_find", "csharp-hashset_stack_queue_linkedlist\8-linkedlist_find\8-linkedlist_find.csproj", "{E4D05D13-2895-493F-98D3-84F269BA5440}"
EndProject
Project("{9A19103F-16F7-4668-BE54-9A1E7A4F7556}") = "9-linkedlist_pop", "csharp-hashset_stack_queue_linkedlist\9-linkedlist_pop\9-linkedlist_pop.csproj", "{C9A05A7A-BB92-4374-A61A-4EBED8385918}"
EndProject
Project("{2150E333-8FDC-42A3-9474-1A3956D46DE8}") = "csharp-hello_world", "csharp-hello_world", "{99EE9049-184C-4568-B370-C7F694CEC43A}"
EndProject
Project("{9A19103F-16F7-4668-BE54-9A1E7A4F7556}") = "10-copy_cut_paste", "csharp-hello_world\10-copy_cut_paste\10-copy_cut_paste.csproj", "{4A4B82CB-C22F-40C2-847B-9232561E9849}"
EndProject
Project("{9A19103F-16F7-4668-BE54-9A1E7A4F7556}") = "100-hello_error", "csharp-hello_world\100-hello_error\100-hello_error.csproj", "{13BD0B95-F8C4-474F-8950-AC6A53A5F813}"
EndProject
Project("{9A19103F-16F7-4668-BE54-9A1E7A4F7556}") = "11-concat_edges", "csharp-hello_world\11-concat_edges\11-concat_edges.csproj", "{DFA0F5CA-093D-4A64-8B47-566911578184}"
EndProject
Project("{9A19103F-16F7-4668-BE54-9A1E7A4F7556}") = "3-writeline", "csharp-hello_world\3-writeline\3-writeline.csproj", "{E9092C9B-11D5-468D-827B-0C3EC28F606D}"
EndProject
Project("{9A19103F-16F7-4668-BE54-9A1E7A4F7556}") = "4-print_integer", "csharp-hello_world\4-print_integer\4-print_integer.csproj", "{8ECDF060-2146-45E7-8B93-3564CE565E28}"
EndProject
Project("{9A19103F-16F7-4668-BE54-9A1E7A4F7556}") = "5-print_float", "csharp-hello_world\5-print_float\5-print_float.csproj", "{3797AA4E-4490-496F-939E-081A484B9806}"
EndProject
Project("{9A19103F-16F7-4668-BE54-9A1E7A4F7556}") = "6-print_string", "csharp-hello_world\6-print_string\6-print_string.csproj", "{B56A0F1C-896B-4853-BC0E-A06142076188}"
EndProject
Project("{9A19103F-16F7-4668-BE54-9A1E7A4F7556}") = "7-concat", "csharp-hello_world\7-concat\7-concat.csproj", "{37235424-CA44-448E-92B5-9CFD5BB22951}"
EndProject
Project("{9A19103F-16F7-4668-BE54-9A1E7A4F7556}") = "8-print_variables", "csharp-hello_world\8-print_variables\8-print_variables.csproj", "{F061AEFF-61E1-4DEF-9AD1-B9EACD046EF0}"
EndProject
Project("{9A19103F-16F7-4668-BE54-9A1E7A4F7556}") = "9-print_specifiers", "csharp-hello_world\9-print_specifiers\9-print_specifiers.csproj", "{B24E8ED6-BB62-4285-8173-EC1D838FFD2E}"
EndProject
Project("{2150E333-8FDC-42A3-9474-1A3956D46DE8}") = "csharp-ifelse_loops_methods", "csharp-ifelse_loops_methods", "{9A5238F8-FD43-4407-8D87-0FDAF4D345E1}"
EndProject
Project("{9A19103F-16F7-4668-BE54-9A1E7A4F7556}") = "0-positive_or_negative", "csharp-ifelse_loops_methods\0-positive_or_negative\0-positive_or_negative.csproj", "{A850A278-7CC5-441D-AE76-B5F7A3F7F1AF}"
EndProject
Project("{9A19103F-16F7-4668-BE54-9A1E7A4F7556}") = "1-last_digit", "csharp-ifelse_loops_methods\1-last_digit\1-last_digit.csproj", "{CB1601C1-BA09-4909-BFE5-6BDE63640D71}"
EndProject
Project("{9A19103F-16F7-4668-BE54-9A1E7A4F7556}") = "10-print_line", "csharp-ifelse_loops_methods\10-print_line\10-print_line.csproj", "{8BCBDFD4-835D-46EB-A6A6-5406A7487B2C}"
EndProject
Project("{9A19103F-16F7-4668-BE54-9A1E7A4F7556}") = "11-print_diagonal", "csharp-ifelse_loops_methods\11-print_diagonal\11-print_diagonal.csproj", "{19AA19D7-88CD-4800-9EC5-EA4931F510B8}"
EndProject
Project("{9A19103F-16F7-4668-BE54-9A1E7A4F7556}") = "12-fizzbuzz", "csharp-ifelse_loops_methods\12-fizzbuzz\12-fizzbuzz.csproj", "{D8C5D8AB-47FF-4126-BCFC-8600202CBC92}"
EndProject
Project("{9A19103F-16F7-4668-BE54-9A1E7A4F7556}") = "2-print_alphabet", "csharp-ifelse_loops_methods\2-print_alphabet\2-print_alphabet.csproj", "{27CBC11A-D194-44CB-9B69-AFB7C224651B}"
EndProject
Project("{9A19103F-16F7-4668-BE54-9A1E7A4F7556}") = "3-print_alphabt", "csharp-ifelse_loops_methods\3-print_alphabt\3-print_alphabt.csproj", "{94E647C1-2E04-49DF-B034-FCA6ADCB40D2}"
EndProject
Project("{9A19103F-16F7-4668-BE54-9A1E7A4F7556}") = "4-print_hexa", "csharp-ifelse_loops_methods\4-print_hexa\4-print_hexa.csproj", "{1EED9A2C-9866-45D4-B691-63C5005D79B1}"
EndProject
Project("{9A19103F-16F7-4668-BE54-9A1E7A4F7556}") = "5-print_comb", "csharp-ifelse_loops_methods\5-print_comb\5-print_comb.csproj", "{782B68F1-B817-4D23-85FE-BF034FB60A0D}"
EndProject
Project("{9A19103F-16F7-4668-BE54-9A1E7A4F7556}") = "6-print_comb2", "csharp-ifelse_loops_methods\6-print_comb2\6-print_comb2.csproj", "{157750E0-3AB1-4399-8206-E5AD2CD2A201}"
EndProject
Project("{9A19103F-16F7-4668-BE54-9A1E7A4F7556}") = "7-islower", "csharp-ifelse_loops_methods\7-islower\7-islower.csproj", "{A0BE6191-0B25-4A17-BEE1-24BFEEA5933D}"
EndProject
Project("{9A19103F-16F7-4668-BE54-9A1E7A4F7556}") = "8-print_last_digit", "csharp-ifelse_loops_methods\8-print_last_digit\8-print_last_digit.csproj", "{579F3ABB-AAED-4464-AACE-942BDAA51245}"
EndProject
Project("{9A19103F-16F7-4668-BE54-9A1E7A4F7556}") = "9-add", "csharp-ifelse_loops_methods\9-add\9-add.csproj", "{7C8D2170-2FD7-44ED-BCFC-C4898A37A294}"
EndProject
Project("{2150E333-8FDC-42A3-9474-1A3956D46DE8}") = "csharp-structs_enums", "csharp-structs_enums", "{BE234574-A72F-476D-A20E-351225FE2BEF}"
EndProject
Project("{9A19103F-16F7-4668-BE54-9A1E7A4F7556}") = "0-dog", "csharp-structs_enums\0-dog\0-dog.csproj", "{A7AB2722-D9FE-4E2E-8D1B-8262DC83979A}"
EndProject
Project("{9A19103F-16F7-4668-BE54-9A1E7A4F7556}") = "1-dog", "csharp-structs_enums\1-dog\1-dog.csproj", "{AB7C216A-34F7-4FBE-8E0E-26CA6A6130E4}"
EndProject
Project("{9A19103F-16F7-4668-BE54-9A1E7A4F7556}") = "2-dog", "csharp-structs_enums\2-dog\2-dog.csproj", "{1E5E2D74-BECE-4174-92C9-2362E4331860}"
EndProject
Project("{9A19103F-16F7-4668-BE54-9A1E7A4F7556}") = "3-dog", "csharp-structs_enums\3-dog\3-dog.csproj", "{5B30BB4C-263E-461C-84C6-1F12A7F0278B}"
EndProject
Project("{2150E333-8FDC-42A3-9474-1A3956D46DE8}") = "csharp-tdd", "csharp-tdd", "{5DB2001A-D929-476D-9678-EE92C4C83234}"
EndProject
Project("{2150E333-8FDC-42A3-9474-1A3956D46DE8}") = "0-add", "0-add", "{A4A4C83D-AE91-40FF-B954-357D57231CF3}"
EndProject
Project("{9A19103F-16F7-4668-BE54-9A1E7A4F7556}") = "MyMath", "csharp-tdd\0-add\MyMath\MyMath.csproj", "{5EC8C0FF-029C-46CB-BC26-BB76080BBDFD}"
EndProject
Project("{9A19103F-16F7-4668-BE54-9A1E7A4F7556}") = "MyMath.Tests", "csharp-tdd\0-add\MyMath.Tests\MyMath.Tests.csproj", "{589A9C2F-7FBD-4FA0-ADE9-500EBD53C32F}"
EndProject
Project("{2150E333-8FDC-42A3-9474-1A3956D46DE8}") = "1-divide", "1-divide", "{083262EB-A97D-4223-8CDB-DA64F4198AA5}"
EndProject
Project("{9A19103F-16F7-4668-BE54-9A1E7A4F7556}") = "MyMath", "csharp-tdd\1-divide\MyMath\MyMath.csproj", "{94339C94-193F-4FD5-8AA7-9F00E4C3C798}"
EndProject
Project("{9A19103F-16F7-4668-BE54-9A1E7A4F7556}") = "MyMath.Tests", "csharp-tdd\1-divide\MyMath.Tests\MyMath.Tests.csproj", "{FEC29753-314B-46CC-91E2-1104DEA077A4}"
EndProject
Project("{2150E333-8FDC-42A3-9474-1A3956D46DE8}") = "2-max_int", "2-max_int", "{A1E2754E-7A66-4C28-9262-D9B6F912324C}"
EndProject
Project("{9A19103F-16F7-4668-BE54-9A1E7A4F7556}") = "MyMath", "csharp-tdd\2-max_int\MyMath\MyMath.csproj", "{5D921473-797F-4D48-A6F7-CA844DC92F0F}"
EndProject
Project("{9A19103F-16F7-4668-BE54-9A1E7A4F7556}") = "MyMath.Tests", "csharp-tdd\2-max_int\MyMath.Tests\MyMath.Tests.csproj", "{F057EB07-AA84-4D93-A203-2B78C7333CDB}"
EndProject
Global
	GlobalSection(SolutionConfigurationPlatforms) = preSolution
		Debug|Any CPU = Debug|Any CPU
		Release|Any CPU = Release|Any CPU
	EndGlobalSection
	GlobalSection(ProjectConfigurationPlatforms) = postSolution
		{1A1D7960-ECCE-4808-A78A-93C1F6E373F7}.Debug|Any CPU.ActiveCfg = Debug|Any CPU
		{1A1D7960-ECCE-4808-A78A-93C1F6E373F7}.Debug|Any CPU.Build.0 = Debug|Any CPU
		{1A1D7960-ECCE-4808-A78A-93C1F6E373F7}.Release|Any CPU.ActiveCfg = Release|Any CPU
		{1A1D7960-ECCE-4808-A78A-93C1F6E373F7}.Release|Any CPU.Build.0 = Release|Any CPU
		{49A62964-D271-4D27-9CB0-21D18D9CC681}.Debug|Any CPU.ActiveCfg = Debug|Any CPU
		{49A62964-D271-4D27-9CB0-21D18D9CC681}.Debug|Any CPU.Build.0 = Debug|Any CPU
		{49A62964-D271-4D27-9CB0-21D18D9CC681}.Release|Any CPU.ActiveCfg = Release|Any CPU
		{49A62964-D271-4D27-9CB0-21D18D9CC681}.Release|Any CPU.Build.0 = Release|Any CPU
		{C752A709-E999-442B-A354-E7F4B44E93FA}.Debug|Any CPU.ActiveCfg = Debug|Any CPU
		{C752A709-E999-442B-A354-E7F4B44E93FA}.Debug|Any CPU.Build.0 = Debug|Any CPU
		{C752A709-E999-442B-A354-E7F4B44E93FA}.Release|Any CPU.ActiveCfg = Release|Any CPU
		{C752A709-E999-442B-A354-E7F4B44E93FA}.Release|Any CPU.Build.0 = Release|Any CPU
		{E215E4DD-A35F-4032-A746-F1EA453B5B5E}.Debug|Any CPU.ActiveCfg = Debug|Any CPU
		{E215E4DD-A35F-4032-A746-F1EA453B5B5E}.Debug|Any CPU.Build.0 = Debug|Any CPU
		{E215E4DD-A35F-4032-A746-F1EA453B5B5E}.Release|Any CPU.ActiveCfg = Release|Any CPU
		{E215E4DD-A35F-4032-A746-F1EA453B5B5E}.Release|Any CPU.Build.0 = Release|Any CPU
		{9C9A3CC5-07B5-42E1-A21C-4D0FEE4EFD46}.Debug|Any CPU.ActiveCfg = Debug|Any CPU
		{9C9A3CC5-07B5-42E1-A21C-4D0FEE4EFD46}.Debug|Any CPU.Build.0 = Debug|Any CPU
		{9C9A3CC5-07B5-42E1-A21C-4D0FEE4EFD46}.Release|Any CPU.ActiveCfg = Release|Any CPU
		{9C9A3CC5-07B5-42E1-A21C-4D0FEE4EFD46}.Release|Any CPU.Build.0 = Release|Any CPU
		{E1FC5B68-926D-4E8D-B5CD-8F15FE5E4F92}.Debug|Any CPU.ActiveCfg = Debug|Any CPU
		{E1FC5B68-926D-4E8D-B5CD-8F15FE5E4F92}.Debug|Any CPU.Build.0 = Debug|Any CPU
		{E1FC5B68-926D-4E8D-B5CD-8F15FE5E4F92}.Release|Any CPU.ActiveCfg = Release|Any CPU
		{E1FC5B68-926D-4E8D-B5CD-8F15FE5E4F92}.Release|Any CPU.Build.0 = Release|Any CPU
		{2A957184-5EB2-4D22-A1EC-FE619835734B}.Debug|Any CPU.ActiveCfg = Debug|Any CPU
		{2A957184-5EB2-4D22-A1EC-FE619835734B}.Debug|Any CPU.Build.0 = Debug|Any CPU
		{2A957184-5EB2-4D22-A1EC-FE619835734B}.Release|Any CPU.ActiveCfg = Release|Any CPU
		{2A957184-5EB2-4D22-A1EC-FE619835734B}.Release|Any CPU.Build.0 = Release|Any CPU
		{3175CEA7-E3DB-4EB8-BCAF-F94E5C9D59F7}.Debug|Any CPU.ActiveCfg = Debug|Any CPU
		{3175CEA7-E3DB-4EB8-BCAF-F94E5C9D59F7}.Debug|Any CPU.Build.0 = Debug|Any CPU
		{3175CEA7-E3DB-4EB8-BCAF-F94E5C9D59F7}.Release|Any CPU.ActiveCfg = Release|Any CPU
		{3175CEA7-E3DB-4EB8-BCAF-F94E5C9D59F7}.Release|Any CPU.Build.0 = Release|Any CPU
		{7647DE2D-9328-4A68-BDB1-03BD60B216AA}.Debug|Any CPU.ActiveCfg = Debug|Any CPU
		{7647DE2D-9328-4A68-BDB1-03BD60B216AA}.Debug|Any CPU.Build.0 = Debug|Any CPU
		{7647DE2D-9328-4A68-BDB1-03BD60B216AA}.Release|Any CPU.ActiveCfg = Release|Any CPU
		{7647DE2D-9328-4A68-BDB1-03BD60B216AA}.Release|Any CPU.Build.0 = Release|Any CPU
		{2D4B3158-C03E-4B34-B58D-A5836949F6C6}.Debug|Any CPU.ActiveCfg = Debug|Any CPU
		{2D4B3158-C03E-4B34-B58D-A5836949F6C6}.Debug|Any CPU.Build.0 = Debug|Any CPU
		{2D4B3158-C03E-4B34-B58D-A5836949F6C6}.Release|Any CPU.ActiveCfg = Release|Any CPU
		{2D4B3158-C03E-4B34-B58D-A5836949F6C6}.Release|Any CPU.Build.0 = Release|Any CPU
		{837C8740-4826-4E94-9427-0DA0B0AFEB30}.Debug|Any CPU.ActiveCfg = Debug|Any CPU
		{837C8740-4826-4E94-9427-0DA0B0AFEB30}.Debug|Any CPU.Build.0 = Debug|Any CPU
		{837C8740-4826-4E94-9427-0DA0B0AFEB30}.Release|Any CPU.ActiveCfg = Release|Any CPU
		{837C8740-4826-4E94-9427-0DA0B0AFEB30}.Release|Any CPU.Build.0 = Release|Any CPU
		{390E5BE2-4F32-4C09-969A-9C749B574663}.Debug|Any CPU.ActiveCfg = Debug|Any CPU
		{390E5BE2-4F32-4C09-969A-9C749B574663}.Debug|Any CPU.Build.0 = Debug|Any CPU
		{390E5BE2-4F32-4C09-969A-9C749B574663}.Release|Any CPU.ActiveCfg = Release|Any CPU
		{390E5BE2-4F32-4C09-969A-9C749B574663}.Release|Any CPU.Build.0 = Release|Any CPU
		{BB02D475-A879-4034-93AA-E991081DAFBA}.Debug|Any CPU.ActiveCfg = Debug|Any CPU
		{BB02D475-A879-4034-93AA-E991081DAFBA}.Debug|Any CPU.Build.0 = Debug|Any CPU
		{BB02D475-A879-4034-93AA-E991081DAFBA}.Release|Any CPU.ActiveCfg = Release|Any CPU
		{BB02D475-A879-4034-93AA-E991081DAFBA}.Release|Any CPU.Build.0 = Release|Any CPU
		{79181F04-7250-4CE6-8FFA-C810620D7657}.Debug|Any CPU.ActiveCfg = Debug|Any CPU
		{79181F04-7250-4CE6-8FFA-C810620D7657}.Debug|Any CPU.Build.0 = Debug|Any CPU
		{79181F04-7250-4CE6-8FFA-C810620D7657}.Release|Any CPU.ActiveCfg = Release|Any CPU
		{79181F04-7250-4CE6-8FFA-C810620D7657}.Release|Any CPU.Build.0 = Release|Any CPU
		{8F1DE9DC-AA5C-41DD-A97C-3C99587B0D50}.Debug|Any CPU.ActiveCfg = Debug|Any CPU
		{8F1DE9DC-AA5C-41DD-A97C-3C99587B0D50}.Debug|Any CPU.Build.0 = Debug|Any CPU
		{8F1DE9DC-AA5C-41DD-A97C-3C99587B0D50}.Release|Any CPU.ActiveCfg = Release|Any CPU
		{8F1DE9DC-AA5C-41DD-A97C-3C99587B0D50}.Release|Any CPU.Build.0 = Release|Any CPU
		{F8948124-5BFD-4CED-8E58-C22EF9EAE88D}.Debug|Any CPU.ActiveCfg = Debug|Any CPU
		{F8948124-5BFD-4CED-8E58-C22EF9EAE88D}.Debug|Any CPU.Build.0 = Debug|Any CPU
		{F8948124-5BFD-4CED-8E58-C22EF9EAE88D}.Release|Any CPU.ActiveCfg = Release|Any CPU
		{F8948124-5BFD-4CED-8E58-C22EF9EAE88D}.Release|Any CPU.Build.0 = Release|Any CPU
		{B73DCB27-9602-4413-A192-6A5CFE65F45A}.Debug|Any CPU.ActiveCfg = Debug|Any CPU
		{B73DCB27-9602-4413-A192-6A5CFE65F45A}.Debug|Any CPU.Build.0 = Debug|Any CPU
		{B73DCB27-9602-4413-A192-6A5CFE65F45A}.Release|Any CPU.ActiveCfg = Release|Any CPU
		{B73DCB27-9602-4413-A192-6A5CFE65F45A}.Release|Any CPU.Build.0 = Release|Any CPU
		{04AB0664-73FE-442C-9A42-EDA8C6C75EFA}.Debug|Any CPU.ActiveCfg = Debug|Any CPU
		{04AB0664-73FE-442C-9A42-EDA8C6C75EFA}.Debug|Any CPU.Build.0 = Debug|Any CPU
		{04AB0664-73FE-442C-9A42-EDA8C6C75EFA}.Release|Any CPU.ActiveCfg = Release|Any CPU
		{04AB0664-73FE-442C-9A42-EDA8C6C75EFA}.Release|Any CPU.Build.0 = Release|Any CPU
		{475F088B-8D70-4EDE-BBE7-833FF888FA03}.Debug|Any CPU.ActiveCfg = Debug|Any CPU
		{475F088B-8D70-4EDE-BBE7-833FF888FA03}.Debug|Any CPU.Build.0 = Debug|Any CPU
		{475F088B-8D70-4EDE-BBE7-833FF888FA03}.Release|Any CPU.ActiveCfg = Release|Any CPU
		{475F088B-8D70-4EDE-BBE7-833FF888FA03}.Release|Any CPU.Build.0 = Release|Any CPU
		{A3312CB7-6A3E-4398-90C3-AB973FC75D0A}.Debug|Any CPU.ActiveCfg = Debug|Any CPU
		{A3312CB7-6A3E-4398-90C3-AB973FC75D0A}.Debug|Any CPU.Build.0 = Debug|Any CPU
		{A3312CB7-6A3E-4398-90C3-AB973FC75D0A}.Release|Any CPU.ActiveCfg = Release|Any CPU
		{A3312CB7-6A3E-4398-90C3-AB973FC75D0A}.Release|Any CPU.Build.0 = Release|Any CPU
		{34671743-DF06-42B6-8931-D41EEC6BD453}.Debug|Any CPU.ActiveCfg = Debug|Any CPU
		{34671743-DF06-42B6-8931-D41EEC6BD453}.Debug|Any CPU.Build.0 = Debug|Any CPU
		{34671743-DF06-42B6-8931-D41EEC6BD453}.Release|Any CPU.ActiveCfg = Release|Any CPU
		{34671743-DF06-42B6-8931-D41EEC6BD453}.Release|Any CPU.Build.0 = Release|Any CPU
		{81A050B5-884A-4BB7-AF06-9D9C1206865B}.Debug|Any CPU.ActiveCfg = Debug|Any CPU
		{81A050B5-884A-4BB7-AF06-9D9C1206865B}.Debug|Any CPU.Build.0 = Debug|Any CPU
		{81A050B5-884A-4BB7-AF06-9D9C1206865B}.Release|Any CPU.ActiveCfg = Release|Any CPU
		{81A050B5-884A-4BB7-AF06-9D9C1206865B}.Release|Any CPU.Build.0 = Release|Any CPU
		{6946514B-8621-4B09-9263-50E9A7823996}.Debug|Any CPU.ActiveCfg = Debug|Any CPU
		{6946514B-8621-4B09-9263-50E9A7823996}.Debug|Any CPU.Build.0 = Debug|Any CPU
		{6946514B-8621-4B09-9263-50E9A7823996}.Release|Any CPU.ActiveCfg = Release|Any CPU
		{6946514B-8621-4B09-9263-50E9A7823996}.Release|Any CPU.Build.0 = Release|Any CPU
		{0B4E3F1A-69B6-4103-8224-BBEEB4ECADF6}.Debug|Any CPU.ActiveCfg = Debug|Any CPU
		{0B4E3F1A-69B6-4103-8224-BBEEB4ECADF6}.Debug|Any CPU.Build.0 = Debug|Any CPU
		{0B4E3F1A-69B6-4103-8224-BBEEB4ECADF6}.Release|Any CPU.ActiveCfg = Release|Any CPU
		{0B4E3F1A-69B6-4103-8224-BBEEB4ECADF6}.Release|Any CPU.Build.0 = Release|Any CPU
		{8EEC8333-2280-4D9C-9AF4-E1B459114455}.Debug|Any CPU.ActiveCfg = Debug|Any CPU
		{8EEC8333-2280-4D9C-9AF4-E1B459114455}.Debug|Any CPU.Build.0 = Debug|Any CPU
		{8EEC8333-2280-4D9C-9AF4-E1B459114455}.Release|Any CPU.ActiveCfg = Release|Any CPU
		{8EEC8333-2280-4D9C-9AF4-E1B459114455}.Release|Any CPU.Build.0 = Release|Any CPU
		{A1FDA17A-843B-456D-8304-440531CB7E07}.Debug|Any CPU.ActiveCfg = Debug|Any CPU
		{A1FDA17A-843B-456D-8304-440531CB7E07}.Debug|Any CPU.Build.0 = Debug|Any CPU
		{A1FDA17A-843B-456D-8304-440531CB7E07}.Release|Any CPU.ActiveCfg = Release|Any CPU
		{A1FDA17A-843B-456D-8304-440531CB7E07}.Release|Any CPU.Build.0 = Release|Any CPU
		{C259FA28-DF24-4407-B3B6-828A2492D357}.Debug|Any CPU.ActiveCfg = Debug|Any CPU
		{C259FA28-DF24-4407-B3B6-828A2492D357}.Debug|Any CPU.Build.0 = Debug|Any CPU
		{C259FA28-DF24-4407-B3B6-828A2492D357}.Release|Any CPU.ActiveCfg = Release|Any CPU
		{C259FA28-DF24-4407-B3B6-828A2492D357}.Release|Any CPU.Build.0 = Release|Any CPU
		{39AE2956-1B89-4D5F-A068-67B707D6A804}.Debug|Any CPU.ActiveCfg = Debug|Any CPU
		{39AE2956-1B89-4D5F-A068-67B707D6A804}.Debug|Any CPU.Build.0 = Debug|Any CPU
		{39AE2956-1B89-4D5F-A068-67B707D6A804}.Release|Any CPU.ActiveCfg = Release|Any CPU
		{39AE2956-1B89-4D5F-A068-67B707D6A804}.Release|Any CPU.Build.0 = Release|Any CPU
		{19C18842-7C49-4BC9-A2BE-71D6C9D2F8BE}.Debug|Any CPU.ActiveCfg = Debug|Any CPU
		{19C18842-7C49-4BC9-A2BE-71D6C9D2F8BE}.Debug|Any CPU.Build.0 = Debug|Any CPU
		{19C18842-7C49-4BC9-A2BE-71D6C9D2F8BE}.Release|Any CPU.ActiveCfg = Release|Any CPU
		{19C18842-7C49-4BC9-A2BE-71D6C9D2F8BE}.Release|Any CPU.Build.0 = Release|Any CPU
		{6BDF2ECC-3B67-4B03-B758-BDBF686FB987}.Debug|Any CPU.ActiveCfg = Debug|Any CPU
		{6BDF2ECC-3B67-4B03-B758-BDBF686FB987}.Debug|Any CPU.Build.0 = Debug|Any CPU
		{6BDF2ECC-3B67-4B03-B758-BDBF686FB987}.Release|Any CPU.ActiveCfg = Release|Any CPU
		{6BDF2ECC-3B67-4B03-B758-BDBF686FB987}.Release|Any CPU.Build.0 = Release|Any CPU
		{B2F0CEE7-B9CC-4C62-8AC2-28D04A59A184}.Debug|Any CPU.ActiveCfg = Debug|Any CPU
		{B2F0CEE7-B9CC-4C62-8AC2-28D04A59A184}.Debug|Any CPU.Build.0 = Debug|Any CPU
		{B2F0CEE7-B9CC-4C62-8AC2-28D04A59A184}.Release|Any CPU.ActiveCfg = Release|Any CPU
		{B2F0CEE7-B9CC-4C62-8AC2-28D04A59A184}.Release|Any CPU.Build.0 = Release|Any CPU
		{891CF8A5-BE37-4651-9986-5A3BCF400951}.Debug|Any CPU.ActiveCfg = Debug|Any CPU
		{891CF8A5-BE37-4651-9986-5A3BCF400951}.Debug|Any CPU.Build.0 = Debug|Any CPU
		{891CF8A5-BE37-4651-9986-5A3BCF400951}.Release|Any CPU.ActiveCfg = Release|Any CPU
		{891CF8A5-BE37-4651-9986-5A3BCF400951}.Release|Any CPU.Build.0 = Release|Any CPU
		{29CC486E-1863-401F-A48D-0B1351231CBF}.Debug|Any CPU.ActiveCfg = Debug|Any CPU
		{29CC486E-1863-401F-A48D-0B1351231CBF}.Debug|Any CPU.Build.0 = Debug|Any CPU
		{29CC486E-1863-401F-A48D-0B1351231CBF}.Release|Any CPU.ActiveCfg = Release|Any CPU
		{29CC486E-1863-401F-A48D-0B1351231CBF}.Release|Any CPU.Build.0 = Release|Any CPU
		{566D9F01-0082-458E-B81E-ECC1AF2E34C6}.Debug|Any CPU.ActiveCfg = Debug|Any CPU
		{566D9F01-0082-458E-B81E-ECC1AF2E34C6}.Debug|Any CPU.Build.0 = Debug|Any CPU
		{566D9F01-0082-458E-B81E-ECC1AF2E34C6}.Release|Any CPU.ActiveCfg = Release|Any CPU
		{566D9F01-0082-458E-B81E-ECC1AF2E34C6}.Release|Any CPU.Build.0 = Release|Any CPU
		{E7421305-2F80-48AC-AD79-28FFAF31C4F2}.Debug|Any CPU.ActiveCfg = Debug|Any CPU
		{E7421305-2F80-48AC-AD79-28FFAF31C4F2}.Debug|Any CPU.Build.0 = Debug|Any CPU
		{E7421305-2F80-48AC-AD79-28FFAF31C4F2}.Release|Any CPU.ActiveCfg = Release|Any CPU
		{E7421305-2F80-48AC-AD79-28FFAF31C4F2}.Release|Any CPU.Build.0 = Release|Any CPU
		{FFA32896-2C7A-40ED-87DD-6200693CB1C4}.Debug|Any CPU.ActiveCfg = Debug|Any CPU
		{FFA32896-2C7A-40ED-87DD-6200693CB1C4}.Debug|Any CPU.Build.0 = Debug|Any CPU
		{FFA32896-2C7A-40ED-87DD-6200693CB1C4}.Release|Any CPU.ActiveCfg = Release|Any CPU
		{FFA32896-2C7A-40ED-87DD-6200693CB1C4}.Release|Any CPU.Build.0 = Release|Any CPU
		{FB039781-D431-403F-9C2C-3D1288403BE7}.Debug|Any CPU.ActiveCfg = Debug|Any CPU
		{FB039781-D431-403F-9C2C-3D1288403BE7}.Debug|Any CPU.Build.0 = Debug|Any CPU
		{FB039781-D431-403F-9C2C-3D1288403BE7}.Release|Any CPU.ActiveCfg = Release|Any CPU
		{FB039781-D431-403F-9C2C-3D1288403BE7}.Release|Any CPU.Build.0 = Release|Any CPU
		{8C022EBD-9E82-4CCD-B727-1E0931D747B0}.Debug|Any CPU.ActiveCfg = Debug|Any CPU
		{8C022EBD-9E82-4CCD-B727-1E0931D747B0}.Debug|Any CPU.Build.0 = Debug|Any CPU
		{8C022EBD-9E82-4CCD-B727-1E0931D747B0}.Release|Any CPU.ActiveCfg = Release|Any CPU
		{8C022EBD-9E82-4CCD-B727-1E0931D747B0}.Release|Any CPU.Build.0 = Release|Any CPU
		{111B03D7-9FD2-41BE-9A8A-E3DA332B12BF}.Debug|Any CPU.ActiveCfg = Debug|Any CPU
		{111B03D7-9FD2-41BE-9A8A-E3DA332B12BF}.Debug|Any CPU.Build.0 = Debug|Any CPU
		{111B03D7-9FD2-41BE-9A8A-E3DA332B12BF}.Release|Any CPU.ActiveCfg = Release|Any CPU
		{111B03D7-9FD2-41BE-9A8A-E3DA332B12BF}.Release|Any CPU.Build.0 = Release|Any CPU
		{E4D05D13-2895-493F-98D3-84F269BA5440}.Debug|Any CPU.ActiveCfg = Debug|Any CPU
		{E4D05D13-2895-493F-98D3-84F269BA5440}.Debug|Any CPU.Build.0 = Debug|Any CPU
		{E4D05D13-2895-493F-98D3-84F269BA5440}.Release|Any CPU.ActiveCfg = Release|Any CPU
		{E4D05D13-2895-493F-98D3-84F269BA5440}.Release|Any CPU.Build.0 = Release|Any CPU
		{C9A05A7A-BB92-4374-A61A-4EBED8385918}.Debug|Any CPU.ActiveCfg = Debug|Any CPU
		{C9A05A7A-BB92-4374-A61A-4EBED8385918}.Debug|Any CPU.Build.0 = Debug|Any CPU
		{C9A05A7A-BB92-4374-A61A-4EBED8385918}.Release|Any CPU.ActiveCfg = Release|Any CPU
		{C9A05A7A-BB92-4374-A61A-4EBED8385918}.Release|Any CPU.Build.0 = Release|Any CPU
		{4A4B82CB-C22F-40C2-847B-9232561E9849}.Debug|Any CPU.ActiveCfg = Debug|Any CPU
		{4A4B82CB-C22F-40C2-847B-9232561E9849}.Debug|Any CPU.Build.0 = Debug|Any CPU
		{4A4B82CB-C22F-40C2-847B-9232561E9849}.Release|Any CPU.ActiveCfg = Release|Any CPU
		{4A4B82CB-C22F-40C2-847B-9232561E9849}.Release|Any CPU.Build.0 = Release|Any CPU
		{13BD0B95-F8C4-474F-8950-AC6A53A5F813}.Debug|Any CPU.ActiveCfg = Debug|Any CPU
		{13BD0B95-F8C4-474F-8950-AC6A53A5F813}.Debug|Any CPU.Build.0 = Debug|Any CPU
		{13BD0B95-F8C4-474F-8950-AC6A53A5F813}.Release|Any CPU.ActiveCfg = Release|Any CPU
		{13BD0B95-F8C4-474F-8950-AC6A53A5F813}.Release|Any CPU.Build.0 = Release|Any CPU
		{DFA0F5CA-093D-4A64-8B47-566911578184}.Debug|Any CPU.ActiveCfg = Debug|Any CPU
		{DFA0F5CA-093D-4A64-8B47-566911578184}.Debug|Any CPU.Build.0 = Debug|Any CPU
		{DFA0F5CA-093D-4A64-8B47-566911578184}.Release|Any CPU.ActiveCfg = Release|Any CPU
		{DFA0F5CA-093D-4A64-8B47-566911578184}.Release|Any CPU.Build.0 = Release|Any CPU
		{E9092C9B-11D5-468D-827B-0C3EC28F606D}.Debug|Any CPU.ActiveCfg = Debug|Any CPU
		{E9092C9B-11D5-468D-827B-0C3EC28F606D}.Debug|Any CPU.Build.0 = Debug|Any CPU
		{E9092C9B-11D5-468D-827B-0C3EC28F606D}.Release|Any CPU.ActiveCfg = Release|Any CPU
		{E9092C9B-11D5-468D-827B-0C3EC28F606D}.Release|Any CPU.Build.0 = Release|Any CPU
		{8ECDF060-2146-45E7-8B93-3564CE565E28}.Debug|Any CPU.ActiveCfg = Debug|Any CPU
		{8ECDF060-2146-45E7-8B93-3564CE565E28}.Debug|Any CPU.Build.0 = Debug|Any CPU
		{8ECDF060-2146-45E7-8B93-3564CE565E28}.Release|Any CPU.ActiveCfg = Release|Any CPU
		{8ECDF060-2146-45E7-8B93-3564CE565E28}.Release|Any CPU.Build.0 = Release|Any CPU
		{3797AA4E-4490-496F-939E-081A484B9806}.Debug|Any CPU.ActiveCfg = Debug|Any CPU
		{3797AA4E-4490-496F-939E-081A484B9806}.Debug|Any CPU.Build.0 = Debug|Any CPU
		{3797AA4E-4490-496F-939E-081A484B9806}.Release|Any CPU.ActiveCfg = Release|Any CPU
		{3797AA4E-4490-496F-939E-081A484B9806}.Release|Any CPU.Build.0 = Release|Any CPU
		{B56A0F1C-896B-4853-BC0E-A06142076188}.Debug|Any CPU.ActiveCfg = Debug|Any CPU
		{B56A0F1C-896B-4853-BC0E-A06142076188}.Debug|Any CPU.Build.0 = Debug|Any CPU
		{B56A0F1C-896B-4853-BC0E-A06142076188}.Release|Any CPU.ActiveCfg = Release|Any CPU
		{B56A0F1C-896B-4853-BC0E-A06142076188}.Release|Any CPU.Build.0 = Release|Any CPU
		{37235424-CA44-448E-92B5-9CFD5BB22951}.Debug|Any CPU.ActiveCfg = Debug|Any CPU
		{37235424-CA44-448E-92B5-9CFD5BB22951}.Debug|Any CPU.Build.0 = Debug|Any CPU
		{37235424-CA44-448E-92B5-9CFD5BB22951}.Release|Any CPU.ActiveCfg = Release|Any CPU
		{37235424-CA44-448E-92B5-9CFD5BB22951}.Release|Any CPU.Build.0 = Release|Any CPU
		{F061AEFF-61E1-4DEF-9AD1-B9EACD046EF0}.Debug|Any CPU.ActiveCfg = Debug|Any CPU
		{F061AEFF-61E1-4DEF-9AD1-B9EACD046EF0}.Debug|Any CPU.Build.0 = Debug|Any CPU
		{F061AEFF-61E1-4DEF-9AD1-B9EACD046EF0}.Release|Any CPU.ActiveCfg = Release|Any CPU
		{F061AEFF-61E1-4DEF-9AD1-B9EACD046EF0}.Release|Any CPU.Build.0 = Release|Any CPU
		{B24E8ED6-BB62-4285-8173-EC1D838FFD2E}.Debug|Any CPU.ActiveCfg = Debug|Any CPU
		{B24E8ED6-BB62-4285-8173-EC1D838FFD2E}.Debug|Any CPU.Build.0 = Debug|Any CPU
		{B24E8ED6-BB62-4285-8173-EC1D838FFD2E}.Release|Any CPU.ActiveCfg = Release|Any CPU
		{B24E8ED6-BB62-4285-8173-EC1D838FFD2E}.Release|Any CPU.Build.0 = Release|Any CPU
		{A850A278-7CC5-441D-AE76-B5F7A3F7F1AF}.Debug|Any CPU.ActiveCfg = Debug|Any CPU
		{A850A278-7CC5-441D-AE76-B5F7A3F7F1AF}.Debug|Any CPU.Build.0 = Debug|Any CPU
		{A850A278-7CC5-441D-AE76-B5F7A3F7F1AF}.Release|Any CPU.ActiveCfg = Release|Any CPU
		{A850A278-7CC5-441D-AE76-B5F7A3F7F1AF}.Release|Any CPU.Build.0 = Release|Any CPU
		{CB1601C1-BA09-4909-BFE5-6BDE63640D71}.Debug|Any CPU.ActiveCfg = Debug|Any CPU
		{CB1601C1-BA09-4909-BFE5-6BDE63640D71}.Debug|Any CPU.Build.0 = Debug|Any CPU
		{CB1601C1-BA09-4909-BFE5-6BDE63640D71}.Release|Any CPU.ActiveCfg = Release|Any CPU
		{CB1601C1-BA09-4909-BFE5-6BDE63640D71}.Release|Any CPU.Build.0 = Release|Any CPU
		{8BCBDFD4-835D-46EB-A6A6-5406A7487B2C}.Debug|Any CPU.ActiveCfg = Debug|Any CPU
		{8BCBDFD4-835D-46EB-A6A6-5406A7487B2C}.Debug|Any CPU.Build.0 = Debug|Any CPU
		{8BCBDFD4-835D-46EB-A6A6-5406A7487B2C}.Release|Any CPU.ActiveCfg = Release|Any CPU
		{8BCBDFD4-835D-46EB-A6A6-5406A7487B2C}.Release|Any CPU.Build.0 = Release|Any CPU
		{19AA19D7-88CD-4800-9EC5-EA4931F510B8}.Debug|Any CPU.ActiveCfg = Debug|Any CPU
		{19AA19D7-88CD-4800-9EC5-EA4931F510B8}.Debug|Any CPU.Build.0 = Debug|Any CPU
		{19AA19D7-88CD-4800-9EC5-EA4931F510B8}.Release|Any CPU.ActiveCfg = Release|Any CPU
		{19AA19D7-88CD-4800-9EC5-EA4931F510B8}.Release|Any CPU.Build.0 = Release|Any CPU
		{D8C5D8AB-47FF-4126-BCFC-8600202CBC92}.Debug|Any CPU.ActiveCfg = Debug|Any CPU
		{D8C5D8AB-47FF-4126-BCFC-8600202CBC92}.Debug|Any CPU.Build.0 = Debug|Any CPU
		{D8C5D8AB-47FF-4126-BCFC-8600202CBC92}.Release|Any CPU.ActiveCfg = Release|Any CPU
		{D8C5D8AB-47FF-4126-BCFC-8600202CBC92}.Release|Any CPU.Build.0 = Release|Any CPU
		{27CBC11A-D194-44CB-9B69-AFB7C224651B}.Debug|Any CPU.ActiveCfg = Debug|Any CPU
		{27CBC11A-D194-44CB-9B69-AFB7C224651B}.Debug|Any CPU.Build.0 = Debug|Any CPU
		{27CBC11A-D194-44CB-9B69-AFB7C224651B}.Release|Any CPU.ActiveCfg = Release|Any CPU
		{27CBC11A-D194-44CB-9B69-AFB7C224651B}.Release|Any CPU.Build.0 = Release|Any CPU
		{94E647C1-2E04-49DF-B034-FCA6ADCB40D2}.Debug|Any CPU.ActiveCfg = Debug|Any CPU
		{94E647C1-2E04-49DF-B034-FCA6ADCB40D2}.Debug|Any CPU.Build.0 = Debug|Any CPU
		{94E647C1-2E04-49DF-B034-FCA6ADCB40D2}.Release|Any CPU.ActiveCfg = Release|Any CPU
		{94E647C1-2E04-49DF-B034-FCA6ADCB40D2}.Release|Any CPU.Build.0 = Release|Any CPU
		{1EED9A2C-9866-45D4-B691-63C5005D79B1}.Debug|Any CPU.ActiveCfg = Debug|Any CPU
		{1EED9A2C-9866-45D4-B691-63C5005D79B1}.Debug|Any CPU.Build.0 = Debug|Any CPU
		{1EED9A2C-9866-45D4-B691-63C5005D79B1}.Release|Any CPU.ActiveCfg = Release|Any CPU
		{1EED9A2C-9866-45D4-B691-63C5005D79B1}.Release|Any CPU.Build.0 = Release|Any CPU
		{782B68F1-B817-4D23-85FE-BF034FB60A0D}.Debug|Any CPU.ActiveCfg = Debug|Any CPU
		{782B68F1-B817-4D23-85FE-BF034FB60A0D}.Debug|Any CPU.Build.0 = Debug|Any CPU
		{782B68F1-B817-4D23-85FE-BF034FB60A0D}.Release|Any CPU.ActiveCfg = Release|Any CPU
		{782B68F1-B817-4D23-85FE-BF034FB60A0D}.Release|Any CPU.Build.0 = Release|Any CPU
		{157750E0-3AB1-4399-8206-E5AD2CD2A201}.Debug|Any CPU.ActiveCfg = Debug|Any CPU
		{157750E0-3AB1-4399-8206-E5AD2CD2A201}.Debug|Any CPU.Build.0 = Debug|Any CPU
		{157750E0-3AB1-4399-8206-E5AD2CD2A201}.Release|Any CPU.ActiveCfg = Release|Any CPU
		{157750E0-3AB1-4399-8206-E5AD2CD2A201}.Release|Any CPU.Build.0 = Release|Any CPU
		{A0BE6191-0B25-4A17-BEE1-24BFEEA5933D}.Debug|Any CPU.ActiveCfg = Debug|Any CPU
		{A0BE6191-0B25-4A17-BEE1-24BFEEA5933D}.Debug|Any CPU.Build.0 = Debug|Any CPU
		{A0BE6191-0B25-4A17-BEE1-24BFEEA5933D}.Release|Any CPU.ActiveCfg = Release|Any CPU
		{A0BE6191-0B25-4A17-BEE1-24BFEEA5933D}.Release|Any CPU.Build.0 = Release|Any CPU
		{579F3ABB-AAED-4464-AACE-942BDAA51245}.Debug|Any CPU.ActiveCfg = Debug|Any CPU
		{579F3ABB-AAED-4464-AACE-942BDAA51245}.Debug|Any CPU.Build.0 = Debug|Any CPU
		{579F3ABB-AAED-4464-AACE-942BDAA51245}.Release|Any CPU.ActiveCfg = Release|Any CPU
		{579F3ABB-AAED-4464-AACE-942BDAA51245}.Release|Any CPU.Build.0 = Release|Any CPU
		{7C8D2170-2FD7-44ED-BCFC-C4898A37A294}.Debug|Any CPU.ActiveCfg = Debug|Any CPU
		{7C8D2170-2FD7-44ED-BCFC-C4898A37A294}.Debug|Any CPU.Build.0 = Debug|Any CPU
		{7C8D2170-2FD7-44ED-BCFC-C4898A37A294}.Release|Any CPU.ActiveCfg = Release|Any CPU
		{7C8D2170-2FD7-44ED-BCFC-C4898A37A294}.Release|Any CPU.Build.0 = Release|Any CPU
		{A7AB2722-D9FE-4E2E-8D1B-8262DC83979A}.Debug|Any CPU.ActiveCfg = Debug|Any CPU
		{A7AB2722-D9FE-4E2E-8D1B-8262DC83979A}.Debug|Any CPU.Build.0 = Debug|Any CPU
		{A7AB2722-D9FE-4E2E-8D1B-8262DC83979A}.Release|Any CPU.ActiveCfg = Release|Any CPU
		{A7AB2722-D9FE-4E2E-8D1B-8262DC83979A}.Release|Any CPU.Build.0 = Release|Any CPU
		{AB7C216A-34F7-4FBE-8E0E-26CA6A6130E4}.Debug|Any CPU.ActiveCfg = Debug|Any CPU
		{AB7C216A-34F7-4FBE-8E0E-26CA6A6130E4}.Debug|Any CPU.Build.0 = Debug|Any CPU
		{AB7C216A-34F7-4FBE-8E0E-26CA6A6130E4}.Release|Any CPU.ActiveCfg = Release|Any CPU
		{AB7C216A-34F7-4FBE-8E0E-26CA6A6130E4}.Release|Any CPU.Build.0 = Release|Any CPU
		{1E5E2D74-BECE-4174-92C9-2362E4331860}.Debug|Any CPU.ActiveCfg = Debug|Any CPU
		{1E5E2D74-BECE-4174-92C9-2362E4331860}.Debug|Any CPU.Build.0 = Debug|Any CPU
		{1E5E2D74-BECE-4174-92C9-2362E4331860}.Release|Any CPU.ActiveCfg = Release|Any CPU
		{1E5E2D74-BECE-4174-92C9-2362E4331860}.Release|Any CPU.Build.0 = Release|Any CPU
		{5B30BB4C-263E-461C-84C6-1F12A7F0278B}.Debug|Any CPU.ActiveCfg = Debug|Any CPU
		{5B30BB4C-263E-461C-84C6-1F12A7F0278B}.Debug|Any CPU.Build.0 = Debug|Any CPU
		{5B30BB4C-263E-461C-84C6-1F12A7F0278B}.Release|Any CPU.ActiveCfg = Release|Any CPU
		{5B30BB4C-263E-461C-84C6-1F12A7F0278B}.Release|Any CPU.Build.0 = Release|Any CPU
		{5EC8C0FF-029C-46CB-BC26-BB76080BBDFD}.Debug|Any CPU.ActiveCfg = Debug|Any CPU
		{5EC8C0FF-029C-46CB-BC26-BB76080BBDFD}.Debug|Any CPU.Build.0 = Debug|Any CPU
		{5EC8C0FF-029C-46CB-BC26-BB76080BBDFD}.Release|Any CPU.ActiveCfg = Release|Any CPU
		{5EC8C0FF-029C-46CB-BC26-BB76080BBDFD}.Release|Any CPU.Build.0 = Release|Any CPU
		{589A9C2F-7FBD-4FA0-ADE9-500EBD53C32F}.Debug|Any CPU.ActiveCfg = Debug|Any CPU
		{589A9C2F-7FBD-4FA0-ADE9-500EBD53C32F}.Debug|Any CPU.Build.0 = Debug|Any CPU
		{589A9C2F-7FBD-4FA0-ADE9-500EBD53C32F}.Release|Any CPU.ActiveCfg = Release|Any CPU
		{589A9C2F-7FBD-4FA0-ADE9-500EBD53C32F}.Release|Any CPU.Build.0 = Release|Any CPU
		{94339C94-193F-4FD5-8AA7-9F00E4C3C798}.Debug|Any CPU.ActiveCfg = Debug|Any CPU
		{94339C94-193F-4FD5-8AA7-9F00E4C3C798}.Debug|Any CPU.Build.0 = Debug|Any CPU
		{94339C94-193F-4FD5-8AA7-9F00E4C3C798}.Release|Any CPU.ActiveCfg = Release|Any CPU
		{94339C94-193F-4FD5-8AA7-9F00E4C3C798}.Release|Any CPU.Build.0 = Release|Any CPU
		{FEC29753-314B-46CC-91E2-1104DEA077A4}.Debug|Any CPU.ActiveCfg = Debug|Any CPU
		{FEC29753-314B-46CC-91E2-1104DEA077A4}.Debug|Any CPU.Build.0 = Debug|Any CPU
		{FEC29753-314B-46CC-91E2-1104DEA077A4}.Release|Any CPU.ActiveCfg = Release|Any CPU
		{FEC29753-314B-46CC-91E2-1104DEA077A4}.Release|Any CPU.Build.0 = Release|Any CPU
		{5D921473-797F-4D48-A6F7-CA844DC92F0F}.Debug|Any CPU.ActiveCfg = Debug|Any CPU
		{5D921473-797F-4D48-A6F7-CA844DC92F0F}.Debug|Any CPU.Build.0 = Debug|Any CPU
		{5D921473-797F-4D48-A6F7-CA844DC92F0F}.Release|Any CPU.ActiveCfg = Release|Any CPU
		{5D921473-797F-4D48-A6F7-CA844DC92F0F}.Release|Any CPU.Build.0 = Release|Any CPU
		{F057EB07-AA84-4D93-A203-2B78C7333CDB}.Debug|Any CPU.ActiveCfg = Debug|Any CPU
		{F057EB07-AA84-4D93-A203-2B78C7333CDB}.Debug|Any CPU.Build.0 = Debug|Any CPU
		{F057EB07-AA84-4D93-A203-2B78C7333CDB}.Release|Any CPU.ActiveCfg = Release|Any CPU
		{F057EB07-AA84-4D93-A203-2B78C7333CDB}.Release|Any CPU.Build.0 = Release|Any CPU
	EndGlobalSection
	GlobalSection(SolutionProperties) = preSolution
		HideSolutionNode = FALSE
	EndGlobalSection
	GlobalSection(NestedProjects) = preSolution
		{1A1D7960-ECCE-4808-A78A-93C1F6E373F7} = {3B593360-6A4C-4ED9-90F8-82467B348566}
		{49A62964-D271-4D27-9CB0-21D18D9CC681} = {3B593360-6A4C-4ED9-90F8-82467B348566}
		{C752A709-E999-442B-A354-E7F4B44E93FA} = {3B593360-6A4C-4ED9-90F8-82467B348566}
		{E215E4DD-A35F-4032-A746-F1EA453B5B5E} = {3B593360-6A4C-4ED9-90F8-82467B348566}
		{9C9A3CC5-07B5-42E1-A21C-4D0FEE4EFD46} = {3B593360-6A4C-4ED9-90F8-82467B348566}
		{E1FC5B68-926D-4E8D-B5CD-8F15FE5E4F92} = {3B593360-6A4C-4ED9-90F8-82467B348566}
		{2A957184-5EB2-4D22-A1EC-FE619835734B} = {3B593360-6A4C-4ED9-90F8-82467B348566}
		{3175CEA7-E3DB-4EB8-BCAF-F94E5C9D59F7} = {3B593360-6A4C-4ED9-90F8-82467B348566}
		{7647DE2D-9328-4A68-BDB1-03BD60B216AA} = {3B593360-6A4C-4ED9-90F8-82467B348566}
		{2D4B3158-C03E-4B34-B58D-A5836949F6C6} = {3B593360-6A4C-4ED9-90F8-82467B348566}
		{837C8740-4826-4E94-9427-0DA0B0AFEB30} = {3B593360-6A4C-4ED9-90F8-82467B348566}
		{390E5BE2-4F32-4C09-969A-9C749B574663} = {3B593360-6A4C-4ED9-90F8-82467B348566}
		{BB02D475-A879-4034-93AA-E991081DAFBA} = {3B593360-6A4C-4ED9-90F8-82467B348566}
		{79181F04-7250-4CE6-8FFA-C810620D7657} = {3B593360-6A4C-4ED9-90F8-82467B348566}
		{8F1DE9DC-AA5C-41DD-A97C-3C99587B0D50} = {3B593360-6A4C-4ED9-90F8-82467B348566}
		{F8948124-5BFD-4CED-8E58-C22EF9EAE88D} = {3B593360-6A4C-4ED9-90F8-82467B348566}
		{B73DCB27-9602-4413-A192-6A5CFE65F45A} = {21A63273-B5DA-41AE-B95E-D39094B1257E}
		{04AB0664-73FE-442C-9A42-EDA8C6C75EFA} = {21A63273-B5DA-41AE-B95E-D39094B1257E}
		{475F088B-8D70-4EDE-BBE7-833FF888FA03} = {21A63273-B5DA-41AE-B95E-D39094B1257E}
		{A3312CB7-6A3E-4398-90C3-AB973FC75D0A} = {21A63273-B5DA-41AE-B95E-D39094B1257E}
		{34671743-DF06-42B6-8931-D41EEC6BD453} = {21A63273-B5DA-41AE-B95E-D39094B1257E}
		{81A050B5-884A-4BB7-AF06-9D9C1206865B} = {21A63273-B5DA-41AE-B95E-D39094B1257E}
		{6946514B-8621-4B09-9263-50E9A7823996} = {DE1D80CD-D1DE-4996-AAE8-D5719D5E5B24}
		{0B4E3F1A-69B6-4103-8224-BBEEB4ECADF6} = {DE1D80CD-D1DE-4996-AAE8-D5719D5E5B24}
		{8EEC8333-2280-4D9C-9AF4-E1B459114455} = {DE1D80CD-D1DE-4996-AAE8-D5719D5E5B24}
		{A1FDA17A-843B-456D-8304-440531CB7E07} = {DE1D80CD-D1DE-4996-AAE8-D5719D5E5B24}
		{C259FA28-DF24-4407-B3B6-828A2492D357} = {DE1D80CD-D1DE-4996-AAE8-D5719D5E5B24}
		{39AE2956-1B89-4D5F-A068-67B707D6A804} = {D73EAF66-F1AF-4113-9B72-80E557E3A9B4}
		{19C18842-7C49-4BC9-A2BE-71D6C9D2F8BE} = {D73EAF66-F1AF-4113-9B72-80E557E3A9B4}
		{6BDF2ECC-3B67-4B03-B758-BDBF686FB987} = {D73EAF66-F1AF-4113-9B72-80E557E3A9B4}
		{B2F0CEE7-B9CC-4C62-8AC2-28D04A59A184} = {D73EAF66-F1AF-4113-9B72-80E557E3A9B4}
		{891CF8A5-BE37-4651-9986-5A3BCF400951} = {D73EAF66-F1AF-4113-9B72-80E557E3A9B4}
		{29CC486E-1863-401F-A48D-0B1351231CBF} = {D73EAF66-F1AF-4113-9B72-80E557E3A9B4}
		{566D9F01-0082-458E-B81E-ECC1AF2E34C6} = {D73EAF66-F1AF-4113-9B72-80E557E3A9B4}
		{E7421305-2F80-48AC-AD79-28FFAF31C4F2} = {D73EAF66-F1AF-4113-9B72-80E557E3A9B4}
		{FFA32896-2C7A-40ED-87DD-6200693CB1C4} = {D73EAF66-F1AF-4113-9B72-80E557E3A9B4}
		{FB039781-D431-403F-9C2C-3D1288403BE7} = {D73EAF66-F1AF-4113-9B72-80E557E3A9B4}
		{8C022EBD-9E82-4CCD-B727-1E0931D747B0} = {D73EAF66-F1AF-4113-9B72-80E557E3A9B4}
		{111B03D7-9FD2-41BE-9A8A-E3DA332B12BF} = {D73EAF66-F1AF-4113-9B72-80E557E3A9B4}
		{E4D05D13-2895-493F-98D3-84F269BA5440} = {D73EAF66-F1AF-4113-9B72-80E557E3A9B4}
		{C9A05A7A-BB92-4374-A61A-4EBED8385918} = {D73EAF66-F1AF-4113-9B72-80E557E3A9B4}
		{4A4B82CB-C22F-40C2-847B-9232561E9849} = {99EE9049-184C-4568-B370-C7F694CEC43A}
		{13BD0B95-F8C4-474F-8950-AC6A53A5F813} = {99EE9049-184C-4568-B370-C7F694CEC43A}
		{DFA0F5CA-093D-4A64-8B47-566911578184} = {99EE9049-184C-4568-B370-C7F694CEC43A}
		{E9092C9B-11D5-468D-827B-0C3EC28F606D} = {99EE9049-184C-4568-B370-C7F694CEC43A}
		{8ECDF060-2146-45E7-8B93-3564CE565E28} = {99EE9049-184C-4568-B370-C7F694CEC43A}
		{3797AA4E-4490-496F-939E-081A484B9806} = {99EE9049-184C-4568-B370-C7F694CEC43A}
		{B56A0F1C-896B-4853-BC0E-A06142076188} = {99EE9049-184C-4568-B370-C7F694CEC43A}
		{37235424-CA44-448E-92B5-9CFD5BB22951} = {99EE9049-184C-4568-B370-C7F694CEC43A}
		{F061AEFF-61E1-4DEF-9AD1-B9EACD046EF0} = {99EE9049-184C-4568-B370-C7F694CEC43A}
		{B24E8ED6-BB62-4285-8173-EC1D838FFD2E} = {99EE9049-184C-4568-B370-C7F694CEC43A}
		{A850A278-7CC5-441D-AE76-B5F7A3F7F1AF} = {9A5238F8-FD43-4407-8D87-0FDAF4D345E1}
		{CB1601C1-BA09-4909-BFE5-6BDE63640D71} = {9A5238F8-FD43-4407-8D87-0FDAF4D345E1}
		{8BCBDFD4-835D-46EB-A6A6-5406A7487B2C} = {9A5238F8-FD43-4407-8D87-0FDAF4D345E1}
		{19AA19D7-88CD-4800-9EC5-EA4931F510B8} = {9A5238F8-FD43-4407-8D87-0FDAF4D345E1}
		{D8C5D8AB-47FF-4126-BCFC-8600202CBC92} = {9A5238F8-FD43-4407-8D87-0FDAF4D345E1}
		{27CBC11A-D194-44CB-9B69-AFB7C224651B} = {9A5238F8-FD43-4407-8D87-0FDAF4D345E1}
		{94E647C1-2E04-49DF-B034-FCA6ADCB40D2} = {9A5238F8-FD43-4407-8D87-0FDAF4D345E1}
		{1EED9A2C-9866-45D4-B691-63C5005D79B1} = {9A5238F8-FD43-4407-8D87-0FDAF4D345E1}
		{782B68F1-B817-4D23-85FE-BF034FB60A0D} = {9A5238F8-FD43-4407-8D87-0FDAF4D345E1}
		{157750E0-3AB1-4399-8206-E5AD2CD2A201} = {9A5238F8-FD43-4407-8D87-0FDAF4D345E1}
		{A0BE6191-0B25-4A17-BEE1-24BFEEA5933D} = {9A5238F8-FD43-4407-8D87-0FDAF4D345E1}
		{579F3ABB-AAED-4464-AACE-942BDAA51245} = {9A5238F8-FD43-4407-8D87-0FDAF4D345E1}
		{7C8D2170-2FD7-44ED-BCFC-C4898A37A294} = {9A5238F8-FD43-4407-8D87-0FDAF4D345E1}
		{A7AB2722-D9FE-4E2E-8D1B-8262DC83979A} = {BE234574-A72F-476D-A20E-351225FE2BEF}
		{AB7C216A-34F7-4FBE-8E0E-26CA6A6130E4} = {BE234574-A72F-476D-A20E-351225FE2BEF}
		{1E5E2D74-BECE-4174-92C9-2362E4331860} = {BE234574-A72F-476D-A20E-351225FE2BEF}
		{5B30BB4C-263E-461C-84C6-1F12A7F0278B} = {BE234574-A72F-476D-A20E-351225FE2BEF}
		{A4A4C83D-AE91-40FF-B954-357D57231CF3} = {5DB2001A-D929-476D-9678-EE92C4C83234}
		{5EC8C0FF-029C-46CB-BC26-BB76080BBDFD} = {A4A4C83D-AE91-40FF-B954-357D57231CF3}
		{589A9C2F-7FBD-4FA0-ADE9-500EBD53C32F} = {A4A4C83D-AE91-40FF-B954-357D57231CF3}
		{083262EB-A97D-4223-8CDB-DA64F4198AA5} = {5DB2001A-D929-476D-9678-EE92C4C83234}
		{94339C94-193F-4FD5-8AA7-9F00E4C3C798} = {083262EB-A97D-4223-8CDB-DA64F4198AA5}
		{FEC29753-314B-46CC-91E2-1104DEA077A4} = {083262EB-A97D-4223-8CDB-DA64F4198AA5}
		{A1E2754E-7A66-4C28-9262-D9B6F912324C} = {5DB2001A-D929-476D-9678-EE92C4C83234}
		{5D921473-797F-4D48-A6F7-CA844DC92F0F} = {A1E2754E-7A66-4C28-9262-D9B6F912324C}
		{F057EB07-AA84-4D93-A203-2B78C7333CDB} = {A1E2754E-7A66-4C28-9262-D9B6F912324C}
	EndGlobalSection
	GlobalSection(ExtensibilityGlobals) = postSolution
		SolutionGuid = {9510AD0A-9E45-49B8-9FFD-6FB8E3CD1DDC}
	EndGlobalSection
EndGlobal
