
Microsoft Visual Studio Solution File, Format Version 12.00
# Visual Studio Version 17
VisualStudioVersion = 17.0.31903.59
MinimumVisualStudioVersion = 10.0.40219.1
Project("{FAE04EC0-301F-11D3-BF4B-00C04F79EFBC}") = "Text", "Text\Text.csproj", "{F2DD00B2-355F-481F-9F81-0C6F43C529F4}"
EndProject
Project("{FAE04EC0-301F-11D3-BF4B-00C04F79EFBC}") = "Text.Tests", "Text.Tests\Text.Tests.csproj", "{DF98ADC5-830C-4A01-B7B4-B3F2F59387E5}"
EndProject
Global
	GlobalSection(SolutionConfigurationPlatforms) = preSolution
		Debug|Any CPU = Debug|Any CPU
		Release|Any CPU = Release|Any CPU
	EndGlobalSection
	GlobalSection(SolutionProperties) = preSolution
		HideSolutionNode = FALSE
	EndGlobalSection
	GlobalSection(ProjectConfigurationPlatforms) = postSolution
		{F2DD00B2-355F-481F-9F81-0C6F43C529F4}.Debug|Any CPU.ActiveCfg = Debug|Any CPU
		{F2DD00B2-355F-481F-9F81-0C6F43C529F4}.Debug|Any CPU.Build.0 = Debug|Any CPU
		{F2DD00B2-355F-481F-9F81-0C6F43C529F4}.Release|Any CPU.ActiveCfg = Release|Any CPU
		{F2DD00B2-355F-481F-9F81-0C6F43C529F4}.Release|Any CPU.Build.0 = Release|Any CPU
		{DF98ADC5-830C-4A01-B7B4-B3F2F59387E5}.Debug|Any CPU.ActiveCfg = Debug|Any CPU
		{DF98ADC5-830C-4A01-B7B4-B3F2F59387E5}.Debug|Any CPU.Build.0 = Debug|Any CPU
		{DF98ADC5-830C-4A01-B7B4-B3F2F59387E5}.Release|Any CPU.ActiveCfg = Release|Any CPU
		{DF98ADC5-830C-4A01-B7B4-B3F2F59387E5}.Release|Any CPU.Build.0 = Release|Any CPU
	EndGlobalSection
EndGlobal
